{
  "lockfile-version": 1,
  "manifest": {
    "version": 1,
    "install": {
      "deno": {
        "pkg-path": "deno"
      },
      "dotnet-sdk_8": {
        "pkg-path": "dotnet-sdk_8"
      },
      "elixir": {
        "pkg-path": "elixir"
      },
      "erlang": {
        "pkg-path": "erlang"
      },
      "go": {
        "pkg-path": "go"
      },
      "hugo": {
        "pkg-path": "hugo"
      },
      "nodejs": {
        "pkg-path": "nodejs",
        "version": "22"
      },
      "pgloader": {
        "pkg-path": "pgloader"
      },
      "postgresql": {
        "pkg-path": "postgresql"
      },
      "python3": {
        "pkg-path": "python3"
      },
      "ruby": {
        "pkg-path": "ruby"
      }
    },
    "hook": {},
    "profile": {},
    "options": {
      "systems": [
        "aarch64-darwin",
        "aarch64-linux",
        "x86_64-darwin",
        "x86_64-linux"
      ]
    }
  },
  "packages": [
    {
      "attr_path": "deno",
      "broken": false,
      "derivation": "/nix/store/zv7kkqd705sr01qlk0n953rx2mxljp4v-deno-2.4.2.drv",
      "description": "Secure runtime for JavaScript and TypeScript",
      "install_id": "deno",
      "license": "MIT",
      "locked_url": "https://github.com/flox/nixpkgs?rev=17f6bd177404d6d43017595c5264756764444ab8",
      "name": "deno-2.4.2",
      "pname": "deno",
      "rev": "17f6bd177404d6d43017595c5264756764444ab8",
      "rev_count": 835620,
      "rev_date": "2025-07-26T16:59:46Z",
      "scrape_date": "2025-07-29T00:32:53.733273Z",
      "stabilities": [
        "unstable"
      ],
      "unfree": false,
      "version": "2.4.2",
      "outputs_to_install": [
        "out"
      ],
      "outputs": {
        "out": "/nix/store/w3ybb3va1xhcb3z9i6d27h0ikrkavp7n-deno-2.4.2"
      },
      "system": "aarch64-darwin",
      "group": "toplevel",
      "priority": 5
    },
    {
      "attr_path": "deno",
      "broken": false,
      "derivation": "/nix/store/adjbpghxsxdhwvxir9pr6rrjnfcbw73r-deno-2.4.2.drv",
      "description": "Secure runtime for JavaScript and TypeScript",
      "install_id": "deno",
      "license": "MIT",
      "locked_url": "https://github.com/flox/nixpkgs?rev=17f6bd177404d6d43017595c5264756764444ab8",
      "name": "deno-2.4.2",
      "pname": "deno",
      "rev": "17f6bd177404d6d43017595c5264756764444ab8",
      "rev_count": 835620,
      "rev_date": "2025-07-26T16:59:46Z",
      "scrape_date": "2025-07-29T00:56:56.614794Z",
      "stabilities": [
        "unstable"
      ],
      "unfree": false,
      "version": "2.4.2",
      "outputs_to_install": [
        "out"
      ],
      "outputs": {
        "out": "/nix/store/v8kg9iwz0ijjqhh5x1hvplpnirymp14f-deno-2.4.2"
      },
      "system": "aarch64-linux",
      "group": "toplevel",
      "priority": 5
    },
    {
      "attr_path": "deno",
      "broken": false,
      "derivation": "/nix/store/bpgsqsg8za71af45wks1ksh41z3z3pdg-deno-2.4.2.drv",
      "description": "Secure runtime for JavaScript and TypeScript",
      "install_id": "deno",
      "license": "MIT",
      "locked_url": "https://github.com/flox/nixpkgs?rev=17f6bd177404d6d43017595c5264756764444ab8",
      "name": "deno-2.4.2",
      "pname": "deno",
      "rev": "17f6bd177404d6d43017595c5264756764444ab8",
      "rev_count": 835620,
      "rev_date": "2025-07-26T16:59:46Z",
      "scrape_date": "2025-07-29T01:20:03.615497Z",
      "stabilities": [
        "unstable"
      ],
      "unfree": false,
      "version": "2.4.2",
      "outputs_to_install": [
        "out"
      ],
      "outputs": {
        "out": "/nix/store/91l5vfd17qshhjk21r803if1s4fhhxb8-deno-2.4.2"
      },
      "system": "x86_64-darwin",
      "group": "toplevel",
      "priority": 5
    },
    {
      "attr_path": "deno",
      "broken": false,
      "derivation": "/nix/store/awjz0wlgvwgiz3k0gw6flg6d70ykin99-deno-2.4.2.drv",
      "description": "Secure runtime for JavaScript and TypeScript",
      "install_id": "deno",
      "license": "MIT",
      "locked_url": "https://github.com/flox/nixpkgs?rev=17f6bd177404d6d43017595c5264756764444ab8",
      "name": "deno-2.4.2",
      "pname": "deno",
      "rev": "17f6bd177404d6d43017595c5264756764444ab8",
      "rev_count": 835620,
      "rev_date": "2025-07-26T16:59:46Z",
      "scrape_date": "2025-07-29T01:47:03.364573Z",
      "stabilities": [
        "unstable"
      ],
      "unfree": false,
      "version": "2.4.2",
      "outputs_to_install": [
        "out"
      ],
      "outputs": {
        "out": "/nix/store/f4s08zhz2lrjv3b8h5wk07zw0hq6vmqx-deno-2.4.2"
      },
      "system": "x86_64-linux",
      "group": "toplevel",
      "priority": 5
    },
    {
      "attr_path": "dotnet-sdk_8",
      "broken": false,
      "derivation": "/nix/store/r6j4m728zi2sfwj79kxkwa1ijk818jlk-dotnet-sdk-wrapped-8.0.412.drv",
      "description": "Core functionality needed to create .NET Core projects, that is shared between Visual Studio and CLI (wrapper) (combined) (wrapper)",
      "install_id": "dotnet-sdk_8",
      "license": "MIT",
      "locked_url": "https://github.com/flox/nixpkgs?rev=17f6bd177404d6d43017595c5264756764444ab8",
      "name": "dotnet-sdk-wrapped-8.0.412",
      "pname": "dotnet-sdk_8",
      "rev": "17f6bd177404d6d43017595c5264756764444ab8",
      "rev_count": 835620,
      "rev_date": "2025-07-26T16:59:46Z",
      "scrape_date": "2025-07-29T00:32:53.804989Z",
      "stabilities": [
        "unstable"
      ],
      "unfree": false,
      "version": "8.0.412",
      "outputs_to_install": [
        "out"
      ],
      "outputs": {
        "out": "/nix/store/88cjf9hildgj6ffh61l65phs96rps2zv-dotnet-sdk-wrapped-8.0.412"
      },
      "system": "aarch64-darwin",
      "group": "toplevel",
      "priority": 5
    },
    {
      "attr_path": "dotnet-sdk_8",
      "broken": false,
      "derivation": "/nix/store/6ngwvmpsxf4qf7wrfqyba56xbm5yahyh-dotnet-sdk-wrapped-8.0.412.drv",
      "description": "Core functionality needed to create .NET Core projects, that is shared between Visual Studio and CLI (wrapper) (combined) (wrapper)",
      "install_id": "dotnet-sdk_8",
      "license": "MIT",
      "locked_url": "https://github.com/flox/nixpkgs?rev=17f6bd177404d6d43017595c5264756764444ab8",
      "name": "dotnet-sdk-wrapped-8.0.412",
      "pname": "dotnet-sdk_8",
      "rev": "17f6bd177404d6d43017595c5264756764444ab8",
      "rev_count": 835620,
      "rev_date": "2025-07-26T16:59:46Z",
      "scrape_date": "2025-07-29T00:56:56.714890Z",
      "stabilities": [
        "unstable"
      ],
      "unfree": false,
      "version": "8.0.412",
      "outputs_to_install": [
        "out"
      ],
      "outputs": {
        "out": "/nix/store/959bpkr13fqbx2b8d5qdq6jk50l66209-dotnet-sdk-wrapped-8.0.412"
      },
      "system": "aarch64-linux",
      "group": "toplevel",
      "priority": 5
    },
    {
      "attr_path": "dotnet-sdk_8",
      "broken": false,
      "derivation": "/nix/store/miwxdgyplyy0fnk2dbgbhvhvhfn8v2p0-dotnet-sdk-wrapped-8.0.412.drv",
      "description": ".NET Runtime 8.0.18 (wrapper) (combined) (wrapper)",
      "install_id": "dotnet-sdk_8",
      "license": "MIT",
      "locked_url": "https://github.com/flox/nixpkgs?rev=17f6bd177404d6d43017595c5264756764444ab8",
      "name": "dotnet-sdk-wrapped-8.0.412",
      "pname": "dotnet-sdk_8",
      "rev": "17f6bd177404d6d43017595c5264756764444ab8",
      "rev_count": 835620,
      "rev_date": "2025-07-26T16:59:46Z",
      "scrape_date": "2025-07-29T01:20:03.678127Z",
      "stabilities": [
        "unstable"
      ],
      "unfree": false,
      "version": "8.0.412",
      "outputs_to_install": [
        "out"
      ],
      "outputs": {
        "out": "/nix/store/9yy7b9iazkjim1y9q9rh7wfvc1vn0dcd-dotnet-sdk-wrapped-8.0.412"
      },
      "system": "x86_64-darwin",
      "group": "toplevel",
      "priority": 5
    },
    {
      "attr_path": "dotnet-sdk_8",
      "broken": false,
      "derivation": "/nix/store/2mx5hxil91a5glfym1xvwsqj6mnz6ivy-dotnet-sdk-wrapped-8.0.412.drv",
      "description": "Core functionality needed to create .NET Core projects, that is shared between Visual Studio and CLI (wrapper) (combined) (wrapper)",
      "install_id": "dotnet-sdk_8",
      "license": "MIT",
      "locked_url": "https://github.com/flox/nixpkgs?rev=17f6bd177404d6d43017595c5264756764444ab8",
      "name": "dotnet-sdk-wrapped-8.0.412",
      "pname": "dotnet-sdk_8",
      "rev": "17f6bd177404d6d43017595c5264756764444ab8",
      "rev_count": 835620,
      "rev_date": "2025-07-26T16:59:46Z",
      "scrape_date": "2025-07-29T01:47:03.471941Z",
      "stabilities": [
        "unstable"
      ],
      "unfree": false,
      "version": "8.0.412",
      "outputs_to_install": [
        "out"
      ],
      "outputs": {
        "out": "/nix/store/fkjqwqbvilk1v4df3k0i4vmnxkq398ph-dotnet-sdk-wrapped-8.0.412"
      },
      "system": "x86_64-linux",
      "group": "toplevel",
      "priority": 5
    },
    {
      "attr_path": "elixir",
      "broken": false,
      "derivation": "/nix/store/0h8iarlm94ggvhnxixjz1rh6sfgssa0g-elixir-1.18.4.drv",
      "description": "Functional, meta-programming aware language built on top of the Erlang VM",
      "install_id": "elixir",
      "license": "Apache-2.0",
      "locked_url": "https://github.com/flox/nixpkgs?rev=17f6bd177404d6d43017595c5264756764444ab8",
      "name": "elixir-1.18.4",
      "pname": "elixir",
      "rev": "17f6bd177404d6d43017595c5264756764444ab8",
      "rev_count": 835620,
      "rev_date": "2025-07-26T16:59:46Z",
      "scrape_date": "2025-07-29T00:32:53.883489Z",
      "stabilities": [
        "unstable"
      ],
      "unfree": false,
      "version": "1.18.4",
      "outputs_to_install": [
        "out"
      ],
      "outputs": {
        "out": "/nix/store/kscrp90az9ydblw3scq48aca1ggiqzz1-elixir-1.18.4"
      },
      "system": "aarch64-darwin",
      "group": "toplevel",
      "priority": 5
    },
    {
      "attr_path": "elixir",
      "broken": false,
      "derivation": "/nix/store/lv7bpy51bwc0d9s4jmx9glcqznsvvgij-elixir-1.18.4.drv",
      "description": "Functional, meta-programming aware language built on top of the Erlang VM",
      "install_id": "elixir",
      "license": "Apache-2.0",
      "locked_url": "https://github.com/flox/nixpkgs?rev=17f6bd177404d6d43017595c5264756764444ab8",
      "name": "elixir-1.18.4",
      "pname": "elixir",
      "rev": "17f6bd177404d6d43017595c5264756764444ab8",
      "rev_count": 835620,
      "rev_date": "2025-07-26T16:59:46Z",
      "scrape_date": "2025-07-29T00:56:56.844610Z",
      "stabilities": [
        "unstable"
      ],
      "unfree": false,
      "version": "1.18.4",
      "outputs_to_install": [
        "out"
      ],
      "outputs": {
        "out": "/nix/store/sr4p16d7p88mg0kyz5wljcq43fwck312-elixir-1.18.4"
      },
      "system": "aarch64-linux",
      "group": "toplevel",
      "priority": 5
    },
    {
      "attr_path": "elixir",
      "broken": false,
      "derivation": "/nix/store/qnyqsa3sh8jfkq9z1pafy18kn2vsgk9l-elixir-1.18.4.drv",
      "description": "Functional, meta-programming aware language built on top of the Erlang VM",
      "install_id": "elixir",
      "license": "Apache-2.0",
      "locked_url": "https://github.com/flox/nixpkgs?rev=17f6bd177404d6d43017595c5264756764444ab8",
      "name": "elixir-1.18.4",
      "pname": "elixir",
      "rev": "17f6bd177404d6d43017595c5264756764444ab8",
      "rev_count": 835620,
      "rev_date": "2025-07-26T16:59:46Z",
      "scrape_date": "2025-07-29T01:20:03.759609Z",
      "stabilities": [
        "unstable"
      ],
      "unfree": false,
      "version": "1.18.4",
      "outputs_to_install": [
        "out"
      ],
      "outputs": {
        "out": "/nix/store/5bwxdhjb0rzlfs760l1k5dxrw26wj87h-elixir-1.18.4"
      },
      "system": "x86_64-darwin",
      "group": "toplevel",
      "priority": 5
    },
    {
      "attr_path": "elixir",
      "broken": false,
      "derivation": "/nix/store/aflrxdp8gnrs0alh9d73p1da57nsb4bf-elixir-1.18.4.drv",
      "description": "Functional, meta-programming aware language built on top of the Erlang VM",
      "install_id": "elixir",
      "license": "Apache-2.0",
      "locked_url": "https://github.com/flox/nixpkgs?rev=17f6bd177404d6d43017595c5264756764444ab8",
      "name": "elixir-1.18.4",
      "pname": "elixir",
      "rev": "17f6bd177404d6d43017595c5264756764444ab8",
      "rev_count": 835620,
      "rev_date": "2025-07-26T16:59:46Z",
      "scrape_date": "2025-07-29T01:47:03.615295Z",
      "stabilities": [
        "unstable"
      ],
      "unfree": false,
      "version": "1.18.4",
      "outputs_to_install": [
        "out"
      ],
      "outputs": {
        "out": "/nix/store/6jv326i9s1wq751n8n5s37zj1zlsdrw7-elixir-1.18.4"
      },
      "system": "x86_64-linux",
      "group": "toplevel",
      "priority": 5
    },
    {
      "attr_path": "erlang",
      "broken": false,
      "derivation": "/nix/store/5fi2bw7l9i914p9scg15svjb6mdnxp6d-erlang-27.3.4.2.drv",
      "description": "Programming language used for massively scalable soft real-time systems",
      "install_id": "erlang",
      "license": "Apache-2.0",
      "locked_url": "https://github.com/flox/nixpkgs?rev=17f6bd177404d6d43017595c5264756764444ab8",
      "name": "erlang-27.3.4.2",
      "pname": "erlang",
      "rev": "17f6bd177404d6d43017595c5264756764444ab8",
      "rev_count": 835620,
      "rev_date": "2025-07-26T16:59:46Z",
      "scrape_date": "2025-07-29T00:32:53.914955Z",
      "stabilities": [
        "unstable"
      ],
      "unfree": false,
      "version": "27.3.4.2",
      "outputs_to_install": [
        "out"
      ],
      "outputs": {
        "out": "/nix/store/v378sywk8jk6czmrw5jz7g1qc2xckf0y-erlang-27.3.4.2"
      },
      "system": "aarch64-darwin",
      "group": "toplevel",
      "priority": 5
    },
    {
      "attr_path": "erlang",
      "broken": false,
      "derivation": "/nix/store/rj4wj03pzjlxvblf8i6zbdi23yh3iyrc-erlang-27.3.4.2.drv",
      "description": "Programming language used for massively scalable soft real-time systems",
      "install_id": "erlang",
      "license": "Apache-2.0",
      "locked_url": "https://github.com/flox/nixpkgs?rev=17f6bd177404d6d43017595c5264756764444ab8",
      "name": "erlang-27.3.4.2",
      "pname": "erlang",
      "rev": "17f6bd177404d6d43017595c5264756764444ab8",
      "rev_count": 835620,
      "rev_date": "2025-07-26T16:59:46Z",
      "scrape_date": "2025-07-29T00:56:56.898440Z",
      "stabilities": [
        "unstable"
      ],
      "unfree": false,
      "version": "27.3.4.2",
      "outputs_to_install": [
        "out"
      ],
      "outputs": {
        "out": "/nix/store/cda54fqc5397zfvpj4pry6r8bjdrhgij-erlang-27.3.4.2"
      },
      "system": "aarch64-linux",
      "group": "toplevel",
      "priority": 5
    },
    {
      "attr_path": "erlang",
      "broken": false,
      "derivation": "/nix/store/wam15vq5x6b4ac5qaimsli8vqm816k0q-erlang-27.3.4.2.drv",
      "description": "Programming language used for massively scalable soft real-time systems",
      "install_id": "erlang",
      "license": "Apache-2.0",
      "locked_url": "https://github.com/flox/nixpkgs?rev=17f6bd177404d6d43017595c5264756764444ab8",
      "name": "erlang-27.3.4.2",
      "pname": "erlang",
      "rev": "17f6bd177404d6d43017595c5264756764444ab8",
      "rev_count": 835620,
      "rev_date": "2025-07-26T16:59:46Z",
      "scrape_date": "2025-07-29T01:20:03.791364Z",
      "stabilities": [
        "unstable"
      ],
      "unfree": false,
      "version": "27.3.4.2",
      "outputs_to_install": [
        "out"
      ],
      "outputs": {
        "out": "/nix/store/71d8lvw2v6af5dx16b52azl1qjpdrznw-erlang-27.3.4.2"
      },
      "system": "x86_64-darwin",
      "group": "toplevel",
      "priority": 5
    },
    {
      "attr_path": "erlang",
      "broken": false,
      "derivation": "/nix/store/z5h08csbk25v4vfijdkkb2krl31x59jg-erlang-27.3.4.2.drv",
      "description": "Programming language used for massively scalable soft real-time systems",
      "install_id": "erlang",
      "license": "Apache-2.0",
      "locked_url": "https://github.com/flox/nixpkgs?rev=17f6bd177404d6d43017595c5264756764444ab8",
      "name": "erlang-27.3.4.2",
      "pname": "erlang",
      "rev": "17f6bd177404d6d43017595c5264756764444ab8",
      "rev_count": 835620,
      "rev_date": "2025-07-26T16:59:46Z",
      "scrape_date": "2025-07-29T01:47:03.673231Z",
      "stabilities": [
        "unstable"
      ],
      "unfree": false,
      "version": "27.3.4.2",
      "outputs_to_install": [
        "out"
      ],
      "outputs": {
        "out": "/nix/store/0hy3angvwk1lk40mzrgqz4w0g344hr6v-erlang-27.3.4.2"
      },
      "system": "x86_64-linux",
      "group": "toplevel",
      "priority": 5
    },
    {
      "attr_path": "go",
      "broken": false,
      "derivation": "/nix/store/64rdsj50y7y019hy08vjn9bbkqs4xv94-go-1.24.5.drv",
      "description": "Go Programming language",
      "install_id": "go",
      "license": "BSD-3-Clause",
      "locked_url": "https://github.com/flox/nixpkgs?rev=17f6bd177404d6d43017595c5264756764444ab8",
      "name": "go-1.24.5",
      "pname": "go",
      "rev": "17f6bd177404d6d43017595c5264756764444ab8",
      "rev_count": 835620,
      "rev_date": "2025-07-26T16:59:46Z",
      "scrape_date": "2025-07-29T00:32:54.244206Z",
      "stabilities": [
        "unstable"
      ],
      "unfree": false,
      "version": "1.24.5",
      "outputs_to_install": [
        "out"
      ],
      "outputs": {
        "out": "/nix/store/kw1vd98s15vj700m3gx2x2xca2z477i3-go-1.24.5"
      },
      "system": "aarch64-darwin",
      "group": "toplevel",
      "priority": 5
    },
    {
      "attr_path": "go",
      "broken": false,
      "derivation": "/nix/store/w5wx665g669d26ms6q6wyl7ga4vqqfbh-go-1.24.5.drv",
      "description": "Go Programming language",
      "install_id": "go",
      "license": "BSD-3-Clause",
      "locked_url": "https://github.com/flox/nixpkgs?rev=17f6bd177404d6d43017595c5264756764444ab8",
      "name": "go-1.24.5",
      "pname": "go",
      "rev": "17f6bd177404d6d43017595c5264756764444ab8",
      "rev_count": 835620,
      "rev_date": "2025-07-26T16:59:46Z",
      "scrape_date": "2025-07-29T00:56:57.762855Z",
      "stabilities": [
        "unstable"
      ],
      "unfree": false,
      "version": "1.24.5",
      "outputs_to_install": [
        "out"
      ],
      "outputs": {
        "out": "/nix/store/5bzlaj0c4mqw9p0zrcx5g9vz16vd45dl-go-1.24.5"
      },
      "system": "aarch64-linux",
      "group": "toplevel",
      "priority": 5
    },
    {
      "attr_path": "go",
      "broken": false,
      "derivation": "/nix/store/sblxqar4xfxgxy55z3h3mdfgrp7vm1lj-go-1.24.5.drv",
      "description": "Go Programming language",
      "install_id": "go",
      "license": "BSD-3-Clause",
      "locked_url": "https://github.com/flox/nixpkgs?rev=17f6bd177404d6d43017595c5264756764444ab8",
      "name": "go-1.24.5",
      "pname": "go",
      "rev": "17f6bd177404d6d43017595c5264756764444ab8",
      "rev_count": 835620,
      "rev_date": "2025-07-26T16:59:46Z",
      "scrape_date": "2025-07-29T01:20:04.157713Z",
      "stabilities": [
        "unstable"
      ],
      "unfree": false,
      "version": "1.24.5",
      "outputs_to_install": [
        "out"
      ],
      "outputs": {
        "out": "/nix/store/b72n20ixzl5ja9vciwahkr30bhmsn5jc-go-1.24.5"
      },
      "system": "x86_64-darwin",
      "group": "toplevel",
      "priority": 5
    },
    {
      "attr_path": "go",
      "broken": false,
      "derivation": "/nix/store/n3ggn80wfjjbrgnlh0q8zrmfmdlcmd0b-go-1.24.5.drv",
      "description": "Go Programming language",
      "install_id": "go",
      "license": "BSD-3-Clause",
      "locked_url": "https://github.com/flox/nixpkgs?rev=17f6bd177404d6d43017595c5264756764444ab8",
      "name": "go-1.24.5",
      "pname": "go",
      "rev": "17f6bd177404d6d43017595c5264756764444ab8",
      "rev_count": 835620,
      "rev_date": "2025-07-26T16:59:46Z",
      "scrape_date": "2025-07-29T01:47:04.630938Z",
      "stabilities": [
        "unstable"
      ],
      "unfree": false,
      "version": "1.24.5",
      "outputs_to_install": [
        "out"
      ],
      "outputs": {
        "out": "/nix/store/y4awwzp30ka130wmjrpaqjmjdf9p010w-go-1.24.5"
      },
      "system": "x86_64-linux",
      "group": "toplevel",
      "priority": 5
    },
    {
      "attr_path": "hugo",
      "broken": false,
      "derivation": "/nix/store/7haf8cch3sy2qhpx1nnh5m91krdl94aj-hugo-0.148.1.drv",
      "description": "Fast and modern static website engine",
      "install_id": "hugo",
      "license": "Apache-2.0",
      "locked_url": "https://github.com/flox/nixpkgs?rev=17f6bd177404d6d43017595c5264756764444ab8",
      "name": "hugo-0.148.1",
      "pname": "hugo",
      "rev": "17f6bd177404d6d43017595c5264756764444ab8",
      "rev_count": 835620,
      "rev_date": "2025-07-26T16:59:46Z",
      "scrape_date": "2025-07-29T00:32:54.508348Z",
      "stabilities": [
        "unstable"
      ],
      "unfree": false,
      "version": "0.148.1",
      "outputs_to_install": [
        "out"
      ],
      "outputs": {
        "out": "/nix/store/57rj4m23fswv9fdbcfd1zamrkakphzdn-hugo-0.148.1"
      },
      "system": "aarch64-darwin",
      "group": "toplevel",
      "priority": 5
    },
    {
      "attr_path": "hugo",
      "broken": false,
      "derivation": "/nix/store/snkfky08yv68px8j339pnx6ydgr0gjqm-hugo-0.148.1.drv",
      "description": "Fast and modern static website engine",
      "install_id": "hugo",
      "license": "Apache-2.0",
      "locked_url": "https://github.com/flox/nixpkgs?rev=17f6bd177404d6d43017595c5264756764444ab8",
      "name": "hugo-0.148.1",
      "pname": "hugo",
      "rev": "17f6bd177404d6d43017595c5264756764444ab8",
      "rev_count": 835620,
      "rev_date": "2025-07-26T16:59:46Z",
      "scrape_date": "2025-07-29T00:56:58.663221Z",
      "stabilities": [
        "unstable"
      ],
      "unfree": false,
      "version": "0.148.1",
      "outputs_to_install": [
        "out"
      ],
      "outputs": {
        "out": "/nix/store/injh12x5wzfnbw8v69ibl1zx3prx1rva-hugo-0.148.1"
      },
      "system": "aarch64-linux",
      "group": "toplevel",
      "priority": 5
    },
    {
      "attr_path": "hugo",
      "broken": false,
      "derivation": "/nix/store/6dchd49y95cn9i5smvvrpcpl6mnjfvrl-hugo-0.148.1.drv",
      "description": "Fast and modern static website engine",
      "install_id": "hugo",
      "license": "Apache-2.0",
      "locked_url": "https://github.com/flox/nixpkgs?rev=17f6bd177404d6d43017595c5264756764444ab8",
      "name": "hugo-0.148.1",
      "pname": "hugo",
      "rev": "17f6bd177404d6d43017595c5264756764444ab8",
      "rev_count": 835620,
      "rev_date": "2025-07-26T16:59:46Z",
      "scrape_date": "2025-07-29T01:20:04.431779Z",
      "stabilities": [
        "unstable"
      ],
      "unfree": false,
      "version": "0.148.1",
      "outputs_to_install": [
        "out"
      ],
      "outputs": {
        "out": "/nix/store/3pqjigghxw9abg3ndzfi60v5h9xvcphl-hugo-0.148.1"
      },
      "system": "x86_64-darwin",
      "group": "toplevel",
      "priority": 5
    },
    {
      "attr_path": "hugo",
      "broken": false,
      "derivation": "/nix/store/sirfxfl9k8m6jxzk3v2xwa35mpscv495-hugo-0.148.1.drv",
      "description": "Fast and modern static website engine",
      "install_id": "hugo",
      "license": "Apache-2.0",
      "locked_url": "https://github.com/flox/nixpkgs?rev=17f6bd177404d6d43017595c5264756764444ab8",
      "name": "hugo-0.148.1",
      "pname": "hugo",
      "rev": "17f6bd177404d6d43017595c5264756764444ab8",
      "rev_count": 835620,
      "rev_date": "2025-07-26T16:59:46Z",
      "scrape_date": "2025-07-29T01:47:05.584801Z",
      "stabilities": [
        "unstable"
      ],
      "unfree": false,
      "version": "0.148.1",
      "outputs_to_install": [
        "out"
      ],
      "outputs": {
        "out": "/nix/store/bxlz9kpkzbn29y5vlw5rx9cjb0k8byyd-hugo-0.148.1"
      },
      "system": "x86_64-linux",
      "group": "toplevel",
      "priority": 5
    },
    {
      "attr_path": "nodejs",
      "broken": false,
      "derivation": "/nix/store/mcpi6hknkb9dz7ipp7nzh1ln1a8ak702-nodejs-22.17.0.drv",
      "description": "Event-driven I/O framework for the V8 JavaScript engine",
      "install_id": "nodejs",
      "license": "MIT",
      "locked_url": "https://github.com/flox/nixpkgs?rev=17f6bd177404d6d43017595c5264756764444ab8",
      "name": "nodejs-22.17.0",
      "pname": "nodejs",
      "rev": "17f6bd177404d6d43017595c5264756764444ab8",
      "rev_count": 835620,
      "rev_date": "2025-07-26T16:59:46Z",
      "scrape_date": "2025-07-29T00:32:56.822594Z",
      "stabilities": [
        "unstable"
      ],
      "unfree": false,
      "version": "22.17.0",
      "outputs_to_install": [
        "out"
      ],
      "outputs": {
        "dev": "/nix/store/f8p8cf7impbgzqim9nbqik6z9xj5lyc3-nodejs-22.17.0-dev",
        "libv8": "/nix/store/6fy7a1dk6z2xz57v3axlzw7lrscikk2f-nodejs-22.17.0-libv8",
        "out": "/nix/store/s7dd5qi3fzjj8q5mmygi8pasp91n727c-nodejs-22.17.0"
      },
      "system": "aarch64-darwin",
      "group": "toplevel",
      "priority": 5
    },
    {
      "attr_path": "nodejs",
      "broken": false,
      "derivation": "/nix/store/hp61l0ws5s5xipwaa0y98dwi394rsas6-nodejs-22.17.0.drv",
      "description": "Event-driven I/O framework for the V8 JavaScript engine",
      "install_id": "nodejs",
      "license": "MIT",
      "locked_url": "https://github.com/flox/nixpkgs?rev=17f6bd177404d6d43017595c5264756764444ab8",
      "name": "nodejs-22.17.0",
      "pname": "nodejs",
      "rev": "17f6bd177404d6d43017595c5264756764444ab8",
      "rev_count": 835620,
      "rev_date": "2025-07-26T16:59:46Z",
      "scrape_date": "2025-07-29T00:57:07.010357Z",
      "stabilities": [
        "unstable"
      ],
      "unfree": false,
      "version": "22.17.0",
      "outputs_to_install": [
        "out"
      ],
      "outputs": {
        "dev": "/nix/store/vgjb162lwvdqw6vf1jlam9iaxr4g4njm-nodejs-22.17.0-dev",
        "libv8": "/nix/store/5wb5rg5d9mqahhkbaxa4igrdgq7bbqra-nodejs-22.17.0-libv8",
        "out": "/nix/store/368l5fmrl9yc2h8ngbw3b6hhp7fc8chh-nodejs-22.17.0"
      },
      "system": "aarch64-linux",
      "group": "toplevel",
      "priority": 5
    },
    {
      "attr_path": "nodejs",
      "broken": false,
      "derivation": "/nix/store/dv9i7vz3bqp38vd4alipvw57nbnh159f-nodejs-22.17.0.drv",
      "description": "Event-driven I/O framework for the V8 JavaScript engine",
      "install_id": "nodejs",
      "license": "MIT",
      "locked_url": "https://github.com/flox/nixpkgs?rev=17f6bd177404d6d43017595c5264756764444ab8",
      "name": "nodejs-22.17.0",
      "pname": "nodejs",
      "rev": "17f6bd177404d6d43017595c5264756764444ab8",
      "rev_count": 835620,
      "rev_date": "2025-07-26T16:59:46Z",
      "scrape_date": "2025-07-29T01:20:06.802037Z",
      "stabilities": [
        "unstable"
      ],
      "unfree": false,
      "version": "22.17.0",
      "outputs_to_install": [
        "out"
      ],
      "outputs": {
        "dev": "/nix/store/a09q6g0l907dvib30wxp2zhd1yx8p4w9-nodejs-22.17.0-dev",
        "libv8": "/nix/store/1psqihyqxkm0pa5n6b1jyy7fn7s5d3w5-nodejs-22.17.0-libv8",
        "out": "/nix/store/rn17ypna061gf9l94m8dcq4n6jwi2qmx-nodejs-22.17.0"
      },
      "system": "x86_64-darwin",
      "group": "toplevel",
      "priority": 5
    },
    {
      "attr_path": "nodejs",
      "broken": false,
      "derivation": "/nix/store/1j5phnsrk0dylzigngdwc143a20y9ify-nodejs-22.17.0.drv",
      "description": "Event-driven I/O framework for the V8 JavaScript engine",
      "install_id": "nodejs",
      "license": "MIT",
      "locked_url": "https://github.com/flox/nixpkgs?rev=17f6bd177404d6d43017595c5264756764444ab8",
      "name": "nodejs-22.17.0",
      "pname": "nodejs",
      "rev": "17f6bd177404d6d43017595c5264756764444ab8",
      "rev_count": 835620,
      "rev_date": "2025-07-26T16:59:46Z",
      "scrape_date": "2025-07-29T01:47:15.406491Z",
      "stabilities": [
        "unstable"
      ],
      "unfree": false,
      "version": "22.17.0",
      "outputs_to_install": [
        "out"
      ],
      "outputs": {
        "dev": "/nix/store/56m9qb3lvy446hirs940cgmgjk54yssl-nodejs-22.17.0-dev",
        "libv8": "/nix/store/40hasi9aw7r9qcacppgf712qzi8aa3br-nodejs-22.17.0-libv8",
        "out": "/nix/store/whnr2rydma74q97zs56ic601ixs88njg-nodejs-22.17.0"
      },
      "system": "x86_64-linux",
      "group": "toplevel",
      "priority": 5
    },
    {
      "attr_path": "pgloader",
      "broken": false,
      "derivation": "/nix/store/0vyx8f262xai8gsx44anizg2y2nb2m1a-pgloader-3.6.9.drv",
      "description": "Loads data into PostgreSQL and allows you to implement Continuous Migration from your current database to PostgreSQL",
      "install_id": "pgloader",
      "license": "PostgreSQL",
      "locked_url": "https://github.com/flox/nixpkgs?rev=17f6bd177404d6d43017595c5264756764444ab8",
      "name": "pgloader-3.6.9",
      "pname": "pgloader",
      "rev": "17f6bd177404d6d43017595c5264756764444ab8",
      "rev_count": 835620,
      "rev_date": "2025-07-26T16:59:46Z",
      "scrape_date": "2025-07-29T00:33:01.481548Z",
      "stabilities": [
        "unstable"
      ],
      "unfree": false,
      "version": "3.6.9",
      "outputs_to_install": [
        "out"
      ],
      "outputs": {
        "out": "/nix/store/cc9w22kl2dxcfgq22fbin2a77j6hggi2-pgloader-3.6.9"
      },
      "system": "aarch64-darwin",
      "group": "toplevel",
      "priority": 5
    },
    {
      "attr_path": "pgloader",
      "broken": false,
      "derivation": "/nix/store/nsx5m7fnbvryvif1iw6p5j042ankkz6s-pgloader-3.6.9.drv",
      "description": "Loads data into PostgreSQL and allows you to implement Continuous Migration from your current database to PostgreSQL",
      "install_id": "pgloader",
      "license": "PostgreSQL",
      "locked_url": "https://github.com/flox/nixpkgs?rev=17f6bd177404d6d43017595c5264756764444ab8",
      "name": "pgloader-3.6.9",
      "pname": "pgloader",
      "rev": "17f6bd177404d6d43017595c5264756764444ab8",
      "rev_count": 835620,
      "rev_date": "2025-07-26T16:59:46Z",
      "scrape_date": "2025-07-29T00:57:15.360764Z",
      "stabilities": [
        "unstable"
      ],
      "unfree": false,
      "version": "3.6.9",
      "outputs_to_install": [
        "out"
      ],
      "outputs": {
        "out": "/nix/store/s1cykvvmkfk9xy4b31iiis36yq8cs3ni-pgloader-3.6.9"
      },
      "system": "aarch64-linux",
      "group": "toplevel",
      "priority": 5
    },
    {
      "attr_path": "pgloader",
      "broken": false,
      "derivation": "/nix/store/npvva9nvzyr5w4jn8ba1yzmizvahg1c5-pgloader-3.6.9.drv",
      "description": "Loads data into PostgreSQL and allows you to implement Continuous Migration from your current database to PostgreSQL",
      "install_id": "pgloader",
      "license": "PostgreSQL",
      "locked_url": "https://github.com/flox/nixpkgs?rev=17f6bd177404d6d43017595c5264756764444ab8",
      "name": "pgloader-3.6.9",
      "pname": "pgloader",
      "rev": "17f6bd177404d6d43017595c5264756764444ab8",
      "rev_count": 835620,
      "rev_date": "2025-07-26T16:59:46Z",
      "scrape_date": "2025-07-29T01:20:11.527493Z",
      "stabilities": [
        "unstable"
      ],
      "unfree": false,
      "version": "3.6.9",
      "outputs_to_install": [
        "out"
      ],
      "outputs": {
        "out": "/nix/store/parn4ik8zzsn5w8mxdsjj5c44136586b-pgloader-3.6.9"
      },
      "system": "x86_64-darwin",
      "group": "toplevel",
      "priority": 5
    },
    {
      "attr_path": "pgloader",
      "broken": false,
      "derivation": "/nix/store/zcxsj5ya3k2lms1wfpw1kw7j9klhdjmd-pgloader-3.6.9.drv",
      "description": "Loads data into PostgreSQL and allows you to implement Continuous Migration from your current database to PostgreSQL",
      "install_id": "pgloader",
      "license": "PostgreSQL",
      "locked_url": "https://github.com/flox/nixpkgs?rev=17f6bd177404d6d43017595c5264756764444ab8",
      "name": "pgloader-3.6.9",
      "pname": "pgloader",
      "rev": "17f6bd177404d6d43017595c5264756764444ab8",
      "rev_count": 835620,
      "rev_date": "2025-07-26T16:59:46Z",
      "scrape_date": "2025-07-29T01:47:24.509130Z",
      "stabilities": [
        "unstable"
      ],
      "unfree": false,
      "version": "3.6.9",
      "outputs_to_install": [
        "out"
      ],
      "outputs": {
        "out": "/nix/store/hzv6z8z347yb6ndgm0cq6wdvbck4mmxv-pgloader-3.6.9"
      },
      "system": "x86_64-linux",
      "group": "toplevel",
      "priority": 5
    },
    {
      "attr_path": "postgresql",
      "broken": false,
      "derivation": "/nix/store/4asmhilm73apx045pzy2n8lfgd5fbrxr-postgresql-17.5.drv",
      "description": "Powerful, open source object-relational database system",
      "install_id": "postgresql",
      "license": "PostgreSQL",
      "locked_url": "https://github.com/flox/nixpkgs?rev=17f6bd177404d6d43017595c5264756764444ab8",
      "name": "postgresql-17.5",
      "pname": "postgresql",
      "rev": "17f6bd177404d6d43017595c5264756764444ab8",
      "rev_count": 835620,
      "rev_date": "2025-07-26T16:59:46Z",
      "scrape_date": "2025-07-29T00:33:02.213614Z",
      "stabilities": [
        "unstable"
      ],
      "unfree": false,
      "version": "17.5",
      "outputs_to_install": [
        "man",
        "out"
      ],
      "outputs": {
        "dev": "/nix/store/rid24asr9anzmzvj8vzvvh6vhyzrv1g0-postgresql-17.5-dev",
        "doc": "/nix/store/13n7szqbq83d5s7i17xd1y6vijnlw8si-postgresql-17.5-doc",
        "jit": "/nix/store/pwi2jpd8kzpddzcj6rnhas1rkd17j05l-postgresql-17.5-jit",
        "lib": "/nix/store/z2ixx0168lngnhdgcxaw9w6wra0ibnnx-postgresql-17.5-lib",
        "man": "/nix/store/g3gynlyaxxgwiq8fm5lcqs7cp0fr25zl-postgresql-17.5-man",
        "out": "/nix/store/dfmi5df0i45v2cibv90zbga22l5pmmnw-postgresql-17.5",
        "plperl": "/nix/store/8qv982x7a177gwn2d0s2xnss9gayhj51-postgresql-17.5-plperl",
        "plpython3": "/nix/store/fqkh3qj0x8by1aczhg5sj2wla0rmg3wr-postgresql-17.5-plpython3",
        "pltcl": "/nix/store/bvfy276k5xz806vglghvbl7s8c6wl5z4-postgresql-17.5-pltcl"
      },
      "system": "aarch64-darwin",
      "group": "toplevel",
      "priority": 5
    },
    {
      "attr_path": "postgresql",
      "broken": false,
      "derivation": "/nix/store/yngybp517w740vw87kjzcilnidv95n3v-postgresql-17.5.drv",
      "description": "Powerful, open source object-relational database system",
      "install_id": "postgresql",
      "license": "PostgreSQL",
      "locked_url": "https://github.com/flox/nixpkgs?rev=17f6bd177404d6d43017595c5264756764444ab8",
      "name": "postgresql-17.5",
      "pname": "postgresql",
      "rev": "17f6bd177404d6d43017595c5264756764444ab8",
      "rev_count": 835620,
      "rev_date": "2025-07-26T16:59:46Z",
      "scrape_date": "2025-07-29T00:57:17.145308Z",
      "stabilities": [
        "unstable"
      ],
      "unfree": false,
      "version": "17.5",
      "outputs_to_install": [
        "man",
        "out"
      ],
      "outputs": {
        "debug": "/nix/store/s84wvrgpqql4iw9gygq5jzs93c7bvv90-postgresql-17.5-debug",
        "dev": "/nix/store/l7rryvxw8z6im8dnsmskpry4ydbnk6rq-postgresql-17.5-dev",
        "doc": "/nix/store/5g0krnrsbwmpvwz50jk7if7az8q9yxvp-postgresql-17.5-doc",
        "jit": "/nix/store/3jflknpljm3hfr03fih3rwm18wdxdwkh-postgresql-17.5-jit",
        "lib": "/nix/store/06mkcha74k49nzjg5zdlf8ywv2ij77sm-postgresql-17.5-lib",
        "man": "/nix/store/z39cmrls5696pv6a99kglyyw309z2lj9-postgresql-17.5-man",
        "out": "/nix/store/mdf05bq8zlvraxpxlyj3rg6660x3ramx-postgresql-17.5",
        "plperl": "/nix/store/l7g0spdxs7wfhzlfz6584krb4wxbl0hn-postgresql-17.5-plperl",
        "plpython3": "/nix/store/wivl4xjnsdka9cz3aiv5y7fg7rqg7jfp-postgresql-17.5-plpython3",
        "pltcl": "/nix/store/n58hxn83kdxmhd2hx1jhbn9bca07595j-postgresql-17.5-pltcl"
      },
      "system": "aarch64-linux",
      "group": "toplevel",
      "priority": 5
    },
    {
      "attr_path": "postgresql",
      "broken": false,
      "derivation": "/nix/store/2jjbfpzq04aad7cyb57q7w7mvpl1d9vl-postgresql-17.5.drv",
      "description": "Powerful, open source object-relational database system",
      "install_id": "postgresql",
      "license": "PostgreSQL",
      "locked_url": "https://github.com/flox/nixpkgs?rev=17f6bd177404d6d43017595c5264756764444ab8",
      "name": "postgresql-17.5",
      "pname": "postgresql",
      "rev": "17f6bd177404d6d43017595c5264756764444ab8",
      "rev_count": 835620,
      "rev_date": "2025-07-26T16:59:46Z",
      "scrape_date": "2025-07-29T01:20:12.260812Z",
      "stabilities": [
        "unstable"
      ],
      "unfree": false,
      "version": "17.5",
      "outputs_to_install": [
        "man",
        "out"
      ],
      "outputs": {
        "dev": "/nix/store/c6mk6kvrchibfmjc9fia8i0d064mfl51-postgresql-17.5-dev",
        "doc": "/nix/store/1sh044b2grn7xd40afrqa56lvh1i4bkh-postgresql-17.5-doc",
        "jit": "/nix/store/dwlbnv8qs5m3sz4vdln9d9bz6rilc5r6-postgresql-17.5-jit",
        "lib": "/nix/store/83xc3vq9vmaix9ab0cx849ypnbcajv5q-postgresql-17.5-lib",
        "man": "/nix/store/1q81qzabr82rn36zs9ll6s8c6briqbbv-postgresql-17.5-man",
        "out": "/nix/store/dh5vca89l71qprnlhk8syb79c544s8wd-postgresql-17.5",
        "plperl": "/nix/store/q4s9pzl97bf4lkxlwsamwb0q3w611ldy-postgresql-17.5-plperl",
        "plpython3": "/nix/store/kvk8x0lphwfd5nkncv7ixn8j37964ihg-postgresql-17.5-plpython3",
        "pltcl": "/nix/store/x7ngrwcymp5zmqm62qf5wixirsdm74vm-postgresql-17.5-pltcl"
      },
      "system": "x86_64-darwin",
      "group": "toplevel",
      "priority": 5
    },
    {
      "attr_path": "postgresql",
      "broken": false,
      "derivation": "/nix/store/3yi9a1s1jjb20wfgb27jyqsw1d14kmip-postgresql-17.5.drv",
      "description": "Powerful, open source object-relational database system",
      "install_id": "postgresql",
      "license": "PostgreSQL",
      "locked_url": "https://github.com/flox/nixpkgs?rev=17f6bd177404d6d43017595c5264756764444ab8",
      "name": "postgresql-17.5",
      "pname": "postgresql",
      "rev": "17f6bd177404d6d43017595c5264756764444ab8",
      "rev_count": 835620,
      "rev_date": "2025-07-26T16:59:46Z",
      "scrape_date": "2025-07-29T01:47:26.460959Z",
      "stabilities": [
        "unstable"
      ],
      "unfree": false,
      "version": "17.5",
      "outputs_to_install": [
        "man",
        "out"
      ],
      "outputs": {
        "debug": "/nix/store/p9qmqlj43crbvya5zic4daxpa9irpcf6-postgresql-17.5-debug",
        "dev": "/nix/store/dhvvss0cly7inw5m5gg00zaksn1x4k0a-postgresql-17.5-dev",
        "doc": "/nix/store/wy4x55s5idkpjwdc38icsjj5fai7qr35-postgresql-17.5-doc",
        "jit": "/nix/store/1ymacxkxm8z5v9yhh196gv82462vrja8-postgresql-17.5-jit",
        "lib": "/nix/store/n8z6i9wdbv4wkckw88fcf85pjpydvdmw-postgresql-17.5-lib",
        "man": "/nix/store/vrqqycznilgqy95rfrxp7ji9l8swdlc7-postgresql-17.5-man",
        "out": "/nix/store/f1akpy48ng3zshls7ncfx0h45ca9kskg-postgresql-17.5",
        "plperl": "/nix/store/3yjd6qmiz4965rwa3fz4pi2cvdzki63d-postgresql-17.5-plperl",
        "plpython3": "/nix/store/x3g44jhfkzkdxziy8122fz4djh8hi6ia-postgresql-17.5-plpython3",
        "pltcl": "/nix/store/sfjhv0zx9mklr23n9ybfwmlggw13ciy7-postgresql-17.5-pltcl"
      },
      "system": "x86_64-linux",
      "group": "toplevel",
      "priority": 5
    },
    {
      "attr_path": "python3",
      "broken": false,
      "derivation": "/nix/store/0sgpwdw94q31k5y4gfblnwr7vf7cdkvx-python3-3.13.5.drv",
      "description": "High-level dynamically-typed programming language",
      "install_id": "python3",
      "license": "Python-2.0",
      "locked_url": "https://github.com/flox/nixpkgs?rev=17f6bd177404d6d43017595c5264756764444ab8",
      "name": "python3-3.13.5",
      "pname": "python3",
      "rev": "17f6bd177404d6d43017595c5264756764444ab8",
      "rev_count": 835620,
      "rev_date": "2025-07-26T16:59:46Z",
      "scrape_date": "2025-07-29T00:33:02.895376Z",
      "stabilities": [
        "unstable"
      ],
      "unfree": false,
      "version": "3.13.5",
      "outputs_to_install": [
        "out"
      ],
      "outputs": {
        "out": "/nix/store/v72ywdz0dd2d6sb3knymx9ww8r6pcqba-python3-3.13.5"
      },
      "system": "aarch64-darwin",
      "group": "toplevel",
      "priority": 5
    },
    {
      "attr_path": "python3",
      "broken": false,
      "derivation": "/nix/store/1cdadwmiqljyxpc2q5fsicj24yf6vir4-python3-3.13.5.drv",
      "description": "High-level dynamically-typed programming language",
      "install_id": "python3",
      "license": "Python-2.0",
      "locked_url": "https://github.com/flox/nixpkgs?rev=17f6bd177404d6d43017595c5264756764444ab8",
      "name": "python3-3.13.5",
      "pname": "python3",
      "rev": "17f6bd177404d6d43017595c5264756764444ab8",
      "rev_count": 835620,
      "rev_date": "2025-07-26T16:59:46Z",
      "scrape_date": "2025-07-29T00:57:18.387108Z",
      "stabilities": [
        "unstable"
      ],
      "unfree": false,
      "version": "3.13.5",
      "outputs_to_install": [
        "out"
      ],
      "outputs": {
        "debug": "/nix/store/lnjp4kv8avwmkrfxxxa38pyqxqx6ajpv-python3-3.13.5-debug",
        "out": "/nix/store/cr7c6cf8y7sbqwq9bj7lrm977x7c4mv9-python3-3.13.5"
      },
      "system": "aarch64-linux",
      "group": "toplevel",
      "priority": 5
    },
    {
      "attr_path": "python3",
      "broken": false,
      "derivation": "/nix/store/y4m8sfxbkhwzd29qp601973gxfs4bkv4-python3-3.13.5.drv",
      "description": "High-level dynamically-typed programming language",
      "install_id": "python3",
      "license": "Python-2.0",
      "locked_url": "https://github.com/flox/nixpkgs?rev=17f6bd177404d6d43017595c5264756764444ab8",
      "name": "python3-3.13.5",
      "pname": "python3",
      "rev": "17f6bd177404d6d43017595c5264756764444ab8",
      "rev_count": 835620,
      "rev_date": "2025-07-26T16:59:46Z",
      "scrape_date": "2025-07-29T01:20:12.952882Z",
      "stabilities": [
        "unstable"
      ],
      "unfree": false,
      "version": "3.13.5",
      "outputs_to_install": [
        "out"
      ],
      "outputs": {
        "out": "/nix/store/9zzyv1p496m8b7j8v3y2dqq1xii9anx5-python3-3.13.5"
      },
      "system": "x86_64-darwin",
      "group": "toplevel",
      "priority": 5
    },
    {
      "attr_path": "python3",
      "broken": false,
      "derivation": "/nix/store/5cjmvj85qx59nw08isq5q63kvc3ccwi1-python3-3.13.5.drv",
      "description": "High-level dynamically-typed programming language",
      "install_id": "python3",
      "license": "Python-2.0",
      "locked_url": "https://github.com/flox/nixpkgs?rev=17f6bd177404d6d43017595c5264756764444ab8",
      "name": "python3-3.13.5",
      "pname": "python3",
      "rev": "17f6bd177404d6d43017595c5264756764444ab8",
      "rev_count": 835620,
      "rev_date": "2025-07-26T16:59:46Z",
      "scrape_date": "2025-07-29T01:47:27.823508Z",
      "stabilities": [
        "unstable"
      ],
      "unfree": false,
      "version": "3.13.5",
      "outputs_to_install": [
        "out"
      ],
      "outputs": {
        "debug": "/nix/store/h5y23q0k2xzr0aa17y7b82y826ch7yq9-python3-3.13.5-debug",
        "out": "/nix/store/9yh9ak97gn659bk4d3n411fx6c0ng7s2-python3-3.13.5"
      },
      "system": "x86_64-linux",
      "group": "toplevel",
      "priority": 5
    },
    {
      "attr_path": "ruby",
      "broken": false,
      "derivation": "/nix/store/7jmyzn1pvnkcq0fk2bfx2gwqf3kjrfq1-ruby-3.3.8.drv",
      "description": "Object-oriented language for quick and easy programming",
      "install_id": "ruby",
      "license": "Ruby",
      "locked_url": "https://github.com/flox/nixpkgs?rev=17f6bd177404d6d43017595c5264756764444ab8",
      "name": "ruby-3.3.8",
      "pname": "ruby",
      "rev": "17f6bd177404d6d43017595c5264756764444ab8",
      "rev_count": 835620,
      "rev_date": "2025-07-26T16:59:46Z",
      "scrape_date": "2025-07-29T00:33:24.248974Z",
      "stabilities": [
        "unstable"
      ],
      "unfree": false,
      "version": "3.3.8",
      "outputs_to_install": [
        "out"
      ],
      "outputs": {
        "devdoc": "/nix/store/ww272rrc5a04j82iryy08d1kppckfr00-ruby-3.3.8-devdoc",
        "out": "/nix/store/kh6r1csy9kaf2zv638gqbqcmbnbxf453-ruby-3.3.8"
      },
      "system": "aarch64-darwin",
      "group": "toplevel",
      "priority": 5
    },
    {
      "attr_path": "ruby",
      "broken": false,
      "derivation": "/nix/store/dyijxyih8k6adhjnhhp8073v7gvw9b1q-ruby-3.3.8.drv",
      "description": "Object-oriented language for quick and easy programming",
      "install_id": "ruby",
      "license": "Ruby",
      "locked_url": "https://github.com/flox/nixpkgs?rev=17f6bd177404d6d43017595c5264756764444ab8",
      "name": "ruby-3.3.8",
      "pname": "ruby",
      "rev": "17f6bd177404d6d43017595c5264756764444ab8",
      "rev_count": 835620,
      "rev_date": "2025-07-26T16:59:46Z",
      "scrape_date": "2025-07-29T00:57:50.636447Z",
      "stabilities": [
        "unstable"
      ],
      "unfree": false,
      "version": "3.3.8",
      "outputs_to_install": [
        "out"
      ],
      "outputs": {
        "devdoc": "/nix/store/gzsfzqq6i29dxbrmn3kjr0zz5b9fjgg6-ruby-3.3.8-devdoc",
        "out": "/nix/store/22v335kxs3xjcqlhf2qp4pkzwkkkyzgj-ruby-3.3.8"
      },
      "system": "aarch64-linux",
      "group": "toplevel",
      "priority": 5
    },
    {
      "attr_path": "ruby",
      "broken": false,
      "derivation": "/nix/store/y6xv1pd58ihj67kvm7lddkx8ia89bn5p-ruby-3.3.8.drv",
      "description": "Object-oriented language for quick and easy programming",
      "install_id": "ruby",
      "license": "Ruby",
      "locked_url": "https://github.com/flox/nixpkgs?rev=17f6bd177404d6d43017595c5264756764444ab8",
      "name": "ruby-3.3.8",
      "pname": "ruby",
      "rev": "17f6bd177404d6d43017595c5264756764444ab8",
      "rev_count": 835620,
      "rev_date": "2025-07-26T16:59:46Z",
      "scrape_date": "2025-07-29T01:20:34.718819Z",
      "stabilities": [
        "unstable"
      ],
      "unfree": false,
      "version": "3.3.8",
      "outputs_to_install": [
        "out"
      ],
      "outputs": {
        "devdoc": "/nix/store/cxrhsy7a2l71h8vygqhg33rl48gzpg97-ruby-3.3.8-devdoc",
        "out": "/nix/store/7mx36grg4gnbk142w8pw5s0k6vbdxx86-ruby-3.3.8"
      },
      "system": "x86_64-darwin",
      "group": "toplevel",
      "priority": 5
    },
    {
      "attr_path": "ruby",
      "broken": false,
      "derivation": "/nix/store/3l7v6bz0p3xi6bxgc3d5flvzc98hqwbs-ruby-3.3.8.drv",
      "description": "Object-oriented language for quick and easy programming",
      "install_id": "ruby",
      "license": "Ruby",
      "locked_url": "https://github.com/flox/nixpkgs?rev=17f6bd177404d6d43017595c5264756764444ab8",
      "name": "ruby-3.3.8",
      "pname": "ruby",
      "rev": "17f6bd177404d6d43017595c5264756764444ab8",
      "rev_count": 835620,
      "rev_date": "2025-07-26T16:59:46Z",
      "scrape_date": "2025-07-29T01:48:03.658172Z",
      "stabilities": [
        "unstable"
      ],
      "unfree": false,
      "version": "3.3.8",
      "outputs_to_install": [
        "out"
      ],
      "outputs": {
        "devdoc": "/nix/store/ml46djgc8rr1nl2wbyyclx9bz1y2gwx6-ruby-3.3.8-devdoc",
        "out": "/nix/store/xz4msjk94m7r5kn7fpi186w0vn9lm839-ruby-3.3.8"
      },
      "system": "x86_64-linux",
      "group": "toplevel",
      "priority": 5
    }
  ]
}