{
  "lockfile-version": 1,
  "manifest": {
    "version": 1,
    "install": {
      "dotnet-sdk_8": {
        "pkg-path": "dotnet-sdk_8"
      },
      "elixir": {
        "pkg-path": "elixir"
      },
      "erlang": {
        "pkg-path": "erlang"
      },
      "go": {
        "pkg-path": "go"
      },
      "hugo": {
        "pkg-path": "hugo"
      },
      "nodejs": {
        "pkg-path": "nodejs",
        "version": "22"
      },
      "pgloader": {
        "pkg-path": "pgloader"
      },
      "postgresql": {
        "pkg-path": "postgresql"
      },
      "python3": {
        "pkg-path": "python3"
      },
      "ruby": {
        "pkg-path": "ruby"
      }
    },
    "hook": {},
    "profile": {},
    "options": {
      "systems": [
        "aarch64-darwin",
        "aarch64-linux",
        "x86_64-darwin",
        "x86_64-linux"
      ]
    }
  },
  "packages": [
    {
      "attr_path": "dotnet-sdk_8",
      "broken": false,
      "derivation": "/nix/store/24pjckhijwyql77rz0znhifjf0apj479-dotnet-sdk-wrapped-8.0.411.drv",
      "description": "Core functionality needed to create .NET Core projects, that is shared between Visual Studio and CLI (wrapper) (combined) (wrapper)",
      "install_id": "dotnet-sdk_8",
      "license": "MIT",
      "locked_url": "https://github.com/flox/nixpkgs?rev=9e83b64f727c88a7711a2c463a7b16eedb69a84c",
      "name": "dotnet-sdk-wrapped-8.0.411",
      "pname": "dotnet-sdk_8",
      "rev": "9e83b64f727c88a7711a2c463a7b16eedb69a84c",
      "rev_count": 816272,
      "rev_date": "2025-06-17T04:31:58Z",
      "scrape_date": "2025-06-18T00:36:15.957471Z",
      "stabilities": [
        "unstable"
      ],
      "unfree": false,
      "version": "8.0.411",
      "outputs_to_install": [
        "out"
      ],
      "outputs": {
        "out": "/nix/store/2q7wj9p99j5xpw7k9vw791m9pyj5mdd4-dotnet-sdk-wrapped-8.0.411"
      },
      "system": "aarch64-darwin",
      "group": "toplevel",
      "priority": 5
    },
    {
      "attr_path": "dotnet-sdk_8",
      "broken": false,
      "derivation": "/nix/store/8n0vcb04ckzcjjdw6iybfaqgy7c3ypyd-dotnet-sdk-wrapped-8.0.411.drv",
      "description": "Core functionality needed to create .NET Core projects, that is shared between Visual Studio and CLI (wrapper) (combined) (wrapper)",
      "install_id": "dotnet-sdk_8",
      "license": "MIT",
      "locked_url": "https://github.com/flox/nixpkgs?rev=9e83b64f727c88a7711a2c463a7b16eedb69a84c",
      "name": "dotnet-sdk-wrapped-8.0.411",
      "pname": "dotnet-sdk_8",
      "rev": "9e83b64f727c88a7711a2c463a7b16eedb69a84c",
      "rev_count": 816272,
      "rev_date": "2025-06-17T04:31:58Z",
      "scrape_date": "2025-06-18T00:54:48.620849Z",
      "stabilities": [
        "unstable"
      ],
      "unfree": false,
      "version": "8.0.411",
      "outputs_to_install": [
        "out"
      ],
      "outputs": {
        "out": "/nix/store/zi9i2l3x9mzj245dkz7rqmwcxgxxq8fy-dotnet-sdk-wrapped-8.0.411"
      },
      "system": "aarch64-linux",
      "group": "toplevel",
      "priority": 5
    },
    {
      "attr_path": "dotnet-sdk_8",
      "broken": false,
      "derivation": "/nix/store/qa43q70z1k46j08567aynyfdj5wza8cg-dotnet-sdk-wrapped-8.0.411.drv",
      "description": ".NET Runtime 8.0.17 (wrapper) (combined) (wrapper)",
      "install_id": "dotnet-sdk_8",
      "license": "MIT",
      "locked_url": "https://github.com/flox/nixpkgs?rev=9e83b64f727c88a7711a2c463a7b16eedb69a84c",
      "name": "dotnet-sdk-wrapped-8.0.411",
      "pname": "dotnet-sdk_8",
      "rev": "9e83b64f727c88a7711a2c463a7b16eedb69a84c",
      "rev_count": 816272,
      "rev_date": "2025-06-17T04:31:58Z",
      "scrape_date": "2025-06-18T01:12:23.193725Z",
      "stabilities": [
        "unstable"
      ],
      "unfree": false,
      "version": "8.0.411",
      "outputs_to_install": [
        "out"
      ],
      "outputs": {
        "out": "/nix/store/c8yv6qh6ik3yxl7hy8psibap4mzy3jmq-dotnet-sdk-wrapped-8.0.411"
      },
      "system": "x86_64-darwin",
      "group": "toplevel",
      "priority": 5
    },
    {
      "attr_path": "dotnet-sdk_8",
      "broken": false,
      "derivation": "/nix/store/69b0mbgqmkb6kfcpphr47ily0p6zs0xy-dotnet-sdk-wrapped-8.0.411.drv",
      "description": "Core functionality needed to create .NET Core projects, that is shared between Visual Studio and CLI (wrapper) (combined) (wrapper)",
      "install_id": "dotnet-sdk_8",
      "license": "MIT",
      "locked_url": "https://github.com/flox/nixpkgs?rev=9e83b64f727c88a7711a2c463a7b16eedb69a84c",
      "name": "dotnet-sdk-wrapped-8.0.411",
      "pname": "dotnet-sdk_8",
      "rev": "9e83b64f727c88a7711a2c463a7b16eedb69a84c",
      "rev_count": 816272,
      "rev_date": "2025-06-17T04:31:58Z",
      "scrape_date": "2025-06-18T01:32:28.078643Z",
      "stabilities": [
        "unstable"
      ],
      "unfree": false,
      "version": "8.0.411",
      "outputs_to_install": [
        "out"
      ],
      "outputs": {
        "out": "/nix/store/ky40yvmgfh083g42052cxsw9339awcz3-dotnet-sdk-wrapped-8.0.411"
      },
      "system": "x86_64-linux",
      "group": "toplevel",
      "priority": 5
    },
    {
      "attr_path": "elixir",
      "broken": false,
      "derivation": "/nix/store/y45lpg8lbl0jh79p68nsczvln8wpiigi-elixir-1.18.4.drv",
      "description": "Functional, meta-programming aware language built on top of the Erlang VM",
      "install_id": "elixir",
      "license": "Apache-2.0",
      "locked_url": "https://github.com/flox/nixpkgs?rev=9e83b64f727c88a7711a2c463a7b16eedb69a84c",
      "name": "elixir-1.18.4",
      "pname": "elixir",
      "rev": "9e83b64f727c88a7711a2c463a7b16eedb69a84c",
      "rev_count": 816272,
      "rev_date": "2025-06-17T04:31:58Z",
      "scrape_date": "2025-06-18T00:36:16.036006Z",
      "stabilities": [
        "unstable"
      ],
      "unfree": false,
      "version": "1.18.4",
      "outputs_to_install": [
        "out"
      ],
      "outputs": {
        "out": "/nix/store/bp55l03nzbd52vhbrhlvxyidw81qwji8-elixir-1.18.4"
      },
      "system": "aarch64-darwin",
      "group": "toplevel",
      "priority": 5
    },
    {
      "attr_path": "elixir",
      "broken": false,
      "derivation": "/nix/store/p6wr11k3lzbif8gv9mfnpl0vlrw4v1ij-elixir-1.18.4.drv",
      "description": "Functional, meta-programming aware language built on top of the Erlang VM",
      "install_id": "elixir",
      "license": "Apache-2.0",
      "locked_url": "https://github.com/flox/nixpkgs?rev=9e83b64f727c88a7711a2c463a7b16eedb69a84c",
      "name": "elixir-1.18.4",
      "pname": "elixir",
      "rev": "9e83b64f727c88a7711a2c463a7b16eedb69a84c",
      "rev_count": 816272,
      "rev_date": "2025-06-17T04:31:58Z",
      "scrape_date": "2025-06-18T00:54:48.746690Z",
      "stabilities": [
        "unstable"
      ],
      "unfree": false,
      "version": "1.18.4",
      "outputs_to_install": [
        "out"
      ],
      "outputs": {
        "out": "/nix/store/k54j7hg2nbsgp727qpki4hk45f77kx26-elixir-1.18.4"
      },
      "system": "aarch64-linux",
      "group": "toplevel",
      "priority": 5
    },
    {
      "attr_path": "elixir",
      "broken": false,
      "derivation": "/nix/store/731q5bwly5z73x3f0w69vkkajf1hzxpx-elixir-1.18.4.drv",
      "description": "Functional, meta-programming aware language built on top of the Erlang VM",
      "install_id": "elixir",
      "license": "Apache-2.0",
      "locked_url": "https://github.com/flox/nixpkgs?rev=9e83b64f727c88a7711a2c463a7b16eedb69a84c",
      "name": "elixir-1.18.4",
      "pname": "elixir",
      "rev": "9e83b64f727c88a7711a2c463a7b16eedb69a84c",
      "rev_count": 816272,
      "rev_date": "2025-06-17T04:31:58Z",
      "scrape_date": "2025-06-18T01:12:23.275546Z",
      "stabilities": [
        "unstable"
      ],
      "unfree": false,
      "version": "1.18.4",
      "outputs_to_install": [
        "out"
      ],
      "outputs": {
        "out": "/nix/store/3vgva6ggmzqgp41h89bh8jn14fpk9f66-elixir-1.18.4"
      },
      "system": "x86_64-darwin",
      "group": "toplevel",
      "priority": 5
    },
    {
      "attr_path": "elixir",
      "broken": false,
      "derivation": "/nix/store/1541i0kvmfwk9jjgafam6kjpdaivqrgj-elixir-1.18.4.drv",
      "description": "Functional, meta-programming aware language built on top of the Erlang VM",
      "install_id": "elixir",
      "license": "Apache-2.0",
      "locked_url": "https://github.com/flox/nixpkgs?rev=9e83b64f727c88a7711a2c463a7b16eedb69a84c",
      "name": "elixir-1.18.4",
      "pname": "elixir",
      "rev": "9e83b64f727c88a7711a2c463a7b16eedb69a84c",
      "rev_count": 816272,
      "rev_date": "2025-06-17T04:31:58Z",
      "scrape_date": "2025-06-18T01:32:28.220733Z",
      "stabilities": [
        "unstable"
      ],
      "unfree": false,
      "version": "1.18.4",
      "outputs_to_install": [
        "out"
      ],
      "outputs": {
        "out": "/nix/store/5k29c8hj0ynrc6m1wm7rwm6ps7q8qsra-elixir-1.18.4"
      },
      "system": "x86_64-linux",
      "group": "toplevel",
      "priority": 5
    },
    {
      "attr_path": "erlang",
      "broken": false,
      "derivation": "/nix/store/68b50lzlmsj06zbz9hirv5dbs17bb7ik-erlang-27.3.4.1.drv",
      "description": "Programming language used for massively scalable soft real-time systems",
      "install_id": "erlang",
      "license": "Apache-2.0",
      "locked_url": "https://github.com/flox/nixpkgs?rev=9e83b64f727c88a7711a2c463a7b16eedb69a84c",
      "name": "erlang-27.3.4.1",
      "pname": "erlang",
      "rev": "9e83b64f727c88a7711a2c463a7b16eedb69a84c",
      "rev_count": 816272,
      "rev_date": "2025-06-17T04:31:58Z",
      "scrape_date": "2025-06-18T00:36:16.067718Z",
      "stabilities": [
        "unstable"
      ],
      "unfree": false,
      "version": "27.3.4.1",
      "outputs_to_install": [
        "out"
      ],
      "outputs": {
        "out": "/nix/store/8gbh1j8blllalk1yacl3bri1dg2x4k7s-erlang-27.3.4.1"
      },
      "system": "aarch64-darwin",
      "group": "toplevel",
      "priority": 5
    },
    {
      "attr_path": "erlang",
      "broken": false,
      "derivation": "/nix/store/3qsyr54aymgrr1fc9442i59zyddi7ml1-erlang-27.3.4.1.drv",
      "description": "Programming language used for massively scalable soft real-time systems",
      "install_id": "erlang",
      "license": "Apache-2.0",
      "locked_url": "https://github.com/flox/nixpkgs?rev=9e83b64f727c88a7711a2c463a7b16eedb69a84c",
      "name": "erlang-27.3.4.1",
      "pname": "erlang",
      "rev": "9e83b64f727c88a7711a2c463a7b16eedb69a84c",
      "rev_count": 816272,
      "rev_date": "2025-06-17T04:31:58Z",
      "scrape_date": "2025-06-18T00:54:48.800367Z",
      "stabilities": [
        "unstable"
      ],
      "unfree": false,
      "version": "27.3.4.1",
      "outputs_to_install": [
        "out"
      ],
      "outputs": {
        "out": "/nix/store/d9cvcnsb7sdrmcg10q9ad75kpbg8rwv1-erlang-27.3.4.1"
      },
      "system": "aarch64-linux",
      "group": "toplevel",
      "priority": 5
    },
    {
      "attr_path": "erlang",
      "broken": false,
      "derivation": "/nix/store/jhh12vy63wmarj6n9kk376hjbscia5s1-erlang-27.3.4.1.drv",
      "description": "Programming language used for massively scalable soft real-time systems",
      "install_id": "erlang",
      "license": "Apache-2.0",
      "locked_url": "https://github.com/flox/nixpkgs?rev=9e83b64f727c88a7711a2c463a7b16eedb69a84c",
      "name": "erlang-27.3.4.1",
      "pname": "erlang",
      "rev": "9e83b64f727c88a7711a2c463a7b16eedb69a84c",
      "rev_count": 816272,
      "rev_date": "2025-06-17T04:31:58Z",
      "scrape_date": "2025-06-18T01:12:23.307475Z",
      "stabilities": [
        "unstable"
      ],
      "unfree": false,
      "version": "27.3.4.1",
      "outputs_to_install": [
        "out"
      ],
      "outputs": {
        "out": "/nix/store/qn7wd4nrkzsms86hh2l1zprhjqn03ihd-erlang-27.3.4.1"
      },
      "system": "x86_64-darwin",
      "group": "toplevel",
      "priority": 5
    },
    {
      "attr_path": "erlang",
      "broken": false,
      "derivation": "/nix/store/l27ajlnr4z1jkf51n48i8rysxkjslnlp-erlang-27.3.4.1.drv",
      "description": "Programming language used for massively scalable soft real-time systems",
      "install_id": "erlang",
      "license": "Apache-2.0",
      "locked_url": "https://github.com/flox/nixpkgs?rev=9e83b64f727c88a7711a2c463a7b16eedb69a84c",
      "name": "erlang-27.3.4.1",
      "pname": "erlang",
      "rev": "9e83b64f727c88a7711a2c463a7b16eedb69a84c",
      "rev_count": 816272,
      "rev_date": "2025-06-17T04:31:58Z",
      "scrape_date": "2025-06-18T01:32:28.279566Z",
      "stabilities": [
        "unstable"
      ],
      "unfree": false,
      "version": "27.3.4.1",
      "outputs_to_install": [
        "out"
      ],
      "outputs": {
        "out": "/nix/store/bijqdjmdq8dk11ma7dd388v15nm4s8jk-erlang-27.3.4.1"
      },
      "system": "x86_64-linux",
      "group": "toplevel",
      "priority": 5
    },
    {
      "attr_path": "go",
      "broken": false,
      "derivation": "/nix/store/c6h9pn9a4mwgz63qdiw70ac6fv7341v9-go-1.24.3.drv",
      "description": "Go Programming language",
      "install_id": "go",
      "license": "BSD-3-Clause",
      "locked_url": "https://github.com/flox/nixpkgs?rev=9e83b64f727c88a7711a2c463a7b16eedb69a84c",
      "name": "go-1.24.3",
      "pname": "go",
      "rev": "9e83b64f727c88a7711a2c463a7b16eedb69a84c",
      "rev_count": 816272,
      "rev_date": "2025-06-17T04:31:58Z",
      "scrape_date": "2025-06-18T00:36:16.406321Z",
      "stabilities": [
        "unstable"
      ],
      "unfree": false,
      "version": "1.24.3",
      "outputs_to_install": [
        "out"
      ],
      "outputs": {
        "out": "/nix/store/ps3admpzmc1ryvn9q7sw5xfd94dkrb3f-go-1.24.3"
      },
      "system": "aarch64-darwin",
      "group": "toplevel",
      "priority": 5
    },
    {
      "attr_path": "go",
      "broken": false,
      "derivation": "/nix/store/isgn9dhrlr1mix3swwr5h3aws839bafc-go-1.24.3.drv",
      "description": "Go Programming language",
      "install_id": "go",
      "license": "BSD-3-Clause",
      "locked_url": "https://github.com/flox/nixpkgs?rev=9e83b64f727c88a7711a2c463a7b16eedb69a84c",
      "name": "go-1.24.3",
      "pname": "go",
      "rev": "9e83b64f727c88a7711a2c463a7b16eedb69a84c",
      "rev_count": 816272,
      "rev_date": "2025-06-17T04:31:58Z",
      "scrape_date": "2025-06-18T00:54:49.625895Z",
      "stabilities": [
        "unstable"
      ],
      "unfree": false,
      "version": "1.24.3",
      "outputs_to_install": [
        "out"
      ],
      "outputs": {
        "out": "/nix/store/45bnqhyyq40p91k3cjw0farx3hn1swx6-go-1.24.3"
      },
      "system": "aarch64-linux",
      "group": "toplevel",
      "priority": 5
    },
    {
      "attr_path": "go",
      "broken": false,
      "derivation": "/nix/store/jfgcva919a7bz5zr781cgar6jn6vag9s-go-1.24.3.drv",
      "description": "Go Programming language",
      "install_id": "go",
      "license": "BSD-3-Clause",
      "locked_url": "https://github.com/flox/nixpkgs?rev=9e83b64f727c88a7711a2c463a7b16eedb69a84c",
      "name": "go-1.24.3",
      "pname": "go",
      "rev": "9e83b64f727c88a7711a2c463a7b16eedb69a84c",
      "rev_count": 816272,
      "rev_date": "2025-06-17T04:31:58Z",
      "scrape_date": "2025-06-18T01:12:23.667232Z",
      "stabilities": [
        "unstable"
      ],
      "unfree": false,
      "version": "1.24.3",
      "outputs_to_install": [
        "out"
      ],
      "outputs": {
        "out": "/nix/store/9z2kb6hxij7pqi0fgcn9ijhpb7ajpazs-go-1.24.3"
      },
      "system": "x86_64-darwin",
      "group": "toplevel",
      "priority": 5
    },
    {
      "attr_path": "go",
      "broken": false,
      "derivation": "/nix/store/8bavsrkczap815c77n4xyvzz4y7rx0r0-go-1.24.3.drv",
      "description": "Go Programming language",
      "install_id": "go",
      "license": "BSD-3-Clause",
      "locked_url": "https://github.com/flox/nixpkgs?rev=9e83b64f727c88a7711a2c463a7b16eedb69a84c",
      "name": "go-1.24.3",
      "pname": "go",
      "rev": "9e83b64f727c88a7711a2c463a7b16eedb69a84c",
      "rev_count": 816272,
      "rev_date": "2025-06-17T04:31:58Z",
      "scrape_date": "2025-06-18T01:32:29.219901Z",
      "stabilities": [
        "unstable"
      ],
      "unfree": false,
      "version": "1.24.3",
      "outputs_to_install": [
        "out"
      ],
      "outputs": {
        "out": "/nix/store/5xvi25nqmbrg58aixp4zgczilfnp7pwg-go-1.24.3"
      },
      "system": "x86_64-linux",
      "group": "toplevel",
      "priority": 5
    },
    {
      "attr_path": "hugo",
      "broken": false,
      "derivation": "/nix/store/k671n4qvzr1d5j23sc1wgiw7hz9ijlxc-hugo-0.147.8.drv",
      "description": "Fast and modern static website engine",
      "install_id": "hugo",
      "license": "Apache-2.0",
      "locked_url": "https://github.com/flox/nixpkgs?rev=9e83b64f727c88a7711a2c463a7b16eedb69a84c",
      "name": "hugo-0.147.8",
      "pname": "hugo",
      "rev": "9e83b64f727c88a7711a2c463a7b16eedb69a84c",
      "rev_count": 816272,
      "rev_date": "2025-06-17T04:31:58Z",
      "scrape_date": "2025-06-18T00:36:16.662083Z",
      "stabilities": [
        "unstable"
      ],
      "unfree": false,
      "version": "0.147.8",
      "outputs_to_install": [
        "out"
      ],
      "outputs": {
        "out": "/nix/store/324qh4ik3v3akgfpla9vz9p38ckb0g17-hugo-0.147.8"
      },
      "system": "aarch64-darwin",
      "group": "toplevel",
      "priority": 5
    },
    {
      "attr_path": "hugo",
      "broken": false,
      "derivation": "/nix/store/58bgq5wdhvaxf95ga215c6mbndbrabxw-hugo-0.147.8.drv",
      "description": "Fast and modern static website engine",
      "install_id": "hugo",
      "license": "Apache-2.0",
      "locked_url": "https://github.com/flox/nixpkgs?rev=9e83b64f727c88a7711a2c463a7b16eedb69a84c",
      "name": "hugo-0.147.8",
      "pname": "hugo",
      "rev": "9e83b64f727c88a7711a2c463a7b16eedb69a84c",
      "rev_count": 816272,
      "rev_date": "2025-06-17T04:31:58Z",
      "scrape_date": "2025-06-18T00:54:50.482837Z",
      "stabilities": [
        "unstable"
      ],
      "unfree": false,
      "version": "0.147.8",
      "outputs_to_install": [
        "out"
      ],
      "outputs": {
        "out": "/nix/store/f7ih6rxli0a1b0i4izqwy571i07g0vr7-hugo-0.147.8"
      },
      "system": "aarch64-linux",
      "group": "toplevel",
      "priority": 5
    },
    {
      "attr_path": "hugo",
      "broken": false,
      "derivation": "/nix/store/r1vcykcdxxfvlcfs5vrwhaadyckk2f36-hugo-0.147.8.drv",
      "description": "Fast and modern static website engine",
      "install_id": "hugo",
      "license": "Apache-2.0",
      "locked_url": "https://github.com/flox/nixpkgs?rev=9e83b64f727c88a7711a2c463a7b16eedb69a84c",
      "name": "hugo-0.147.8",
      "pname": "hugo",
      "rev": "9e83b64f727c88a7711a2c463a7b16eedb69a84c",
      "rev_count": 816272,
      "rev_date": "2025-06-17T04:31:58Z",
      "scrape_date": "2025-06-18T01:12:23.932076Z",
      "stabilities": [
        "unstable"
      ],
      "unfree": false,
      "version": "0.147.8",
      "outputs_to_install": [
        "out"
      ],
      "outputs": {
        "out": "/nix/store/y1gjkd2bhvcirjip5473znyg14f4cryk-hugo-0.147.8"
      },
      "system": "x86_64-darwin",
      "group": "toplevel",
      "priority": 5
    },
    {
      "attr_path": "hugo",
      "broken": false,
      "derivation": "/nix/store/1kivc3gajl5wqxmnswmg0h259vdlk93w-hugo-0.147.8.drv",
      "description": "Fast and modern static website engine",
      "install_id": "hugo",
      "license": "Apache-2.0",
      "locked_url": "https://github.com/flox/nixpkgs?rev=9e83b64f727c88a7711a2c463a7b16eedb69a84c",
      "name": "hugo-0.147.8",
      "pname": "hugo",
      "rev": "9e83b64f727c88a7711a2c463a7b16eedb69a84c",
      "rev_count": 816272,
      "rev_date": "2025-06-17T04:31:58Z",
      "scrape_date": "2025-06-18T01:32:30.152442Z",
      "stabilities": [
        "unstable"
      ],
      "unfree": false,
      "version": "0.147.8",
      "outputs_to_install": [
        "out"
      ],
      "outputs": {
        "out": "/nix/store/b5p4jw43mnsn56zfm9l6sp1m5hqglvb3-hugo-0.147.8"
      },
      "system": "x86_64-linux",
      "group": "toplevel",
      "priority": 5
    },
    {
      "attr_path": "nodejs",
      "broken": false,
      "derivation": "/nix/store/n9kdarp0af3q6dnkp299gyf2sdmcc46w-nodejs-22.14.0.drv",
      "description": "Event-driven I/O framework for the V8 JavaScript engine",
      "install_id": "nodejs",
      "license": "MIT",
      "locked_url": "https://github.com/flox/nixpkgs?rev=9e83b64f727c88a7711a2c463a7b16eedb69a84c",
      "name": "nodejs-22.14.0",
      "pname": "nodejs",
      "rev": "9e83b64f727c88a7711a2c463a7b16eedb69a84c",
      "rev_count": 816272,
      "rev_date": "2025-06-17T04:31:58Z",
      "scrape_date": "2025-06-18T00:36:18.954104Z",
      "stabilities": [
        "unstable"
      ],
      "unfree": false,
      "version": "22.14.0",
      "outputs_to_install": [
        "out"
      ],
      "outputs": {
        "dev": "/nix/store/96vpirdcns8zxdwzwl7n804012lwrf1n-nodejs-22.14.0-dev",
        "libv8": "/nix/store/xph2837xqjnra80mqlk64xp7vb3kkqxs-nodejs-22.14.0-libv8",
        "out": "/nix/store/g5bv4gi6p7ryhs2hbaryxs6ivsxa6lqc-nodejs-22.14.0"
      },
      "system": "aarch64-darwin",
      "group": "toplevel",
      "priority": 5
    },
    {
      "attr_path": "nodejs",
      "broken": false,
      "derivation": "/nix/store/xfgm244jwbgxzikk3aggiy443gmbh8y4-nodejs-22.14.0.drv",
      "description": "Event-driven I/O framework for the V8 JavaScript engine",
      "install_id": "nodejs",
      "license": "MIT",
      "locked_url": "https://github.com/flox/nixpkgs?rev=9e83b64f727c88a7711a2c463a7b16eedb69a84c",
      "name": "nodejs-22.14.0",
      "pname": "nodejs",
      "rev": "9e83b64f727c88a7711a2c463a7b16eedb69a84c",
      "rev_count": 816272,
      "rev_date": "2025-06-17T04:31:58Z",
      "scrape_date": "2025-06-18T00:54:59.355432Z",
      "stabilities": [
        "unstable"
      ],
      "unfree": false,
      "version": "22.14.0",
      "outputs_to_install": [
        "out"
      ],
      "outputs": {
        "dev": "/nix/store/0w5mql46am2qai707a42q983l44l1h9z-nodejs-22.14.0-dev",
        "libv8": "/nix/store/vy56lahz381ayvw3hym3wj4r4ggv7gbk-nodejs-22.14.0-libv8",
        "out": "/nix/store/cwb781xbp70f72njqh8vhvbsf1xq87i5-nodejs-22.14.0"
      },
      "system": "aarch64-linux",
      "group": "toplevel",
      "priority": 5
    },
    {
      "attr_path": "nodejs",
      "broken": false,
      "derivation": "/nix/store/91y7rv83m93dpdpxa1fpvraisvjdq3yw-nodejs-22.14.0.drv",
      "description": "Event-driven I/O framework for the V8 JavaScript engine",
      "install_id": "nodejs",
      "license": "MIT",
      "locked_url": "https://github.com/flox/nixpkgs?rev=9e83b64f727c88a7711a2c463a7b16eedb69a84c",
      "name": "nodejs-22.14.0",
      "pname": "nodejs",
      "rev": "9e83b64f727c88a7711a2c463a7b16eedb69a84c",
      "rev_count": 816272,
      "rev_date": "2025-06-17T04:31:58Z",
      "scrape_date": "2025-06-18T01:12:26.281967Z",
      "stabilities": [
        "unstable"
      ],
      "unfree": false,
      "version": "22.14.0",
      "outputs_to_install": [
        "out"
      ],
      "outputs": {
        "dev": "/nix/store/24n01nfvy908pwzwpgsl0k4227187i7i-nodejs-22.14.0-dev",
        "libv8": "/nix/store/jiwk0in1wk85crn9vp03gg937gbh1s0w-nodejs-22.14.0-libv8",
        "out": "/nix/store/086zjv14ipka2vbpgwil3xyvi5ml4vh3-nodejs-22.14.0"
      },
      "system": "x86_64-darwin",
      "group": "toplevel",
      "priority": 5
    },
    {
      "attr_path": "nodejs",
      "broken": false,
      "derivation": "/nix/store/5h7mrwrpw1fwsm1w2scr3w9rvdfm7bsw-nodejs-22.14.0.drv",
      "description": "Event-driven I/O framework for the V8 JavaScript engine",
      "install_id": "nodejs",
      "license": "MIT",
      "locked_url": "https://github.com/flox/nixpkgs?rev=9e83b64f727c88a7711a2c463a7b16eedb69a84c",
      "name": "nodejs-22.14.0",
      "pname": "nodejs",
      "rev": "9e83b64f727c88a7711a2c463a7b16eedb69a84c",
      "rev_count": 816272,
      "rev_date": "2025-06-17T04:31:58Z",
      "scrape_date": "2025-06-18T01:32:41.022377Z",
      "stabilities": [
        "unstable"
      ],
      "unfree": false,
      "version": "22.14.0",
      "outputs_to_install": [
        "out"
      ],
      "outputs": {
        "dev": "/nix/store/xw8c1c0inxq3xl1d7axz19vq8c05kjk5-nodejs-22.14.0-dev",
        "libv8": "/nix/store/s8gnrgh9hgnbkrc1wrn21d6zvkbvm9vi-nodejs-22.14.0-libv8",
        "out": "/nix/store/c8jxsih8yy2rnncdmx2hyraizf689nvp-nodejs-22.14.0"
      },
      "system": "x86_64-linux",
      "group": "toplevel",
      "priority": 5
    },
    {
      "attr_path": "pgloader",
      "broken": false,
      "derivation": "/nix/store/xxkjq1ddgmk1l2h07zngpw3271j7ni1w-pgloader-3.6.9.drv",
      "description": "Loads data into PostgreSQL and allows you to implement Continuous Migration from your current database to PostgreSQL",
      "install_id": "pgloader",
      "license": "PostgreSQL",
      "locked_url": "https://github.com/flox/nixpkgs?rev=9e83b64f727c88a7711a2c463a7b16eedb69a84c",
      "name": "pgloader-3.6.9",
      "pname": "pgloader",
      "rev": "9e83b64f727c88a7711a2c463a7b16eedb69a84c",
      "rev_count": 816272,
      "rev_date": "2025-06-17T04:31:58Z",
      "scrape_date": "2025-06-18T00:36:23.604529Z",
      "stabilities": [
        "unstable"
      ],
      "unfree": false,
      "version": "3.6.9",
      "outputs_to_install": [
        "out"
      ],
      "outputs": {
        "out": "/nix/store/qzk3sfs2ynh6awv2iz5l27qqdsgsm4jn-pgloader-3.6.9"
      },
      "system": "aarch64-darwin",
      "group": "toplevel",
      "priority": 5
    },
    {
      "attr_path": "pgloader",
      "broken": false,
      "derivation": "/nix/store/53xn9n070a8jlnkcncc3fzwh46fnim3n-pgloader-3.6.9.drv",
      "description": "Loads data into PostgreSQL and allows you to implement Continuous Migration from your current database to PostgreSQL",
      "install_id": "pgloader",
      "license": "PostgreSQL",
      "locked_url": "https://github.com/flox/nixpkgs?rev=9e83b64f727c88a7711a2c463a7b16eedb69a84c",
      "name": "pgloader-3.6.9",
      "pname": "pgloader",
      "rev": "9e83b64f727c88a7711a2c463a7b16eedb69a84c",
      "rev_count": 816272,
      "rev_date": "2025-06-17T04:31:58Z",
      "scrape_date": "2025-06-18T00:55:07.823859Z",
      "stabilities": [
        "unstable"
      ],
      "unfree": false,
      "version": "3.6.9",
      "outputs_to_install": [
        "out"
      ],
      "outputs": {
        "out": "/nix/store/8yzhqbqr8hx81v2wa7wg909afqmb9hsy-pgloader-3.6.9"
      },
      "system": "aarch64-linux",
      "group": "toplevel",
      "priority": 5
    },
    {
      "attr_path": "pgloader",
      "broken": false,
      "derivation": "/nix/store/010ssmay1152dq3pgnsb216sl9cfnawa-pgloader-3.6.9.drv",
      "description": "Loads data into PostgreSQL and allows you to implement Continuous Migration from your current database to PostgreSQL",
      "install_id": "pgloader",
      "license": "PostgreSQL",
      "locked_url": "https://github.com/flox/nixpkgs?rev=9e83b64f727c88a7711a2c463a7b16eedb69a84c",
      "name": "pgloader-3.6.9",
      "pname": "pgloader",
      "rev": "9e83b64f727c88a7711a2c463a7b16eedb69a84c",
      "rev_count": 816272,
      "rev_date": "2025-06-17T04:31:58Z",
      "scrape_date": "2025-06-18T01:12:31.083063Z",
      "stabilities": [
        "unstable"
      ],
      "unfree": false,
      "version": "3.6.9",
      "outputs_to_install": [
        "out"
      ],
      "outputs": {
        "out": "/nix/store/8wvnfc4kns7wdpdpylhw123c0hgmrnzl-pgloader-3.6.9"
      },
      "system": "x86_64-darwin",
      "group": "toplevel",
      "priority": 5
    },
    {
      "attr_path": "pgloader",
      "broken": false,
      "derivation": "/nix/store/64wlk89cfxdwm7ykkpv3b6ccnd9xppx8-pgloader-3.6.9.drv",
      "description": "Loads data into PostgreSQL and allows you to implement Continuous Migration from your current database to PostgreSQL",
      "install_id": "pgloader",
      "license": "PostgreSQL",
      "locked_url": "https://github.com/flox/nixpkgs?rev=9e83b64f727c88a7711a2c463a7b16eedb69a84c",
      "name": "pgloader-3.6.9",
      "pname": "pgloader",
      "rev": "9e83b64f727c88a7711a2c463a7b16eedb69a84c",
      "rev_count": 816272,
      "rev_date": "2025-06-17T04:31:58Z",
      "scrape_date": "2025-06-18T01:32:50.375647Z",
      "stabilities": [
        "unstable"
      ],
      "unfree": false,
      "version": "3.6.9",
      "outputs_to_install": [
        "out"
      ],
      "outputs": {
        "out": "/nix/store/9picv8v6b0hyix1x4xk5slvw61dbj3yi-pgloader-3.6.9"
      },
      "system": "x86_64-linux",
      "group": "toplevel",
      "priority": 5
    },
    {
      "attr_path": "postgresql",
      "broken": false,
      "derivation": "/nix/store/li21s6zxsxcqbcrxzr3dzlj6lly4p1r2-postgresql-17.5.drv",
      "description": "Powerful, open source object-relational database system",
      "install_id": "postgresql",
      "license": "PostgreSQL",
      "locked_url": "https://github.com/flox/nixpkgs?rev=9e83b64f727c88a7711a2c463a7b16eedb69a84c",
      "name": "postgresql-17.5",
      "pname": "postgresql",
      "rev": "9e83b64f727c88a7711a2c463a7b16eedb69a84c",
      "rev_count": 816272,
      "rev_date": "2025-06-17T04:31:58Z",
      "scrape_date": "2025-06-18T00:36:24.334921Z",
      "stabilities": [
        "unstable"
      ],
      "unfree": false,
      "version": "17.5",
      "outputs_to_install": [
        "man",
        "out"
      ],
      "outputs": {
        "dev": "/nix/store/ijhl7ddpkq06ywcffc907c92rnc5mzwk-postgresql-17.5-dev",
        "doc": "/nix/store/h0nsafh8f5n46b34na0b2y21na34y9cx-postgresql-17.5-doc",
        "jit": "/nix/store/b74f8h0yr6pmcd82c9bwvdpwbj5bmmq5-postgresql-17.5-jit",
        "lib": "/nix/store/i5dmq970llliwpzjizznhb9ciyylqbx3-postgresql-17.5-lib",
        "man": "/nix/store/vzdz6hmav9baicc9xa8nan56f8n4pn7m-postgresql-17.5-man",
        "out": "/nix/store/w6cjhp0006p6dwmlcp1klz3sayylg4l2-postgresql-17.5",
        "plperl": "/nix/store/skgb73k0bhahw2nkrbm03ir1q77vrbwr-postgresql-17.5-plperl",
        "plpython3": "/nix/store/2hnbya8x4a3f9h8iprawqlxymmnz9dhc-postgresql-17.5-plpython3",
        "pltcl": "/nix/store/8x3lm78byg0i15y4zn0ga1xkrwcic4sg-postgresql-17.5-pltcl"
      },
      "system": "aarch64-darwin",
      "group": "toplevel",
      "priority": 5
    },
    {
      "attr_path": "postgresql",
      "broken": false,
      "derivation": "/nix/store/rw4178yl86kjdx7yp715cwhppigfwf58-postgresql-17.5.drv",
      "description": "Powerful, open source object-relational database system",
      "install_id": "postgresql",
      "license": "PostgreSQL",
      "locked_url": "https://github.com/flox/nixpkgs?rev=9e83b64f727c88a7711a2c463a7b16eedb69a84c",
      "name": "postgresql-17.5",
      "pname": "postgresql",
      "rev": "9e83b64f727c88a7711a2c463a7b16eedb69a84c",
      "rev_count": 816272,
      "rev_date": "2025-06-17T04:31:58Z",
      "scrape_date": "2025-06-18T00:55:09.629941Z",
      "stabilities": [
        "unstable"
      ],
      "unfree": false,
      "version": "17.5",
      "outputs_to_install": [
        "man",
        "out"
      ],
      "outputs": {
        "debug": "/nix/store/vcnk11132d8132rl4jhyps37bybicwck-postgresql-17.5-debug",
        "dev": "/nix/store/cnk1lcc3qq3p6dy7gcbshhwwhklcx6v8-postgresql-17.5-dev",
        "doc": "/nix/store/xn48vj4zzr4pbzsalxvfp57nfk341f4p-postgresql-17.5-doc",
        "jit": "/nix/store/qha3ksm11i9i7jxb8xp2xs3pkwq7h630-postgresql-17.5-jit",
        "lib": "/nix/store/l9g5i29ckavvz194hxwvygdcnbqmcq43-postgresql-17.5-lib",
        "man": "/nix/store/wy6bfmwhjfpnipx3v7ilvbz1c5inhrl7-postgresql-17.5-man",
        "out": "/nix/store/sj9dhaxpfixvy0kbr9fwkxghcn1z98ah-postgresql-17.5",
        "plperl": "/nix/store/2p77q0gf1y5i33dvy92hda83s39slxs4-postgresql-17.5-plperl",
        "plpython3": "/nix/store/ydhjmfgnfqv9xk31fhqnms6c2dnsq51y-postgresql-17.5-plpython3",
        "pltcl": "/nix/store/m8g1ncvwx9kg0g2a66qnkh22ykxpwsph-postgresql-17.5-pltcl"
      },
      "system": "aarch64-linux",
      "group": "toplevel",
      "priority": 5
    },
    {
      "attr_path": "postgresql",
      "broken": false,
      "derivation": "/nix/store/49kw0hn78c8qf0qysmys8lk19phi29jm-postgresql-17.5.drv",
      "description": "Powerful, open source object-relational database system",
      "install_id": "postgresql",
      "license": "PostgreSQL",
      "locked_url": "https://github.com/flox/nixpkgs?rev=9e83b64f727c88a7711a2c463a7b16eedb69a84c",
      "name": "postgresql-17.5",
      "pname": "postgresql",
      "rev": "9e83b64f727c88a7711a2c463a7b16eedb69a84c",
      "rev_count": 816272,
      "rev_date": "2025-06-17T04:31:58Z",
      "scrape_date": "2025-06-18T01:12:31.832907Z",
      "stabilities": [
        "unstable"
      ],
      "unfree": false,
      "version": "17.5",
      "outputs_to_install": [
        "man",
        "out"
      ],
      "outputs": {
        "dev": "/nix/store/whcw1nq5ls5rwxg3y14zkgx0890ccl89-postgresql-17.5-dev",
        "doc": "/nix/store/hif045vfd6knwszxv14ll3ql15aw5rqq-postgresql-17.5-doc",
        "jit": "/nix/store/akjz88mpjkpw9xfa5ym7j4xl63nqjz8k-postgresql-17.5-jit",
        "lib": "/nix/store/amd0rc4q4xii02n0gnspcn6841b35114-postgresql-17.5-lib",
        "man": "/nix/store/cngsyk2hlaakgnwvwwnldy7d6bihdgr6-postgresql-17.5-man",
        "out": "/nix/store/xx9qfyc9cgfzr2ya3kw7gr6mwzki5ywl-postgresql-17.5",
        "plperl": "/nix/store/p68k68a2g0gkjnl3kmqf6iih3fs5wcvn-postgresql-17.5-plperl",
        "plpython3": "/nix/store/7bmwl47wwd1zqdjsg5wc68x54psdldfp-postgresql-17.5-plpython3",
        "pltcl": "/nix/store/snasrw65962fc1i24v1mflm75mcl6bc5-postgresql-17.5-pltcl"
      },
      "system": "x86_64-darwin",
      "group": "toplevel",
      "priority": 5
    },
    {
      "attr_path": "postgresql",
      "broken": false,
      "derivation": "/nix/store/z8z50jmi923l8wypkkivc4w74ppb8ami-postgresql-17.5.drv",
      "description": "Powerful, open source object-relational database system",
      "install_id": "postgresql",
      "license": "PostgreSQL",
      "locked_url": "https://github.com/flox/nixpkgs?rev=9e83b64f727c88a7711a2c463a7b16eedb69a84c",
      "name": "postgresql-17.5",
      "pname": "postgresql",
      "rev": "9e83b64f727c88a7711a2c463a7b16eedb69a84c",
      "rev_count": 816272,
      "rev_date": "2025-06-17T04:31:58Z",
      "scrape_date": "2025-06-18T01:32:52.353748Z",
      "stabilities": [
        "unstable"
      ],
      "unfree": false,
      "version": "17.5",
      "outputs_to_install": [
        "man",
        "out"
      ],
      "outputs": {
        "debug": "/nix/store/g7yq4ci3a09nwc8c7rkrvnkj9yknwpcx-postgresql-17.5-debug",
        "dev": "/nix/store/578hp6h741gwi4wh1nx6rflsnicp2hwn-postgresql-17.5-dev",
        "doc": "/nix/store/hc9w7h6869k2yjxrimywvpmj9651sfyd-postgresql-17.5-doc",
        "jit": "/nix/store/p1sbiwh6jsviwd8x8pd2dnqjj89f65ha-postgresql-17.5-jit",
        "lib": "/nix/store/zxafhaznnkcv8ixp56f0b3hymjn71xb3-postgresql-17.5-lib",
        "man": "/nix/store/d4cw3yz6k9769ivs0kq5fw107l3d6y4c-postgresql-17.5-man",
        "out": "/nix/store/jgvr5576yv6vxaxn9ps09222ii889zhk-postgresql-17.5",
        "plperl": "/nix/store/0a5qlx9vqrh3j4gcxfcbw1v1mbbv14b1-postgresql-17.5-plperl",
        "plpython3": "/nix/store/bwr4pjlfsif74s9mdg9jml9w0d272w6b-postgresql-17.5-plpython3",
        "pltcl": "/nix/store/n3l2a0ys9k6cl3p6i7w93klgc049avz7-postgresql-17.5-pltcl"
      },
      "system": "x86_64-linux",
      "group": "toplevel",
      "priority": 5
    },
    {
      "attr_path": "python3",
      "broken": false,
      "derivation": "/nix/store/b3gcarlbbnfv6walgjbcf21ay5n609p1-python3-3.12.10.drv",
      "description": "High-level dynamically-typed programming language",
      "install_id": "python3",
      "license": "Python-2.0",
      "locked_url": "https://github.com/flox/nixpkgs?rev=9e83b64f727c88a7711a2c463a7b16eedb69a84c",
      "name": "python3-3.12.10",
      "pname": "python3",
      "rev": "9e83b64f727c88a7711a2c463a7b16eedb69a84c",
      "rev_count": 816272,
      "rev_date": "2025-06-17T04:31:58Z",
      "scrape_date": "2025-06-18T00:36:24.954481Z",
      "stabilities": [
        "unstable"
      ],
      "unfree": false,
      "version": "3.12.10",
      "outputs_to_install": [
        "out"
      ],
      "outputs": {
        "out": "/nix/store/v0vy1c59f0vf71h64caw17hzymvg0zms-python3-3.12.10"
      },
      "system": "aarch64-darwin",
      "group": "toplevel",
      "priority": 5
    },
    {
      "attr_path": "python3",
      "broken": false,
      "derivation": "/nix/store/255a922py8f7cs97nwazx68jiz2zl0r8-python3-3.12.10.drv",
      "description": "High-level dynamically-typed programming language",
      "install_id": "python3",
      "license": "Python-2.0",
      "locked_url": "https://github.com/flox/nixpkgs?rev=9e83b64f727c88a7711a2c463a7b16eedb69a84c",
      "name": "python3-3.12.10",
      "pname": "python3",
      "rev": "9e83b64f727c88a7711a2c463a7b16eedb69a84c",
      "rev_count": 816272,
      "rev_date": "2025-06-17T04:31:58Z",
      "scrape_date": "2025-06-18T00:55:10.781687Z",
      "stabilities": [
        "unstable"
      ],
      "unfree": false,
      "version": "3.12.10",
      "outputs_to_install": [
        "out"
      ],
      "outputs": {
        "debug": "/nix/store/p61ablwahkxdx97pwlz29b04zpncgmvg-python3-3.12.10-debug",
        "out": "/nix/store/rpf3admp58i0lwmsbv0y3dg7l7qqj4a9-python3-3.12.10"
      },
      "system": "aarch64-linux",
      "group": "toplevel",
      "priority": 5
    },
    {
      "attr_path": "python3",
      "broken": false,
      "derivation": "/nix/store/6bz0xjfswjawj6anvyw9mbk8fh8rd6sw-python3-3.12.10.drv",
      "description": "High-level dynamically-typed programming language",
      "install_id": "python3",
      "license": "Python-2.0",
      "locked_url": "https://github.com/flox/nixpkgs?rev=9e83b64f727c88a7711a2c463a7b16eedb69a84c",
      "name": "python3-3.12.10",
      "pname": "python3",
      "rev": "9e83b64f727c88a7711a2c463a7b16eedb69a84c",
      "rev_count": 816272,
      "rev_date": "2025-06-17T04:31:58Z",
      "scrape_date": "2025-06-18T01:12:32.471151Z",
      "stabilities": [
        "unstable"
      ],
      "unfree": false,
      "version": "3.12.10",
      "outputs_to_install": [
        "out"
      ],
      "outputs": {
        "out": "/nix/store/g13l84j8gn1fdhl3pzkg2r9ip9jz1hhd-python3-3.12.10"
      },
      "system": "x86_64-darwin",
      "group": "toplevel",
      "priority": 5
    },
    {
      "attr_path": "python3",
      "broken": false,
      "derivation": "/nix/store/h95xflanqqarxi1j9wxmmvsh62yz8nv1-python3-3.12.10.drv",
      "description": "High-level dynamically-typed programming language",
      "install_id": "python3",
      "license": "Python-2.0",
      "locked_url": "https://github.com/flox/nixpkgs?rev=9e83b64f727c88a7711a2c463a7b16eedb69a84c",
      "name": "python3-3.12.10",
      "pname": "python3",
      "rev": "9e83b64f727c88a7711a2c463a7b16eedb69a84c",
      "rev_count": 816272,
      "rev_date": "2025-06-17T04:31:58Z",
      "scrape_date": "2025-06-18T01:32:53.612669Z",
      "stabilities": [
        "unstable"
      ],
      "unfree": false,
      "version": "3.12.10",
      "outputs_to_install": [
        "out"
      ],
      "outputs": {
        "debug": "/nix/store/fi03x2bn49bmm3h53snkdmkypilnd5n2-python3-3.12.10-debug",
        "out": "/nix/store/8w718rm43x7z73xhw9d6vh8s4snrq67h-python3-3.12.10"
      },
      "system": "x86_64-linux",
      "group": "toplevel",
      "priority": 5
    },
    {
      "attr_path": "ruby",
      "broken": false,
      "derivation": "/nix/store/f70whcr72q06gmnmc6s64j4r148i8asd-ruby-3.3.8.drv",
      "description": "Object-oriented language for quick and easy programming",
      "install_id": "ruby",
      "license": "Ruby",
      "locked_url": "https://github.com/flox/nixpkgs?rev=9e83b64f727c88a7711a2c463a7b16eedb69a84c",
      "name": "ruby-3.3.8",
      "pname": "ruby",
      "rev": "9e83b64f727c88a7711a2c463a7b16eedb69a84c",
      "rev_count": 816272,
      "rev_date": "2025-06-17T04:31:58Z",
      "scrape_date": "2025-06-18T00:36:45.879609Z",
      "stabilities": [
        "unstable"
      ],
      "unfree": false,
      "version": "3.3.8",
      "outputs_to_install": [
        "out"
      ],
      "outputs": {
        "devdoc": "/nix/store/yskdfix70crbglrask279irgiv452gxm-ruby-3.3.8-devdoc",
        "out": "/nix/store/lhrxdn23b0mhpq78ki2n3imb32c51xp9-ruby-3.3.8"
      },
      "system": "aarch64-darwin",
      "group": "toplevel",
      "priority": 5
    },
    {
      "attr_path": "ruby",
      "broken": false,
      "derivation": "/nix/store/mh6blbcwm88fhirblgw9xlkmi5l38gaw-ruby-3.3.8.drv",
      "description": "Object-oriented language for quick and easy programming",
      "install_id": "ruby",
      "license": "Ruby",
      "locked_url": "https://github.com/flox/nixpkgs?rev=9e83b64f727c88a7711a2c463a7b16eedb69a84c",
      "name": "ruby-3.3.8",
      "pname": "ruby",
      "rev": "9e83b64f727c88a7711a2c463a7b16eedb69a84c",
      "rev_count": 816272,
      "rev_date": "2025-06-17T04:31:58Z",
      "scrape_date": "2025-06-18T00:55:42.328994Z",
      "stabilities": [
        "unstable"
      ],
      "unfree": false,
      "version": "3.3.8",
      "outputs_to_install": [
        "out"
      ],
      "outputs": {
        "devdoc": "/nix/store/wy1wz3n27n43pnbaycfq9d1s7wjiy0wv-ruby-3.3.8-devdoc",
        "out": "/nix/store/33nppwhlzcva2mizibic9jybllvnj12n-ruby-3.3.8"
      },
      "system": "aarch64-linux",
      "group": "toplevel",
      "priority": 5
    },
    {
      "attr_path": "ruby",
      "broken": false,
      "derivation": "/nix/store/7y5h6yhb4s80r3pyq0paid3xbzz4dp3b-ruby-3.3.8.drv",
      "description": "Object-oriented language for quick and easy programming",
      "install_id": "ruby",
      "license": "Ruby",
      "locked_url": "https://github.com/flox/nixpkgs?rev=9e83b64f727c88a7711a2c463a7b16eedb69a84c",
      "name": "ruby-3.3.8",
      "pname": "ruby",
      "rev": "9e83b64f727c88a7711a2c463a7b16eedb69a84c",
      "rev_count": 816272,
      "rev_date": "2025-06-17T04:31:58Z",
      "scrape_date": "2025-06-18T01:12:53.843525Z",
      "stabilities": [
        "unstable"
      ],
      "unfree": false,
      "version": "3.3.8",
      "outputs_to_install": [
        "out"
      ],
      "outputs": {
        "devdoc": "/nix/store/r4nm3wvjqvl4393caz0visq1b2ribnpl-ruby-3.3.8-devdoc",
        "out": "/nix/store/25f5x4dzgwmr0cpbzq3asrnchj6kjdcj-ruby-3.3.8"
      },
      "system": "x86_64-darwin",
      "group": "toplevel",
      "priority": 5
    },
    {
      "attr_path": "ruby",
      "broken": false,
      "derivation": "/nix/store/4kbbb9qddll2rvqgq891fy13qh7pnbwc-ruby-3.3.8.drv",
      "description": "Object-oriented language for quick and easy programming",
      "install_id": "ruby",
      "license": "Ruby",
      "locked_url": "https://github.com/flox/nixpkgs?rev=9e83b64f727c88a7711a2c463a7b16eedb69a84c",
      "name": "ruby-3.3.8",
      "pname": "ruby",
      "rev": "9e83b64f727c88a7711a2c463a7b16eedb69a84c",
      "rev_count": 816272,
      "rev_date": "2025-06-17T04:31:58Z",
      "scrape_date": "2025-06-18T01:33:27.619429Z",
      "stabilities": [
        "unstable"
      ],
      "unfree": false,
      "version": "3.3.8",
      "outputs_to_install": [
        "out"
      ],
      "outputs": {
        "devdoc": "/nix/store/z8z4ndssnskqg5lb1a4n16rswrqlggfh-ruby-3.3.8-devdoc",
        "out": "/nix/store/9jslgkvdkn42hlc52mr25f37jsa5rxga-ruby-3.3.8"
      },
      "system": "x86_64-linux",
      "group": "toplevel",
      "priority": 5
    }
  ]
}