{
  "lockfile-version": 1,
  "manifest": {
    "version": 1,
    "install": {
      "deno": {
        "pkg-path": "deno"
      },
      "dotnet-sdk_8": {
        "pkg-path": "dotnet-sdk_8"
      },
      "elixir": {
        "pkg-path": "elixir"
      },
      "erlang": {
        "pkg-path": "erlang"
      },
      "go": {
        "pkg-path": "go"
      },
      "hugo": {
        "pkg-path": "hugo"
      },
      "nodejs": {
        "pkg-path": "nodejs",
        "version": "22"
      },
      "pgloader": {
        "pkg-path": "pgloader"
      },
      "postgresql": {
        "pkg-path": "postgresql"
      },
      "python3": {
        "pkg-path": "python3"
      },
      "ruby": {
        "pkg-path": "ruby"
      }
    },
    "hook": {},
    "profile": {},
    "options": {
      "systems": [
        "aarch64-darwin",
        "aarch64-linux",
        "x86_64-darwin",
        "x86_64-linux"
      ]
    }
  },
  "packages": [
    {
      "attr_path": "deno",
      "broken": false,
      "derivation": "/nix/store/2c2ap8phdv0hsy5s1ri1vdi02m88w5h1-deno-2.4.0.drv",
      "description": "Secure runtime for JavaScript and TypeScript",
      "install_id": "deno",
      "license": "MIT",
      "locked_url": "https://github.com/flox/nixpkgs?rev=9807714d6944a957c2e036f84b0ff8caf9930bc0",
      "name": "deno-2.4.0",
      "pname": "deno",
      "rev": "9807714d6944a957c2e036f84b0ff8caf9930bc0",
      "rev_count": 826938,
      "rev_date": "2025-07-08T14:16:20Z",
      "scrape_date": "2025-07-10T05:14:30.557973Z",
      "stabilities": [
        "staging",
        "unstable"
      ],
      "unfree": false,
      "version": "2.4.0",
      "outputs_to_install": [
        "out"
      ],
      "outputs": {
        "out": "/nix/store/357kjw5s4ww7b5fa3spfjcar5za7yqav-deno-2.4.0"
      },
      "system": "aarch64-darwin",
      "group": "toplevel",
      "priority": 5
    },
    {
      "attr_path": "deno",
      "broken": false,
      "derivation": "/nix/store/h7pc61rb4ix739rfp7sgak04hdj7a1xv-deno-2.4.0.drv",
      "description": "Secure runtime for JavaScript and TypeScript",
      "install_id": "deno",
      "license": "MIT",
      "locked_url": "https://github.com/flox/nixpkgs?rev=9807714d6944a957c2e036f84b0ff8caf9930bc0",
      "name": "deno-2.4.0",
      "pname": "deno",
      "rev": "9807714d6944a957c2e036f84b0ff8caf9930bc0",
      "rev_count": 826938,
      "rev_date": "2025-07-08T14:16:20Z",
      "scrape_date": "2025-07-10T05:34:50.695592Z",
      "stabilities": [
        "staging",
        "unstable"
      ],
      "unfree": false,
      "version": "2.4.0",
      "outputs_to_install": [
        "out"
      ],
      "outputs": {
        "out": "/nix/store/kz4sjlf826p0j775djhfyxz02i651ynw-deno-2.4.0"
      },
      "system": "aarch64-linux",
      "group": "toplevel",
      "priority": 5
    },
    {
      "attr_path": "deno",
      "broken": false,
      "derivation": "/nix/store/x4dhz5vcwbv46rql2mljq40rrl9wjr48-deno-2.4.0.drv",
      "description": "Secure runtime for JavaScript and TypeScript",
      "install_id": "deno",
      "license": "MIT",
      "locked_url": "https://github.com/flox/nixpkgs?rev=9807714d6944a957c2e036f84b0ff8caf9930bc0",
      "name": "deno-2.4.0",
      "pname": "deno",
      "rev": "9807714d6944a957c2e036f84b0ff8caf9930bc0",
      "rev_count": 826938,
      "rev_date": "2025-07-08T14:16:20Z",
      "scrape_date": "2025-07-10T05:53:48.830036Z",
      "stabilities": [
        "staging",
        "unstable"
      ],
      "unfree": false,
      "version": "2.4.0",
      "outputs_to_install": [
        "out"
      ],
      "outputs": {
        "out": "/nix/store/g8yrbm2wly88s9qi5ckl14ppg9dwy3w1-deno-2.4.0"
      },
      "system": "x86_64-darwin",
      "group": "toplevel",
      "priority": 5
    },
    {
      "attr_path": "deno",
      "broken": false,
      "derivation": "/nix/store/gqpn21j4q11za3kjdm7l2dmhq7izj736-deno-2.4.0.drv",
      "description": "Secure runtime for JavaScript and TypeScript",
      "install_id": "deno",
      "license": "MIT",
      "locked_url": "https://github.com/flox/nixpkgs?rev=9807714d6944a957c2e036f84b0ff8caf9930bc0",
      "name": "deno-2.4.0",
      "pname": "deno",
      "rev": "9807714d6944a957c2e036f84b0ff8caf9930bc0",
      "rev_count": 826938,
      "rev_date": "2025-07-08T14:16:20Z",
      "scrape_date": "2025-07-10T06:15:25.098373Z",
      "stabilities": [
        "staging",
        "unstable"
      ],
      "unfree": false,
      "version": "2.4.0",
      "outputs_to_install": [
        "out"
      ],
      "outputs": {
        "out": "/nix/store/5zixj2357lar1zg2x650cqjmjpqmfca8-deno-2.4.0"
      },
      "system": "x86_64-linux",
      "group": "toplevel",
      "priority": 5
    },
    {
      "attr_path": "dotnet-sdk_8",
      "broken": false,
      "derivation": "/nix/store/29bv9mfr8770z4xs3pslsx7wj9ifjawm-dotnet-sdk-wrapped-8.0.411.drv",
      "description": "Core functionality needed to create .NET Core projects, that is shared between Visual Studio and CLI (wrapper) (combined) (wrapper)",
      "install_id": "dotnet-sdk_8",
      "license": "MIT",
      "locked_url": "https://github.com/flox/nixpkgs?rev=9807714d6944a957c2e036f84b0ff8caf9930bc0",
      "name": "dotnet-sdk-wrapped-8.0.411",
      "pname": "dotnet-sdk_8",
      "rev": "9807714d6944a957c2e036f84b0ff8caf9930bc0",
      "rev_count": 826938,
      "rev_date": "2025-07-08T14:16:20Z",
      "scrape_date": "2025-07-10T05:14:30.618318Z",
      "stabilities": [
        "staging",
        "unstable"
      ],
      "unfree": false,
      "version": "8.0.411",
      "outputs_to_install": [
        "out"
      ],
      "outputs": {
        "out": "/nix/store/m4vlkn1fqq5b8wby189hn4vl7naw3cv8-dotnet-sdk-wrapped-8.0.411"
      },
      "system": "aarch64-darwin",
      "group": "toplevel",
      "priority": 5
    },
    {
      "attr_path": "dotnet-sdk_8",
      "broken": false,
      "derivation": "/nix/store/r111zl8cqfl1rfgh56f4mr0njpcawp8d-dotnet-sdk-wrapped-8.0.411.drv",
      "description": "Core functionality needed to create .NET Core projects, that is shared between Visual Studio and CLI (wrapper) (combined) (wrapper)",
      "install_id": "dotnet-sdk_8",
      "license": "MIT",
      "locked_url": "https://github.com/flox/nixpkgs?rev=9807714d6944a957c2e036f84b0ff8caf9930bc0",
      "name": "dotnet-sdk-wrapped-8.0.411",
      "pname": "dotnet-sdk_8",
      "rev": "9807714d6944a957c2e036f84b0ff8caf9930bc0",
      "rev_count": 826938,
      "rev_date": "2025-07-08T14:16:20Z",
      "scrape_date": "2025-07-10T05:34:50.791703Z",
      "stabilities": [
        "staging",
        "unstable"
      ],
      "unfree": false,
      "version": "8.0.411",
      "outputs_to_install": [
        "out"
      ],
      "outputs": {
        "out": "/nix/store/z33pynfli9kfdbia8k6kww99zjwcxmjz-dotnet-sdk-wrapped-8.0.411"
      },
      "system": "aarch64-linux",
      "group": "toplevel",
      "priority": 5
    },
    {
      "attr_path": "dotnet-sdk_8",
      "broken": false,
      "derivation": "/nix/store/dgidxsh6wvj43p743qdx1f6akl65y0ab-dotnet-sdk-wrapped-8.0.411.drv",
      "description": ".NET Runtime 8.0.17 (wrapper) (combined) (wrapper)",
      "install_id": "dotnet-sdk_8",
      "license": "MIT",
      "locked_url": "https://github.com/flox/nixpkgs?rev=9807714d6944a957c2e036f84b0ff8caf9930bc0",
      "name": "dotnet-sdk-wrapped-8.0.411",
      "pname": "dotnet-sdk_8",
      "rev": "9807714d6944a957c2e036f84b0ff8caf9930bc0",
      "rev_count": 826938,
      "rev_date": "2025-07-08T14:16:20Z",
      "scrape_date": "2025-07-10T05:53:48.891712Z",
      "stabilities": [
        "staging",
        "unstable"
      ],
      "unfree": false,
      "version": "8.0.411",
      "outputs_to_install": [
        "out"
      ],
      "outputs": {
        "out": "/nix/store/w6q4l84ly3ipmmi1diw474j3zwiwsj5i-dotnet-sdk-wrapped-8.0.411"
      },
      "system": "x86_64-darwin",
      "group": "toplevel",
      "priority": 5
    },
    {
      "attr_path": "dotnet-sdk_8",
      "broken": false,
      "derivation": "/nix/store/fkaa52v3s0rrqh0y1xzpybna0xvan5jw-dotnet-sdk-wrapped-8.0.411.drv",
      "description": "Core functionality needed to create .NET Core projects, that is shared between Visual Studio and CLI (wrapper) (combined) (wrapper)",
      "install_id": "dotnet-sdk_8",
      "license": "MIT",
      "locked_url": "https://github.com/flox/nixpkgs?rev=9807714d6944a957c2e036f84b0ff8caf9930bc0",
      "name": "dotnet-sdk-wrapped-8.0.411",
      "pname": "dotnet-sdk_8",
      "rev": "9807714d6944a957c2e036f84b0ff8caf9930bc0",
      "rev_count": 826938,
      "rev_date": "2025-07-08T14:16:20Z",
      "scrape_date": "2025-07-10T06:15:25.205105Z",
      "stabilities": [
        "staging",
        "unstable"
      ],
      "unfree": false,
      "version": "8.0.411",
      "outputs_to_install": [
        "out"
      ],
      "outputs": {
        "out": "/nix/store/5dqw7pskbjqhnsxrp65kpry4kzzl7kyk-dotnet-sdk-wrapped-8.0.411"
      },
      "system": "x86_64-linux",
      "group": "toplevel",
      "priority": 5
    },
    {
      "attr_path": "elixir",
      "broken": false,
      "derivation": "/nix/store/qwhvwh1ynk0i92g4x5hnfkq04jqh18k1-elixir-1.18.4.drv",
      "description": "Functional, meta-programming aware language built on top of the Erlang VM",
      "install_id": "elixir",
      "license": "Apache-2.0",
      "locked_url": "https://github.com/flox/nixpkgs?rev=9807714d6944a957c2e036f84b0ff8caf9930bc0",
      "name": "elixir-1.18.4",
      "pname": "elixir",
      "rev": "9807714d6944a957c2e036f84b0ff8caf9930bc0",
      "rev_count": 826938,
      "rev_date": "2025-07-08T14:16:20Z",
      "scrape_date": "2025-07-10T05:14:30.697024Z",
      "stabilities": [
        "staging",
        "unstable"
      ],
      "unfree": false,
      "version": "1.18.4",
      "outputs_to_install": [
        "out"
      ],
      "outputs": {
        "out": "/nix/store/7h6061zahn13isy3j6hlms0if64navv5-elixir-1.18.4"
      },
      "system": "aarch64-darwin",
      "group": "toplevel",
      "priority": 5
    },
    {
      "attr_path": "elixir",
      "broken": false,
      "derivation": "/nix/store/jvgv0p5h1jbi362mkj2z2w07pz8zj5in-elixir-1.18.4.drv",
      "description": "Functional, meta-programming aware language built on top of the Erlang VM",
      "install_id": "elixir",
      "license": "Apache-2.0",
      "locked_url": "https://github.com/flox/nixpkgs?rev=9807714d6944a957c2e036f84b0ff8caf9930bc0",
      "name": "elixir-1.18.4",
      "pname": "elixir",
      "rev": "9807714d6944a957c2e036f84b0ff8caf9930bc0",
      "rev_count": 826938,
      "rev_date": "2025-07-08T14:16:20Z",
      "scrape_date": "2025-07-10T05:34:50.916932Z",
      "stabilities": [
        "staging",
        "unstable"
      ],
      "unfree": false,
      "version": "1.18.4",
      "outputs_to_install": [
        "out"
      ],
      "outputs": {
        "out": "/nix/store/mha0ynsn9asyv5p0a91prkvz99anbxgg-elixir-1.18.4"
      },
      "system": "aarch64-linux",
      "group": "toplevel",
      "priority": 5
    },
    {
      "attr_path": "elixir",
      "broken": false,
      "derivation": "/nix/store/8j219ymcvwls06s831qpahns3fxk23np-elixir-1.18.4.drv",
      "description": "Functional, meta-programming aware language built on top of the Erlang VM",
      "install_id": "elixir",
      "license": "Apache-2.0",
      "locked_url": "https://github.com/flox/nixpkgs?rev=9807714d6944a957c2e036f84b0ff8caf9930bc0",
      "name": "elixir-1.18.4",
      "pname": "elixir",
      "rev": "9807714d6944a957c2e036f84b0ff8caf9930bc0",
      "rev_count": 826938,
      "rev_date": "2025-07-08T14:16:20Z",
      "scrape_date": "2025-07-10T05:53:48.973217Z",
      "stabilities": [
        "staging",
        "unstable"
      ],
      "unfree": false,
      "version": "1.18.4",
      "outputs_to_install": [
        "out"
      ],
      "outputs": {
        "out": "/nix/store/gnlzqvg7qagf1is3kg3nfxgksc3zwgfc-elixir-1.18.4"
      },
      "system": "x86_64-darwin",
      "group": "toplevel",
      "priority": 5
    },
    {
      "attr_path": "elixir",
      "broken": false,
      "derivation": "/nix/store/4ab1jjjxfhyjp9i3lyxh3i3qgncgzxz6-elixir-1.18.4.drv",
      "description": "Functional, meta-programming aware language built on top of the Erlang VM",
      "install_id": "elixir",
      "license": "Apache-2.0",
      "locked_url": "https://github.com/flox/nixpkgs?rev=9807714d6944a957c2e036f84b0ff8caf9930bc0",
      "name": "elixir-1.18.4",
      "pname": "elixir",
      "rev": "9807714d6944a957c2e036f84b0ff8caf9930bc0",
      "rev_count": 826938,
      "rev_date": "2025-07-08T14:16:20Z",
      "scrape_date": "2025-07-10T06:15:25.347981Z",
      "stabilities": [
        "staging",
        "unstable"
      ],
      "unfree": false,
      "version": "1.18.4",
      "outputs_to_install": [
        "out"
      ],
      "outputs": {
        "out": "/nix/store/7l0w2yhsqqdfk44s4xybgjfjp7mkbfar-elixir-1.18.4"
      },
      "system": "x86_64-linux",
      "group": "toplevel",
      "priority": 5
    },
    {
      "attr_path": "erlang",
      "broken": false,
      "derivation": "/nix/store/xyl49pz4mqpsss6ijb4h03cqfz4q501b-erlang-27.3.4.1.drv",
      "description": "Programming language used for massively scalable soft real-time systems",
      "install_id": "erlang",
      "license": "Apache-2.0",
      "locked_url": "https://github.com/flox/nixpkgs?rev=9807714d6944a957c2e036f84b0ff8caf9930bc0",
      "name": "erlang-27.3.4.1",
      "pname": "erlang",
      "rev": "9807714d6944a957c2e036f84b0ff8caf9930bc0",
      "rev_count": 826938,
      "rev_date": "2025-07-08T14:16:20Z",
      "scrape_date": "2025-07-10T05:14:30.727995Z",
      "stabilities": [
        "staging",
        "unstable"
      ],
      "unfree": false,
      "version": "27.3.4.1",
      "outputs_to_install": [
        "out"
      ],
      "outputs": {
        "out": "/nix/store/lykrlirv9251rfpqi43yccbbkhk0swz6-erlang-27.3.4.1"
      },
      "system": "aarch64-darwin",
      "group": "toplevel",
      "priority": 5
    },
    {
      "attr_path": "erlang",
      "broken": false,
      "derivation": "/nix/store/xh20w733p90rz073y1ax12263ybspx6v-erlang-27.3.4.1.drv",
      "description": "Programming language used for massively scalable soft real-time systems",
      "install_id": "erlang",
      "license": "Apache-2.0",
      "locked_url": "https://github.com/flox/nixpkgs?rev=9807714d6944a957c2e036f84b0ff8caf9930bc0",
      "name": "erlang-27.3.4.1",
      "pname": "erlang",
      "rev": "9807714d6944a957c2e036f84b0ff8caf9930bc0",
      "rev_count": 826938,
      "rev_date": "2025-07-08T14:16:20Z",
      "scrape_date": "2025-07-10T05:34:50.968608Z",
      "stabilities": [
        "staging",
        "unstable"
      ],
      "unfree": false,
      "version": "27.3.4.1",
      "outputs_to_install": [
        "out"
      ],
      "outputs": {
        "out": "/nix/store/yvbr2plw411pd6b0p5a9ppwr0n1n52pp-erlang-27.3.4.1"
      },
      "system": "aarch64-linux",
      "group": "toplevel",
      "priority": 5
    },
    {
      "attr_path": "erlang",
      "broken": false,
      "derivation": "/nix/store/lqzk7hp0jfq0cmgp1lcpmmhc5zf56xfi-erlang-27.3.4.1.drv",
      "description": "Programming language used for massively scalable soft real-time systems",
      "install_id": "erlang",
      "license": "Apache-2.0",
      "locked_url": "https://github.com/flox/nixpkgs?rev=9807714d6944a957c2e036f84b0ff8caf9930bc0",
      "name": "erlang-27.3.4.1",
      "pname": "erlang",
      "rev": "9807714d6944a957c2e036f84b0ff8caf9930bc0",
      "rev_count": 826938,
      "rev_date": "2025-07-08T14:16:20Z",
      "scrape_date": "2025-07-10T05:53:49.004409Z",
      "stabilities": [
        "staging",
        "unstable"
      ],
      "unfree": false,
      "version": "27.3.4.1",
      "outputs_to_install": [
        "out"
      ],
      "outputs": {
        "out": "/nix/store/13hf8zcqzf6p15w3zsa4j6i9n3dvzwi2-erlang-27.3.4.1"
      },
      "system": "x86_64-darwin",
      "group": "toplevel",
      "priority": 5
    },
    {
      "attr_path": "erlang",
      "broken": false,
      "derivation": "/nix/store/9zl4kzkd742ln1aq67xqqcaly0y2b60z-erlang-27.3.4.1.drv",
      "description": "Programming language used for massively scalable soft real-time systems",
      "install_id": "erlang",
      "license": "Apache-2.0",
      "locked_url": "https://github.com/flox/nixpkgs?rev=9807714d6944a957c2e036f84b0ff8caf9930bc0",
      "name": "erlang-27.3.4.1",
      "pname": "erlang",
      "rev": "9807714d6944a957c2e036f84b0ff8caf9930bc0",
      "rev_count": 826938,
      "rev_date": "2025-07-08T14:16:20Z",
      "scrape_date": "2025-07-10T06:15:25.405461Z",
      "stabilities": [
        "staging",
        "unstable"
      ],
      "unfree": false,
      "version": "27.3.4.1",
      "outputs_to_install": [
        "out"
      ],
      "outputs": {
        "out": "/nix/store/l497wrhsbnw7vfrmdw92xjbkn7cvm0li-erlang-27.3.4.1"
      },
      "system": "x86_64-linux",
      "group": "toplevel",
      "priority": 5
    },
    {
      "attr_path": "go",
      "broken": false,
      "derivation": "/nix/store/7i15lyhdhcpr16yqxlxm2ipjdn560w5x-go-1.24.4.drv",
      "description": "Go Programming language",
      "install_id": "go",
      "license": "BSD-3-Clause",
      "locked_url": "https://github.com/flox/nixpkgs?rev=9807714d6944a957c2e036f84b0ff8caf9930bc0",
      "name": "go-1.24.4",
      "pname": "go",
      "rev": "9807714d6944a957c2e036f84b0ff8caf9930bc0",
      "rev_count": 826938,
      "rev_date": "2025-07-08T14:16:20Z",
      "scrape_date": "2025-07-10T05:14:31.054405Z",
      "stabilities": [
        "staging",
        "unstable"
      ],
      "unfree": false,
      "version": "1.24.4",
      "outputs_to_install": [
        "out"
      ],
      "outputs": {
        "out": "/nix/store/rq7irijkj3nhapmjcv9d96xgkisj55x2-go-1.24.4"
      },
      "system": "aarch64-darwin",
      "group": "toplevel",
      "priority": 5
    },
    {
      "attr_path": "go",
      "broken": false,
      "derivation": "/nix/store/qhrgsw4303gv415fl0q48qki3xjrysn2-go-1.24.4.drv",
      "description": "Go Programming language",
      "install_id": "go",
      "license": "BSD-3-Clause",
      "locked_url": "https://github.com/flox/nixpkgs?rev=9807714d6944a957c2e036f84b0ff8caf9930bc0",
      "name": "go-1.24.4",
      "pname": "go",
      "rev": "9807714d6944a957c2e036f84b0ff8caf9930bc0",
      "rev_count": 826938,
      "rev_date": "2025-07-08T14:16:20Z",
      "scrape_date": "2025-07-10T05:34:51.792847Z",
      "stabilities": [
        "staging",
        "unstable"
      ],
      "unfree": false,
      "version": "1.24.4",
      "outputs_to_install": [
        "out"
      ],
      "outputs": {
        "out": "/nix/store/9f64p4ip4iz2nba4wyhn1baq6b6pb6ss-go-1.24.4"
      },
      "system": "aarch64-linux",
      "group": "toplevel",
      "priority": 5
    },
    {
      "attr_path": "go",
      "broken": false,
      "derivation": "/nix/store/c3247n9gz359k8w7m0x690ip4d1h0xj2-go-1.24.4.drv",
      "description": "Go Programming language",
      "install_id": "go",
      "license": "BSD-3-Clause",
      "locked_url": "https://github.com/flox/nixpkgs?rev=9807714d6944a957c2e036f84b0ff8caf9930bc0",
      "name": "go-1.24.4",
      "pname": "go",
      "rev": "9807714d6944a957c2e036f84b0ff8caf9930bc0",
      "rev_count": 826938,
      "rev_date": "2025-07-08T14:16:20Z",
      "scrape_date": "2025-07-10T05:53:49.361419Z",
      "stabilities": [
        "staging",
        "unstable"
      ],
      "unfree": false,
      "version": "1.24.4",
      "outputs_to_install": [
        "out"
      ],
      "outputs": {
        "out": "/nix/store/n0gqcdpdk0ap2ikasi36r0szwpk2g35q-go-1.24.4"
      },
      "system": "x86_64-darwin",
      "group": "toplevel",
      "priority": 5
    },
    {
      "attr_path": "go",
      "broken": false,
      "derivation": "/nix/store/55apw0ij2wcvrvmkvdgi6ixx7nqqw0hh-go-1.24.4.drv",
      "description": "Go Programming language",
      "install_id": "go",
      "license": "BSD-3-Clause",
      "locked_url": "https://github.com/flox/nixpkgs?rev=9807714d6944a957c2e036f84b0ff8caf9930bc0",
      "name": "go-1.24.4",
      "pname": "go",
      "rev": "9807714d6944a957c2e036f84b0ff8caf9930bc0",
      "rev_count": 826938,
      "rev_date": "2025-07-08T14:16:20Z",
      "scrape_date": "2025-07-10T06:15:26.355800Z",
      "stabilities": [
        "staging",
        "unstable"
      ],
      "unfree": false,
      "version": "1.24.4",
      "outputs_to_install": [
        "out"
      ],
      "outputs": {
        "out": "/nix/store/mdn9hnvf0qmxywbrpbywmxww2adxdn5v-go-1.24.4"
      },
      "system": "x86_64-linux",
      "group": "toplevel",
      "priority": 5
    },
    {
      "attr_path": "hugo",
      "broken": false,
      "derivation": "/nix/store/vrfnj2g2pms5wnx9ppvh0bcm5hml6xxa-hugo-0.147.9.drv",
      "description": "Fast and modern static website engine",
      "install_id": "hugo",
      "license": "Apache-2.0",
      "locked_url": "https://github.com/flox/nixpkgs?rev=9807714d6944a957c2e036f84b0ff8caf9930bc0",
      "name": "hugo-0.147.9",
      "pname": "hugo",
      "rev": "9807714d6944a957c2e036f84b0ff8caf9930bc0",
      "rev_count": 826938,
      "rev_date": "2025-07-08T14:16:20Z",
      "scrape_date": "2025-07-10T05:14:31.304642Z",
      "stabilities": [
        "staging",
        "unstable"
      ],
      "unfree": false,
      "version": "0.147.9",
      "outputs_to_install": [
        "out"
      ],
      "outputs": {
        "out": "/nix/store/zndgsz9nxgx5jw7pijmzc5prw7pixknk-hugo-0.147.9"
      },
      "system": "aarch64-darwin",
      "group": "toplevel",
      "priority": 5
    },
    {
      "attr_path": "hugo",
      "broken": false,
      "derivation": "/nix/store/9pchqnim4vr53jlzz2d92ncnm2c6jy22-hugo-0.147.9.drv",
      "description": "Fast and modern static website engine",
      "install_id": "hugo",
      "license": "Apache-2.0",
      "locked_url": "https://github.com/flox/nixpkgs?rev=9807714d6944a957c2e036f84b0ff8caf9930bc0",
      "name": "hugo-0.147.9",
      "pname": "hugo",
      "rev": "9807714d6944a957c2e036f84b0ff8caf9930bc0",
      "rev_count": 826938,
      "rev_date": "2025-07-08T14:16:20Z",
      "scrape_date": "2025-07-10T05:34:52.683335Z",
      "stabilities": [
        "staging",
        "unstable"
      ],
      "unfree": false,
      "version": "0.147.9",
      "outputs_to_install": [
        "out"
      ],
      "outputs": {
        "out": "/nix/store/1p2xcqx3141jcnf5xal0v6brqkvlad1i-hugo-0.147.9"
      },
      "system": "aarch64-linux",
      "group": "toplevel",
      "priority": 5
    },
    {
      "attr_path": "hugo",
      "broken": false,
      "derivation": "/nix/store/wx5pgk80ipslxb2nn6l16xwc2aikyqpf-hugo-0.147.9.drv",
      "description": "Fast and modern static website engine",
      "install_id": "hugo",
      "license": "Apache-2.0",
      "locked_url": "https://github.com/flox/nixpkgs?rev=9807714d6944a957c2e036f84b0ff8caf9930bc0",
      "name": "hugo-0.147.9",
      "pname": "hugo",
      "rev": "9807714d6944a957c2e036f84b0ff8caf9930bc0",
      "rev_count": 826938,
      "rev_date": "2025-07-08T14:16:20Z",
      "scrape_date": "2025-07-10T05:53:49.620854Z",
      "stabilities": [
        "staging",
        "unstable"
      ],
      "unfree": false,
      "version": "0.147.9",
      "outputs_to_install": [
        "out"
      ],
      "outputs": {
        "out": "/nix/store/016i5gqwapy44dkgm3hdi599ggy1ps27-hugo-0.147.9"
      },
      "system": "x86_64-darwin",
      "group": "toplevel",
      "priority": 5
    },
    {
      "attr_path": "hugo",
      "broken": false,
      "derivation": "/nix/store/g40fl9djjh07134q7fc4vlpc37mkxx2l-hugo-0.147.9.drv",
      "description": "Fast and modern static website engine",
      "install_id": "hugo",
      "license": "Apache-2.0",
      "locked_url": "https://github.com/flox/nixpkgs?rev=9807714d6944a957c2e036f84b0ff8caf9930bc0",
      "name": "hugo-0.147.9",
      "pname": "hugo",
      "rev": "9807714d6944a957c2e036f84b0ff8caf9930bc0",
      "rev_count": 826938,
      "rev_date": "2025-07-08T14:16:20Z",
      "scrape_date": "2025-07-10T06:15:27.291617Z",
      "stabilities": [
        "staging",
        "unstable"
      ],
      "unfree": false,
      "version": "0.147.9",
      "outputs_to_install": [
        "out"
      ],
      "outputs": {
        "out": "/nix/store/yrh7bd99zim2n7bza42hb7chym078fqd-hugo-0.147.9"
      },
      "system": "x86_64-linux",
      "group": "toplevel",
      "priority": 5
    },
    {
      "attr_path": "nodejs",
      "broken": false,
      "derivation": "/nix/store/441r91a4dyq7kz1c4mnr1nzjzk1b2ira-nodejs-22.16.0.drv",
      "description": "Event-driven I/O framework for the V8 JavaScript engine",
      "install_id": "nodejs",
      "license": "MIT",
      "locked_url": "https://github.com/flox/nixpkgs?rev=9807714d6944a957c2e036f84b0ff8caf9930bc0",
      "name": "nodejs-22.16.0",
      "pname": "nodejs",
      "rev": "9807714d6944a957c2e036f84b0ff8caf9930bc0",
      "rev_count": 826938,
      "rev_date": "2025-07-08T14:16:20Z",
      "scrape_date": "2025-07-10T05:14:33.544214Z",
      "stabilities": [
        "staging",
        "unstable"
      ],
      "unfree": false,
      "version": "22.16.0",
      "outputs_to_install": [
        "out"
      ],
      "outputs": {
        "dev": "/nix/store/78lk3dc4gmcnzmxm4izkvbvr56jdz1x9-nodejs-22.16.0-dev",
        "libv8": "/nix/store/4fwln9knqmx59msrm0i5di5r7p18kf4p-nodejs-22.16.0-libv8",
        "out": "/nix/store/abxz7wpw5kwaijzzmf8rl4ga981vk8pc-nodejs-22.16.0"
      },
      "system": "aarch64-darwin",
      "group": "toplevel",
      "priority": 5
    },
    {
      "attr_path": "nodejs",
      "broken": false,
      "derivation": "/nix/store/7v7707mb89xi7ma04cw531xak1zwy22l-nodejs-22.16.0.drv",
      "description": "Event-driven I/O framework for the V8 JavaScript engine",
      "install_id": "nodejs",
      "license": "MIT",
      "locked_url": "https://github.com/flox/nixpkgs?rev=9807714d6944a957c2e036f84b0ff8caf9930bc0",
      "name": "nodejs-22.16.0",
      "pname": "nodejs",
      "rev": "9807714d6944a957c2e036f84b0ff8caf9930bc0",
      "rev_count": 826938,
      "rev_date": "2025-07-08T14:16:20Z",
      "scrape_date": "2025-07-10T05:35:00.656375Z",
      "stabilities": [
        "staging",
        "unstable"
      ],
      "unfree": false,
      "version": "22.16.0",
      "outputs_to_install": [
        "out"
      ],
      "outputs": {
        "dev": "/nix/store/sbp52l9kksr47xxkfvn8ap2lkygxj8sk-nodejs-22.16.0-dev",
        "libv8": "/nix/store/332a0dqmiqf32mjzs8j9bia9n6rlqmga-nodejs-22.16.0-libv8",
        "out": "/nix/store/jssj55ihylzsnzc83cybad4fgfs3bcny-nodejs-22.16.0"
      },
      "system": "aarch64-linux",
      "group": "toplevel",
      "priority": 5
    },
    {
      "attr_path": "nodejs",
      "broken": false,
      "derivation": "/nix/store/w8k8k5spym6yqia6xhf46ln6b07gpk62-nodejs-22.16.0.drv",
      "description": "Event-driven I/O framework for the V8 JavaScript engine",
      "install_id": "nodejs",
      "license": "MIT",
      "locked_url": "https://github.com/flox/nixpkgs?rev=9807714d6944a957c2e036f84b0ff8caf9930bc0",
      "name": "nodejs-22.16.0",
      "pname": "nodejs",
      "rev": "9807714d6944a957c2e036f84b0ff8caf9930bc0",
      "rev_count": 826938,
      "rev_date": "2025-07-08T14:16:20Z",
      "scrape_date": "2025-07-10T05:53:51.925800Z",
      "stabilities": [
        "staging",
        "unstable"
      ],
      "unfree": false,
      "version": "22.16.0",
      "outputs_to_install": [
        "out"
      ],
      "outputs": {
        "dev": "/nix/store/y48cb55420c58rfg54mh3rqiw2bfhdqs-nodejs-22.16.0-dev",
        "libv8": "/nix/store/qwmhg3jf6b7jzgnjjiw6v84fs9bakfps-nodejs-22.16.0-libv8",
        "out": "/nix/store/swzij8xmzv1c81rvhcf2fzlnarjpjcnb-nodejs-22.16.0"
      },
      "system": "x86_64-darwin",
      "group": "toplevel",
      "priority": 5
    },
    {
      "attr_path": "nodejs",
      "broken": false,
      "derivation": "/nix/store/rc4grl39rx1sp3fyf5wsmnp9ksa9a0v5-nodejs-22.16.0.drv",
      "description": "Event-driven I/O framework for the V8 JavaScript engine",
      "install_id": "nodejs",
      "license": "MIT",
      "locked_url": "https://github.com/flox/nixpkgs?rev=9807714d6944a957c2e036f84b0ff8caf9930bc0",
      "name": "nodejs-22.16.0",
      "pname": "nodejs",
      "rev": "9807714d6944a957c2e036f84b0ff8caf9930bc0",
      "rev_count": 826938,
      "rev_date": "2025-07-08T14:16:20Z",
      "scrape_date": "2025-07-10T06:15:37.077120Z",
      "stabilities": [
        "staging",
        "unstable"
      ],
      "unfree": false,
      "version": "22.16.0",
      "outputs_to_install": [
        "out"
      ],
      "outputs": {
        "dev": "/nix/store/f4mwqm5lg34430cx759rpn2ibf652s8j-nodejs-22.16.0-dev",
        "libv8": "/nix/store/a6jybrxgmdpgy7kyxjh9sv97cp2xgw5h-nodejs-22.16.0-libv8",
        "out": "/nix/store/pjr8jcds298brhwy1d3rmym9vayxhbfs-nodejs-22.16.0"
      },
      "system": "x86_64-linux",
      "group": "toplevel",
      "priority": 5
    },
    {
      "attr_path": "pgloader",
      "broken": false,
      "derivation": "/nix/store/95vsiynrqkgnpwrsixvsld1kjqia35jy-pgloader-3.6.9.drv",
      "description": "Loads data into PostgreSQL and allows you to implement Continuous Migration from your current database to PostgreSQL",
      "install_id": "pgloader",
      "license": "PostgreSQL",
      "locked_url": "https://github.com/flox/nixpkgs?rev=9807714d6944a957c2e036f84b0ff8caf9930bc0",
      "name": "pgloader-3.6.9",
      "pname": "pgloader",
      "rev": "9807714d6944a957c2e036f84b0ff8caf9930bc0",
      "rev_count": 826938,
      "rev_date": "2025-07-08T14:16:20Z",
      "scrape_date": "2025-07-10T05:14:38.143383Z",
      "stabilities": [
        "staging",
        "unstable"
      ],
      "unfree": false,
      "version": "3.6.9",
      "outputs_to_install": [
        "out"
      ],
      "outputs": {
        "out": "/nix/store/78m289fp0310ji0k0k0vs2hnjrw77028-pgloader-3.6.9"
      },
      "system": "aarch64-darwin",
      "group": "toplevel",
      "priority": 5
    },
    {
      "attr_path": "pgloader",
      "broken": false,
      "derivation": "/nix/store/hi4im8a0zsb6x1s7fd0x7g9n8vn4njlq-pgloader-3.6.9.drv",
      "description": "Loads data into PostgreSQL and allows you to implement Continuous Migration from your current database to PostgreSQL",
      "install_id": "pgloader",
      "license": "PostgreSQL",
      "locked_url": "https://github.com/flox/nixpkgs?rev=9807714d6944a957c2e036f84b0ff8caf9930bc0",
      "name": "pgloader-3.6.9",
      "pname": "pgloader",
      "rev": "9807714d6944a957c2e036f84b0ff8caf9930bc0",
      "rev_count": 826938,
      "rev_date": "2025-07-08T14:16:20Z",
      "scrape_date": "2025-07-10T05:35:08.694173Z",
      "stabilities": [
        "staging",
        "unstable"
      ],
      "unfree": false,
      "version": "3.6.9",
      "outputs_to_install": [
        "out"
      ],
      "outputs": {
        "out": "/nix/store/i4k8406jz6h2078a8426a7b6xizmwmqx-pgloader-3.6.9"
      },
      "system": "aarch64-linux",
      "group": "toplevel",
      "priority": 5
    },
    {
      "attr_path": "pgloader",
      "broken": false,
      "derivation": "/nix/store/f3qq25h82hza8bhrrzkkx003pwzyjnrw-pgloader-3.6.9.drv",
      "description": "Loads data into PostgreSQL and allows you to implement Continuous Migration from your current database to PostgreSQL",
      "install_id": "pgloader",
      "license": "PostgreSQL",
      "locked_url": "https://github.com/flox/nixpkgs?rev=9807714d6944a957c2e036f84b0ff8caf9930bc0",
      "name": "pgloader-3.6.9",
      "pname": "pgloader",
      "rev": "9807714d6944a957c2e036f84b0ff8caf9930bc0",
      "rev_count": 826938,
      "rev_date": "2025-07-08T14:16:20Z",
      "scrape_date": "2025-07-10T05:53:56.619910Z",
      "stabilities": [
        "staging",
        "unstable"
      ],
      "unfree": false,
      "version": "3.6.9",
      "outputs_to_install": [
        "out"
      ],
      "outputs": {
        "out": "/nix/store/qfwldvkjnxw20nvzp09vrsk9nqgwjdnq-pgloader-3.6.9"
      },
      "system": "x86_64-darwin",
      "group": "toplevel",
      "priority": 5
    },
    {
      "attr_path": "pgloader",
      "broken": false,
      "derivation": "/nix/store/2ki0x445ki2qp5lgjd5lg6rpp8n4ypfp-pgloader-3.6.9.drv",
      "description": "Loads data into PostgreSQL and allows you to implement Continuous Migration from your current database to PostgreSQL",
      "install_id": "pgloader",
      "license": "PostgreSQL",
      "locked_url": "https://github.com/flox/nixpkgs?rev=9807714d6944a957c2e036f84b0ff8caf9930bc0",
      "name": "pgloader-3.6.9",
      "pname": "pgloader",
      "rev": "9807714d6944a957c2e036f84b0ff8caf9930bc0",
      "rev_count": 826938,
      "rev_date": "2025-07-08T14:16:20Z",
      "scrape_date": "2025-07-10T06:15:46.048699Z",
      "stabilities": [
        "staging",
        "unstable"
      ],
      "unfree": false,
      "version": "3.6.9",
      "outputs_to_install": [
        "out"
      ],
      "outputs": {
        "out": "/nix/store/6fdllq6l0i4hdgwkdhfks9cw15b4wxfh-pgloader-3.6.9"
      },
      "system": "x86_64-linux",
      "group": "toplevel",
      "priority": 5
    },
    {
      "attr_path": "postgresql",
      "broken": false,
      "derivation": "/nix/store/c5fi1q6431dx8gh97xsl4pmyha59bjv1-postgresql-17.5.drv",
      "description": "Powerful, open source object-relational database system",
      "install_id": "postgresql",
      "license": "PostgreSQL",
      "locked_url": "https://github.com/flox/nixpkgs?rev=9807714d6944a957c2e036f84b0ff8caf9930bc0",
      "name": "postgresql-17.5",
      "pname": "postgresql",
      "rev": "9807714d6944a957c2e036f84b0ff8caf9930bc0",
      "rev_count": 826938,
      "rev_date": "2025-07-08T14:16:20Z",
      "scrape_date": "2025-07-10T05:14:38.871245Z",
      "stabilities": [
        "staging",
        "unstable"
      ],
      "unfree": false,
      "version": "17.5",
      "outputs_to_install": [
        "man",
        "out"
      ],
      "outputs": {
        "dev": "/nix/store/cr2vzlsp472zgv0l4kx96zw121hjd3jc-postgresql-17.5-dev",
        "doc": "/nix/store/ypqjz3r133r3wn32m6s5kf4vmvk58b24-postgresql-17.5-doc",
        "jit": "/nix/store/kdzlzakzby3hdhw1lk6kbsydmi3af4b9-postgresql-17.5-jit",
        "lib": "/nix/store/aw5qbnxkww45m8ff0l803y4lyr07yxii-postgresql-17.5-lib",
        "man": "/nix/store/mycg110pc980yfxvmbwngv1s501sa3nl-postgresql-17.5-man",
        "out": "/nix/store/smngl7zwd4mcz426w18p7lnx08m52im0-postgresql-17.5",
        "plperl": "/nix/store/yvwcq81bx1dvn951gcb77ixn1skal2j2-postgresql-17.5-plperl",
        "plpython3": "/nix/store/2rc03dhcciwghkpaa5m4h297zk1xnjf4-postgresql-17.5-plpython3",
        "pltcl": "/nix/store/qb85qk4lvwjxyxfdvdpdk7sikap9sa7x-postgresql-17.5-pltcl"
      },
      "system": "aarch64-darwin",
      "group": "toplevel",
      "priority": 5
    },
    {
      "attr_path": "postgresql",
      "broken": false,
      "derivation": "/nix/store/zmm2yyfcnckv36j34qpqmg1l714258gv-postgresql-17.5.drv",
      "description": "Powerful, open source object-relational database system",
      "install_id": "postgresql",
      "license": "PostgreSQL",
      "locked_url": "https://github.com/flox/nixpkgs?rev=9807714d6944a957c2e036f84b0ff8caf9930bc0",
      "name": "postgresql-17.5",
      "pname": "postgresql",
      "rev": "9807714d6944a957c2e036f84b0ff8caf9930bc0",
      "rev_count": 826938,
      "rev_date": "2025-07-08T14:16:20Z",
      "scrape_date": "2025-07-10T05:35:10.418050Z",
      "stabilities": [
        "staging",
        "unstable"
      ],
      "unfree": false,
      "version": "17.5",
      "outputs_to_install": [
        "man",
        "out"
      ],
      "outputs": {
        "debug": "/nix/store/kjad18cldb5iind34n0p4ljipsmz2gcd-postgresql-17.5-debug",
        "dev": "/nix/store/a5ham2kyyikdvdk5s4mxa347c7pqwkhc-postgresql-17.5-dev",
        "doc": "/nix/store/yrc9j8vxkvjkpblplyvk4zzlb4pjynfa-postgresql-17.5-doc",
        "jit": "/nix/store/igjc4jlg5myrvijdqp95g7r7lvbhr23d-postgresql-17.5-jit",
        "lib": "/nix/store/qsw8r3laqqa8zl41nvdk7ksz27qjmsgf-postgresql-17.5-lib",
        "man": "/nix/store/w1amivh4jly354crszj50drsdq1qppa7-postgresql-17.5-man",
        "out": "/nix/store/xvb2zy9xdnig498vnv1zjr7rlsypdxd4-postgresql-17.5",
        "plperl": "/nix/store/5ll9m7g4bdby451ms8w4pmw3nss50kzn-postgresql-17.5-plperl",
        "plpython3": "/nix/store/gvrmzpgcyizpi54vw6rq3qbplam528py-postgresql-17.5-plpython3",
        "pltcl": "/nix/store/d8rqza0715kg290k2fv5rsrfs48m76rg-postgresql-17.5-pltcl"
      },
      "system": "aarch64-linux",
      "group": "toplevel",
      "priority": 5
    },
    {
      "attr_path": "postgresql",
      "broken": false,
      "derivation": "/nix/store/dsqz903kakbf8wi6v8pay4c75a6x7bya-postgresql-17.5.drv",
      "description": "Powerful, open source object-relational database system",
      "install_id": "postgresql",
      "license": "PostgreSQL",
      "locked_url": "https://github.com/flox/nixpkgs?rev=9807714d6944a957c2e036f84b0ff8caf9930bc0",
      "name": "postgresql-17.5",
      "pname": "postgresql",
      "rev": "9807714d6944a957c2e036f84b0ff8caf9930bc0",
      "rev_count": 826938,
      "rev_date": "2025-07-08T14:16:20Z",
      "scrape_date": "2025-07-10T05:53:57.352830Z",
      "stabilities": [
        "staging",
        "unstable"
      ],
      "unfree": false,
      "version": "17.5",
      "outputs_to_install": [
        "man",
        "out"
      ],
      "outputs": {
        "dev": "/nix/store/jw1f634f4sbax4lyij4xzhmialb59lb9-postgresql-17.5-dev",
        "doc": "/nix/store/h0b942gjxc5kp2hlpp22pvb9gpsd9p7d-postgresql-17.5-doc",
        "jit": "/nix/store/sf21jljvpya0b36gpiqz64dma14vl3jc-postgresql-17.5-jit",
        "lib": "/nix/store/z208qh619pd0rd98iyk7lx289ff1as8w-postgresql-17.5-lib",
        "man": "/nix/store/3sii6sjlfllh9ddjy3xpwv28ik5y9j1j-postgresql-17.5-man",
        "out": "/nix/store/6vvp9dw074rfws42xix5zv5h7d5aybpc-postgresql-17.5",
        "plperl": "/nix/store/bcy721kxhnp3w1hsqvn373740a1l3sh7-postgresql-17.5-plperl",
        "plpython3": "/nix/store/8xcllpxcj99bfixaapn0b73yqi16r6vg-postgresql-17.5-plpython3",
        "pltcl": "/nix/store/3gv2bn884nf0pm1nbi7659gzif25ssjw-postgresql-17.5-pltcl"
      },
      "system": "x86_64-darwin",
      "group": "toplevel",
      "priority": 5
    },
    {
      "attr_path": "postgresql",
      "broken": false,
      "derivation": "/nix/store/kzxgaaxl9d6mi885acdjaz7g37ri6pfc-postgresql-17.5.drv",
      "description": "Powerful, open source object-relational database system",
      "install_id": "postgresql",
      "license": "PostgreSQL",
      "locked_url": "https://github.com/flox/nixpkgs?rev=9807714d6944a957c2e036f84b0ff8caf9930bc0",
      "name": "postgresql-17.5",
      "pname": "postgresql",
      "rev": "9807714d6944a957c2e036f84b0ff8caf9930bc0",
      "rev_count": 826938,
      "rev_date": "2025-07-08T14:16:20Z",
      "scrape_date": "2025-07-10T06:15:47.959827Z",
      "stabilities": [
        "staging",
        "unstable"
      ],
      "unfree": false,
      "version": "17.5",
      "outputs_to_install": [
        "man",
        "out"
      ],
      "outputs": {
        "debug": "/nix/store/hx567rgbv1sjn5p5cvg81fsn52f3zk3j-postgresql-17.5-debug",
        "dev": "/nix/store/pw4wdps1a90pjply8mldhnc9i2rnlav3-postgresql-17.5-dev",
        "doc": "/nix/store/pmi268ad7z28bqy6lki9c6kcs55lxcfp-postgresql-17.5-doc",
        "jit": "/nix/store/r7fxzj35nx7h3xwkkbzwc3nb6yk5mj36-postgresql-17.5-jit",
        "lib": "/nix/store/zlqxmn7kxybpm3mnf2wn2smncbw7ny30-postgresql-17.5-lib",
        "man": "/nix/store/aizabfnrpj69sjwqrazyfz227l826aa1-postgresql-17.5-man",
        "out": "/nix/store/d9qxx8j8nvvlglpb42hzz72qbgfv63nq-postgresql-17.5",
        "plperl": "/nix/store/1431w6h8f19wvkbvajlzz8ydjv12hkmi-postgresql-17.5-plperl",
        "plpython3": "/nix/store/0lpdhl8jk6iq3ipw0mrggccnfpbx1v3a-postgresql-17.5-plpython3",
        "pltcl": "/nix/store/525rxvpim00yq7sz7g7mbs058apnzimg-postgresql-17.5-pltcl"
      },
      "system": "x86_64-linux",
      "group": "toplevel",
      "priority": 5
    },
    {
      "attr_path": "python3",
      "broken": false,
      "derivation": "/nix/store/l3yrcw6mprh8gihyg9g7cbsj9lzh4cmg-python3-3.13.4.drv",
      "description": "High-level dynamically-typed programming language",
      "install_id": "python3",
      "license": "Python-2.0",
      "locked_url": "https://github.com/flox/nixpkgs?rev=9807714d6944a957c2e036f84b0ff8caf9930bc0",
      "name": "python3-3.13.4",
      "pname": "python3",
      "rev": "9807714d6944a957c2e036f84b0ff8caf9930bc0",
      "rev_count": 826938,
      "rev_date": "2025-07-08T14:16:20Z",
      "scrape_date": "2025-07-10T05:14:39.554347Z",
      "stabilities": [
        "staging",
        "unstable"
      ],
      "unfree": false,
      "version": "3.13.4",
      "outputs_to_install": [
        "out"
      ],
      "outputs": {
        "out": "/nix/store/j1spz18w5a10r9nj4wpkyh0cx730rs4z-python3-3.13.4"
      },
      "system": "aarch64-darwin",
      "group": "toplevel",
      "priority": 5
    },
    {
      "attr_path": "python3",
      "broken": false,
      "derivation": "/nix/store/b01sskbw6j34gyqvs3wqcq3gdzkpz7r8-python3-3.13.4.drv",
      "description": "High-level dynamically-typed programming language",
      "install_id": "python3",
      "license": "Python-2.0",
      "locked_url": "https://github.com/flox/nixpkgs?rev=9807714d6944a957c2e036f84b0ff8caf9930bc0",
      "name": "python3-3.13.4",
      "pname": "python3",
      "rev": "9807714d6944a957c2e036f84b0ff8caf9930bc0",
      "rev_count": 826938,
      "rev_date": "2025-07-08T14:16:20Z",
      "scrape_date": "2025-07-10T05:35:11.615315Z",
      "stabilities": [
        "staging",
        "unstable"
      ],
      "unfree": false,
      "version": "3.13.4",
      "outputs_to_install": [
        "out"
      ],
      "outputs": {
        "debug": "/nix/store/6b7k5hh6j6jfb4zx4z9mba3ijk2fhhd2-python3-3.13.4-debug",
        "out": "/nix/store/avgafrfq80hx92p98m60wh2khmnmxrzc-python3-3.13.4"
      },
      "system": "aarch64-linux",
      "group": "toplevel",
      "priority": 5
    },
    {
      "attr_path": "python3",
      "broken": false,
      "derivation": "/nix/store/x6pl21i2q7jbv5rszclg4hscyd5b1n1b-python3-3.13.4.drv",
      "description": "High-level dynamically-typed programming language",
      "install_id": "python3",
      "license": "Python-2.0",
      "locked_url": "https://github.com/flox/nixpkgs?rev=9807714d6944a957c2e036f84b0ff8caf9930bc0",
      "name": "python3-3.13.4",
      "pname": "python3",
      "rev": "9807714d6944a957c2e036f84b0ff8caf9930bc0",
      "rev_count": 826938,
      "rev_date": "2025-07-08T14:16:20Z",
      "scrape_date": "2025-07-10T05:53:58.037264Z",
      "stabilities": [
        "staging",
        "unstable"
      ],
      "unfree": false,
      "version": "3.13.4",
      "outputs_to_install": [
        "out"
      ],
      "outputs": {
        "out": "/nix/store/il3s6rjh49l9ccg1nlqm93w67lcnfmqn-python3-3.13.4"
      },
      "system": "x86_64-darwin",
      "group": "toplevel",
      "priority": 5
    },
    {
      "attr_path": "python3",
      "broken": false,
      "derivation": "/nix/store/larsjhyzxl4vbkz6g621ka2d0z9krqcg-python3-3.13.4.drv",
      "description": "High-level dynamically-typed programming language",
      "install_id": "python3",
      "license": "Python-2.0",
      "locked_url": "https://github.com/flox/nixpkgs?rev=9807714d6944a957c2e036f84b0ff8caf9930bc0",
      "name": "python3-3.13.4",
      "pname": "python3",
      "rev": "9807714d6944a957c2e036f84b0ff8caf9930bc0",
      "rev_count": 826938,
      "rev_date": "2025-07-08T14:16:20Z",
      "scrape_date": "2025-07-10T06:15:49.279871Z",
      "stabilities": [
        "staging",
        "unstable"
      ],
      "unfree": false,
      "version": "3.13.4",
      "outputs_to_install": [
        "out"
      ],
      "outputs": {
        "debug": "/nix/store/5rzc9mjyfmqrvg270x0fa3d47lvvvhzd-python3-3.13.4-debug",
        "out": "/nix/store/sd81bvmch7njdpwx3lkjslixcbj5mivz-python3-3.13.4"
      },
      "system": "x86_64-linux",
      "group": "toplevel",
      "priority": 5
    },
    {
      "attr_path": "ruby",
      "broken": false,
      "derivation": "/nix/store/3rmal805j9c8knb949bwijf24inqh192-ruby-3.3.8.drv",
      "description": "Object-oriented language for quick and easy programming",
      "install_id": "ruby",
      "license": "Ruby",
      "locked_url": "https://github.com/flox/nixpkgs?rev=9807714d6944a957c2e036f84b0ff8caf9930bc0",
      "name": "ruby-3.3.8",
      "pname": "ruby",
      "rev": "9807714d6944a957c2e036f84b0ff8caf9930bc0",
      "rev_count": 826938,
      "rev_date": "2025-07-08T14:16:20Z",
      "scrape_date": "2025-07-10T05:15:00.756797Z",
      "stabilities": [
        "staging",
        "unstable"
      ],
      "unfree": false,
      "version": "3.3.8",
      "outputs_to_install": [
        "out"
      ],
      "outputs": {
        "devdoc": "/nix/store/6l0fkgx28inv61klrv9yrw7nn2jrdhk3-ruby-3.3.8-devdoc",
        "out": "/nix/store/a8snvvh4jfad51maisjlrnxmix2f30ab-ruby-3.3.8"
      },
      "system": "aarch64-darwin",
      "group": "toplevel",
      "priority": 5
    },
    {
      "attr_path": "ruby",
      "broken": false,
      "derivation": "/nix/store/14l1vsb1s0wgvwrpba0qsh3jap4vv3b4-ruby-3.3.8.drv",
      "description": "Object-oriented language for quick and easy programming",
      "install_id": "ruby",
      "license": "Ruby",
      "locked_url": "https://github.com/flox/nixpkgs?rev=9807714d6944a957c2e036f84b0ff8caf9930bc0",
      "name": "ruby-3.3.8",
      "pname": "ruby",
      "rev": "9807714d6944a957c2e036f84b0ff8caf9930bc0",
      "rev_count": 826938,
      "rev_date": "2025-07-08T14:16:20Z",
      "scrape_date": "2025-07-10T05:35:42.490354Z",
      "stabilities": [
        "staging",
        "unstable"
      ],
      "unfree": false,
      "version": "3.3.8",
      "outputs_to_install": [
        "out"
      ],
      "outputs": {
        "devdoc": "/nix/store/0la3vil9847d13zbnwazynjky12hpz1h-ruby-3.3.8-devdoc",
        "out": "/nix/store/fcs4vlvzd2cjxvznpz5hqjd5c6f1x9ky-ruby-3.3.8"
      },
      "system": "aarch64-linux",
      "group": "toplevel",
      "priority": 5
    },
    {
      "attr_path": "ruby",
      "broken": false,
      "derivation": "/nix/store/8xlnr6xs02lbzn212l4k340vq6r1yndz-ruby-3.3.8.drv",
      "description": "Object-oriented language for quick and easy programming",
      "install_id": "ruby",
      "license": "Ruby",
      "locked_url": "https://github.com/flox/nixpkgs?rev=9807714d6944a957c2e036f84b0ff8caf9930bc0",
      "name": "ruby-3.3.8",
      "pname": "ruby",
      "rev": "9807714d6944a957c2e036f84b0ff8caf9930bc0",
      "rev_count": 826938,
      "rev_date": "2025-07-08T14:16:20Z",
      "scrape_date": "2025-07-10T05:54:19.310572Z",
      "stabilities": [
        "staging",
        "unstable"
      ],
      "unfree": false,
      "version": "3.3.8",
      "outputs_to_install": [
        "out"
      ],
      "outputs": {
        "devdoc": "/nix/store/7s8vl9miki2gbgn8hlrrva23hwa331bn-ruby-3.3.8-devdoc",
        "out": "/nix/store/sddfr02mywww33rs8h8d37ijc0cjc1sx-ruby-3.3.8"
      },
      "system": "x86_64-darwin",
      "group": "toplevel",
      "priority": 5
    },
    {
      "attr_path": "ruby",
      "broken": false,
      "derivation": "/nix/store/jbf32qyp8zpisxf37v85jvdwcpim3aja-ruby-3.3.8.drv",
      "description": "Object-oriented language for quick and easy programming",
      "install_id": "ruby",
      "license": "Ruby",
      "locked_url": "https://github.com/flox/nixpkgs?rev=9807714d6944a957c2e036f84b0ff8caf9930bc0",
      "name": "ruby-3.3.8",
      "pname": "ruby",
      "rev": "9807714d6944a957c2e036f84b0ff8caf9930bc0",
      "rev_count": 826938,
      "rev_date": "2025-07-08T14:16:20Z",
      "scrape_date": "2025-07-10T06:16:23.105446Z",
      "stabilities": [
        "staging",
        "unstable"
      ],
      "unfree": false,
      "version": "3.3.8",
      "outputs_to_install": [
        "out"
      ],
      "outputs": {
        "devdoc": "/nix/store/8jzb1virivcwxi7w2sj5yf9ncpidyyrg-ruby-3.3.8-devdoc",
        "out": "/nix/store/8prih0r16mcn7ys1m48csqldfr0lczdm-ruby-3.3.8"
      },
      "system": "x86_64-linux",
      "group": "toplevel",
      "priority": 5
    }
  ]
}