{
  "lockfile-version": 1,
  "manifest": {
    "version": 1,
    "install": {
      "btop": {
        "pkg-path": "btop"
      },
      "direnv": {
        "pkg-path": "direnv"
      },
      "eza": {
        "pkg-path": "eza"
      },
      "fastfetch": {
        "pkg-path": "fastfetch"
      },
      "fd": {
        "pkg-path": "fd"
      },
      "fzf": {
        "pkg-path": "fzf"
      },
      "lazydocker": {
        "pkg-path": "lazydocker"
      },
      "lazygit": {
        "pkg-path": "lazygit"
      },
      "ripgrep": {
        "pkg-path": "ripgrep"
      },
      "zoxide": {
        "pkg-path": "zoxide"
      }
    },
    "hook": {},
    "profile": {
      "bash": "  eval \"$(direnv hook bash)\"\n",
      "zsh": "  eval \"$(direnv hook zsh)\"\n",
      "fish": "  direnv hook fish | source\n",
      "tcsh": "  eval `direnv hook tcsh`\n"
    },
    "options": {
      "systems": [
        "aarch64-darwin",
        "aarch64-linux",
        "x86_64-darwin",
        "x86_64-linux"
      ],
      "activate": {
        "mode": "run"
      }
    }
  },
  "packages": [
    {
      "attr_path": "btop",
      "broken": false,
      "derivation": "/nix/store/8qbpqsb4vg42kwcvyq53a9wllljlq496-btop-1.4.4.drv",
      "description": "Monitor of resources",
      "install_id": "btop",
      "license": "Apache-2.0",
      "locked_url": "https://github.com/flox/nixpkgs?rev=5b09dc45f24cf32316283e62aec81ffee3c3e376",
      "name": "btop-1.4.4",
      "pname": "btop",
      "rev": "5b09dc45f24cf32316283e62aec81ffee3c3e376",
      "rev_count": 838708,
      "rev_date": "2025-08-03T09:47:33Z",
      "scrape_date": "2025-08-05T00:29:20.615208Z",
      "stabilities": [
        "unstable"
      ],
      "unfree": false,
      "version": "1.4.4",
      "outputs_to_install": [
        "out"
      ],
      "outputs": {
        "out": "/nix/store/6kgrfgkvcji6m2pna41lw1i55xsii6n8-btop-1.4.4"
      },
      "system": "aarch64-darwin",
      "group": "toplevel",
      "priority": 5
    },
    {
      "attr_path": "btop",
      "broken": false,
      "derivation": "/nix/store/npyzii1ib6vrkf0b0png57fqbprvv726-btop-1.4.4.drv",
      "description": "Monitor of resources",
      "install_id": "btop",
      "license": "Apache-2.0",
      "locked_url": "https://github.com/flox/nixpkgs?rev=5b09dc45f24cf32316283e62aec81ffee3c3e376",
      "name": "btop-1.4.4",
      "pname": "btop",
      "rev": "5b09dc45f24cf32316283e62aec81ffee3c3e376",
      "rev_count": 838708,
      "rev_date": "2025-08-03T09:47:33Z",
      "scrape_date": "2025-08-05T00:49:14.514002Z",
      "stabilities": [
        "unstable"
      ],
      "unfree": false,
      "version": "1.4.4",
      "outputs_to_install": [
        "out"
      ],
      "outputs": {
        "out": "/nix/store/4h420zglkgxqpad8l8bjp6c8nb0pgvh5-btop-1.4.4"
      },
      "system": "aarch64-linux",
      "group": "toplevel",
      "priority": 5
    },
    {
      "attr_path": "btop",
      "broken": false,
      "derivation": "/nix/store/lxd6x1pvzdnrqzg3s4jfpjvk69anpxqk-btop-1.4.4.drv",
      "description": "Monitor of resources",
      "install_id": "btop",
      "license": "Apache-2.0",
      "locked_url": "https://github.com/flox/nixpkgs?rev=5b09dc45f24cf32316283e62aec81ffee3c3e376",
      "name": "btop-1.4.4",
      "pname": "btop",
      "rev": "5b09dc45f24cf32316283e62aec81ffee3c3e376",
      "rev_count": 838708,
      "rev_date": "2025-08-03T09:47:33Z",
      "scrape_date": "2025-08-05T01:08:48.772182Z",
      "stabilities": [
        "unstable"
      ],
      "unfree": false,
      "version": "1.4.4",
      "outputs_to_install": [
        "out"
      ],
      "outputs": {
        "out": "/nix/store/caiqr7093xf2h2j4dlrd8yx9nb02a8lk-btop-1.4.4"
      },
      "system": "x86_64-darwin",
      "group": "toplevel",
      "priority": 5
    },
    {
      "attr_path": "btop",
      "broken": false,
      "derivation": "/nix/store/d7p1k79a8km9m1xzhsgac5rv0mq3bpfa-btop-1.4.4.drv",
      "description": "Monitor of resources",
      "install_id": "btop",
      "license": "Apache-2.0",
      "locked_url": "https://github.com/flox/nixpkgs?rev=5b09dc45f24cf32316283e62aec81ffee3c3e376",
      "name": "btop-1.4.4",
      "pname": "btop",
      "rev": "5b09dc45f24cf32316283e62aec81ffee3c3e376",
      "rev_count": 838708,
      "rev_date": "2025-08-03T09:47:33Z",
      "scrape_date": "2025-08-05T01:32:57.290309Z",
      "stabilities": [
        "unstable"
      ],
      "unfree": false,
      "version": "1.4.4",
      "outputs_to_install": [
        "out"
      ],
      "outputs": {
        "out": "/nix/store/wyfbzy8m0nj5ygr6ij5mbm6g9hv1s5m5-btop-1.4.4"
      },
      "system": "x86_64-linux",
      "group": "toplevel",
      "priority": 5
    },
    {
      "attr_path": "direnv",
      "broken": false,
      "derivation": "/nix/store/d3ccavb9p85zbz1665wlsxizqpz5d7nv-direnv-2.37.1.drv",
      "description": "Shell extension that manages your environment",
      "install_id": "direnv",
      "license": "MIT",
      "locked_url": "https://github.com/flox/nixpkgs?rev=5b09dc45f24cf32316283e62aec81ffee3c3e376",
      "name": "direnv-2.37.1",
      "pname": "direnv",
      "rev": "5b09dc45f24cf32316283e62aec81ffee3c3e376",
      "rev_count": 838708,
      "rev_date": "2025-08-03T09:47:33Z",
      "scrape_date": "2025-08-05T00:29:20.928791Z",
      "stabilities": [
        "unstable"
      ],
      "unfree": false,
      "version": "2.37.1",
      "outputs_to_install": [
        "out"
      ],
      "outputs": {
        "out": "/nix/store/jx3qm446vnaz50kk6pjh4h5chn74ib2c-direnv-2.37.1"
      },
      "system": "aarch64-darwin",
      "group": "toplevel",
      "priority": 5
    },
    {
      "attr_path": "direnv",
      "broken": false,
      "derivation": "/nix/store/5vh0m284kmg9k5gifzs096yh2ya9flav-direnv-2.37.1.drv",
      "description": "Shell extension that manages your environment",
      "install_id": "direnv",
      "license": "MIT",
      "locked_url": "https://github.com/flox/nixpkgs?rev=5b09dc45f24cf32316283e62aec81ffee3c3e376",
      "name": "direnv-2.37.1",
      "pname": "direnv",
      "rev": "5b09dc45f24cf32316283e62aec81ffee3c3e376",
      "rev_count": 838708,
      "rev_date": "2025-08-03T09:47:33Z",
      "scrape_date": "2025-08-05T00:49:15.020932Z",
      "stabilities": [
        "unstable"
      ],
      "unfree": false,
      "version": "2.37.1",
      "outputs_to_install": [
        "out"
      ],
      "outputs": {
        "out": "/nix/store/bqkp6cxz0lp3033iixxm2kvykvfsqvf8-direnv-2.37.1"
      },
      "system": "aarch64-linux",
      "group": "toplevel",
      "priority": 5
    },
    {
      "attr_path": "direnv",
      "broken": false,
      "derivation": "/nix/store/sh2l6flak81j9w5mcixzlf5vn6h46nwh-direnv-2.37.1.drv",
      "description": "Shell extension that manages your environment",
      "install_id": "direnv",
      "license": "MIT",
      "locked_url": "https://github.com/flox/nixpkgs?rev=5b09dc45f24cf32316283e62aec81ffee3c3e376",
      "name": "direnv-2.37.1",
      "pname": "direnv",
      "rev": "5b09dc45f24cf32316283e62aec81ffee3c3e376",
      "rev_count": 838708,
      "rev_date": "2025-08-03T09:47:33Z",
      "scrape_date": "2025-08-05T01:08:49.089806Z",
      "stabilities": [
        "unstable"
      ],
      "unfree": false,
      "version": "2.37.1",
      "outputs_to_install": [
        "out"
      ],
      "outputs": {
        "out": "/nix/store/m77810day5glilqri3k3y9bz2v3vg72w-direnv-2.37.1"
      },
      "system": "x86_64-darwin",
      "group": "toplevel",
      "priority": 5
    },
    {
      "attr_path": "direnv",
      "broken": false,
      "derivation": "/nix/store/vkgjzpgmikxqncqlxzi4lgbayvy2na2y-direnv-2.37.1.drv",
      "description": "Shell extension that manages your environment",
      "install_id": "direnv",
      "license": "MIT",
      "locked_url": "https://github.com/flox/nixpkgs?rev=5b09dc45f24cf32316283e62aec81ffee3c3e376",
      "name": "direnv-2.37.1",
      "pname": "direnv",
      "rev": "5b09dc45f24cf32316283e62aec81ffee3c3e376",
      "rev_count": 838708,
      "rev_date": "2025-08-03T09:47:33Z",
      "scrape_date": "2025-08-05T01:32:57.850621Z",
      "stabilities": [
        "unstable"
      ],
      "unfree": false,
      "version": "2.37.1",
      "outputs_to_install": [
        "out"
      ],
      "outputs": {
        "out": "/nix/store/qj6a7xr3knnl5wjs3rvr8ajbjkxbn32f-direnv-2.37.1"
      },
      "system": "x86_64-linux",
      "group": "toplevel",
      "priority": 5
    },
    {
      "attr_path": "eza",
      "broken": false,
      "derivation": "/nix/store/qym658rs3rqdm5i9j7djr0kxfdqj9cg9-eza-0.23.0.drv",
      "description": "Modern, maintained replacement for ls",
      "install_id": "eza",
      "license": "EUPL-1.2",
      "locked_url": "https://github.com/flox/nixpkgs?rev=5b09dc45f24cf32316283e62aec81ffee3c3e376",
      "name": "eza-0.23.0",
      "pname": "eza",
      "rev": "5b09dc45f24cf32316283e62aec81ffee3c3e376",
      "rev_count": 838708,
      "rev_date": "2025-08-03T09:47:33Z",
      "scrape_date": "2025-08-05T00:29:21.108858Z",
      "stabilities": [
        "unstable"
      ],
      "unfree": false,
      "version": "0.23.0",
      "outputs_to_install": [
        "man",
        "out"
      ],
      "outputs": {
        "man": "/nix/store/7q3vgqlhzznwwy83d6mb9vxnqzyyyfi9-eza-0.23.0-man",
        "out": "/nix/store/7j5szjq21laxhwa86wyxkab4rsdg9bw0-eza-0.23.0"
      },
      "system": "aarch64-darwin",
      "group": "toplevel",
      "priority": 5
    },
    {
      "attr_path": "eza",
      "broken": false,
      "derivation": "/nix/store/lyf2lw80f580viafdlf4s8bdb8vzmxhn-eza-0.23.0.drv",
      "description": "Modern, maintained replacement for ls",
      "install_id": "eza",
      "license": "EUPL-1.2",
      "locked_url": "https://github.com/flox/nixpkgs?rev=5b09dc45f24cf32316283e62aec81ffee3c3e376",
      "name": "eza-0.23.0",
      "pname": "eza",
      "rev": "5b09dc45f24cf32316283e62aec81ffee3c3e376",
      "rev_count": 838708,
      "rev_date": "2025-08-03T09:47:33Z",
      "scrape_date": "2025-08-05T00:49:15.302996Z",
      "stabilities": [
        "unstable"
      ],
      "unfree": false,
      "version": "0.23.0",
      "outputs_to_install": [
        "man",
        "out"
      ],
      "outputs": {
        "man": "/nix/store/1zav9zvgl30r7ggf00glygzhwni630n4-eza-0.23.0-man",
        "out": "/nix/store/q9swy3ghx3060d6nv2gkpiam1n69rprk-eza-0.23.0"
      },
      "system": "aarch64-linux",
      "group": "toplevel",
      "priority": 5
    },
    {
      "attr_path": "eza",
      "broken": false,
      "derivation": "/nix/store/wyqbkc3pbzih0g5116y0h1i6xb36k7s5-eza-0.23.0.drv",
      "description": "Modern, maintained replacement for ls",
      "install_id": "eza",
      "license": "EUPL-1.2",
      "locked_url": "https://github.com/flox/nixpkgs?rev=5b09dc45f24cf32316283e62aec81ffee3c3e376",
      "name": "eza-0.23.0",
      "pname": "eza",
      "rev": "5b09dc45f24cf32316283e62aec81ffee3c3e376",
      "rev_count": 838708,
      "rev_date": "2025-08-03T09:47:33Z",
      "scrape_date": "2025-08-05T01:08:49.264714Z",
      "stabilities": [
        "unstable"
      ],
      "unfree": false,
      "version": "0.23.0",
      "outputs_to_install": [
        "man",
        "out"
      ],
      "outputs": {
        "man": "/nix/store/a7f1f6j1hm33a4yp42wvgzsrlnvdr989-eza-0.23.0-man",
        "out": "/nix/store/mmrm89d1kmawqqkc5cgzx3v7f7naymnw-eza-0.23.0"
      },
      "system": "x86_64-darwin",
      "group": "toplevel",
      "priority": 5
    },
    {
      "attr_path": "eza",
      "broken": false,
      "derivation": "/nix/store/shjab2n4p8vij4qlg0jsgbhwfd6iw76k-eza-0.23.0.drv",
      "description": "Modern, maintained replacement for ls",
      "install_id": "eza",
      "license": "EUPL-1.2",
      "locked_url": "https://github.com/flox/nixpkgs?rev=5b09dc45f24cf32316283e62aec81ffee3c3e376",
      "name": "eza-0.23.0",
      "pname": "eza",
      "rev": "5b09dc45f24cf32316283e62aec81ffee3c3e376",
      "rev_count": 838708,
      "rev_date": "2025-08-03T09:47:33Z",
      "scrape_date": "2025-08-05T01:32:58.160789Z",
      "stabilities": [
        "unstable"
      ],
      "unfree": false,
      "version": "0.23.0",
      "outputs_to_install": [
        "man",
        "out"
      ],
      "outputs": {
        "man": "/nix/store/7rf55yc2d7zmrlr23ipszm36hmmnq7w5-eza-0.23.0-man",
        "out": "/nix/store/n4aac68x6njws1m93zn6wki8nn8h6i1s-eza-0.23.0"
      },
      "system": "x86_64-linux",
      "group": "toplevel",
      "priority": 5
    },
    {
      "attr_path": "fastfetch",
      "broken": false,
      "derivation": "/nix/store/5kywrvncndkpxng5qwg0srifb0a6sl19-fastfetch-2.49.0.drv",
      "description": "Actively maintained, feature-rich and performance oriented, neofetch like system information tool",
      "install_id": "fastfetch",
      "license": "MIT",
      "locked_url": "https://github.com/flox/nixpkgs?rev=5b09dc45f24cf32316283e62aec81ffee3c3e376",
      "name": "fastfetch-2.49.0",
      "pname": "fastfetch",
      "rev": "5b09dc45f24cf32316283e62aec81ffee3c3e376",
      "rev_count": 838708,
      "rev_date": "2025-08-03T09:47:33Z",
      "scrape_date": "2025-08-05T00:29:21.122612Z",
      "stabilities": [
        "unstable"
      ],
      "unfree": false,
      "version": "2.49.0",
      "outputs_to_install": [
        "man",
        "out"
      ],
      "outputs": {
        "man": "/nix/store/7vhl70wc2q6vd827bnh6qni82qj76bfh-fastfetch-2.49.0-man",
        "out": "/nix/store/7a6wfis453i4sdlz39iqgymsdbj70qwp-fastfetch-2.49.0"
      },
      "system": "aarch64-darwin",
      "group": "toplevel",
      "priority": 5
    },
    {
      "attr_path": "fastfetch",
      "broken": false,
      "derivation": "/nix/store/n15szx23zm14ffajlgdrjr5dlj5hnn7b-fastfetch-2.49.0.drv",
      "description": "Actively maintained, feature-rich and performance oriented, neofetch like system information tool",
      "install_id": "fastfetch",
      "license": "MIT",
      "locked_url": "https://github.com/flox/nixpkgs?rev=5b09dc45f24cf32316283e62aec81ffee3c3e376",
      "name": "fastfetch-2.49.0",
      "pname": "fastfetch",
      "rev": "5b09dc45f24cf32316283e62aec81ffee3c3e376",
      "rev_count": 838708,
      "rev_date": "2025-08-03T09:47:33Z",
      "scrape_date": "2025-08-05T00:49:15.325790Z",
      "stabilities": [
        "unstable"
      ],
      "unfree": false,
      "version": "2.49.0",
      "outputs_to_install": [
        "man",
        "out"
      ],
      "outputs": {
        "man": "/nix/store/v7d0m08qb9n4nsiz7cdbcihq1mfwq4pr-fastfetch-2.49.0-man",
        "out": "/nix/store/c6p4mipbdjxpm72rqz1mf2a1k9vm9qm9-fastfetch-2.49.0"
      },
      "system": "aarch64-linux",
      "group": "toplevel",
      "priority": 5
    },
    {
      "attr_path": "fastfetch",
      "broken": false,
      "derivation": "/nix/store/qxi8rr2blyzhchb5flisgc9pnfdqavxi-fastfetch-2.49.0.drv",
      "description": "Actively maintained, feature-rich and performance oriented, neofetch like system information tool",
      "install_id": "fastfetch",
      "license": "MIT",
      "locked_url": "https://github.com/flox/nixpkgs?rev=5b09dc45f24cf32316283e62aec81ffee3c3e376",
      "name": "fastfetch-2.49.0",
      "pname": "fastfetch",
      "rev": "5b09dc45f24cf32316283e62aec81ffee3c3e376",
      "rev_count": 838708,
      "rev_date": "2025-08-03T09:47:33Z",
      "scrape_date": "2025-08-05T01:08:49.278755Z",
      "stabilities": [
        "unstable"
      ],
      "unfree": false,
      "version": "2.49.0",
      "outputs_to_install": [
        "man",
        "out"
      ],
      "outputs": {
        "man": "/nix/store/56dy9d5s5152vbb30jlslxvv8d4y6wrq-fastfetch-2.49.0-man",
        "out": "/nix/store/340wqnsb904cxxlah1qphcbllgb39fvs-fastfetch-2.49.0"
      },
      "system": "x86_64-darwin",
      "group": "toplevel",
      "priority": 5
    },
    {
      "attr_path": "fastfetch",
      "broken": false,
      "derivation": "/nix/store/grlxmca4s2cdpis7qa82rfs9592gmszj-fastfetch-2.49.0.drv",
      "description": "Actively maintained, feature-rich and performance oriented, neofetch like system information tool",
      "install_id": "fastfetch",
      "license": "MIT",
      "locked_url": "https://github.com/flox/nixpkgs?rev=5b09dc45f24cf32316283e62aec81ffee3c3e376",
      "name": "fastfetch-2.49.0",
      "pname": "fastfetch",
      "rev": "5b09dc45f24cf32316283e62aec81ffee3c3e376",
      "rev_count": 838708,
      "rev_date": "2025-08-03T09:47:33Z",
      "scrape_date": "2025-08-05T01:32:58.193369Z",
      "stabilities": [
        "unstable"
      ],
      "unfree": false,
      "version": "2.49.0",
      "outputs_to_install": [
        "man",
        "out"
      ],
      "outputs": {
        "man": "/nix/store/7a5xk0krwnlfhfwgvqa2yym4a8fnd2ks-fastfetch-2.49.0-man",
        "out": "/nix/store/baklmz9hz4pb68idgr507wpvly4qmcmy-fastfetch-2.49.0"
      },
      "system": "x86_64-linux",
      "group": "toplevel",
      "priority": 5
    },
    {
      "attr_path": "fd",
      "broken": false,
      "derivation": "/nix/store/bpimihr56s8ga3i0yw7gy1s5ff3q0nlc-fd-10.2.0.drv",
      "description": "Simple, fast and user-friendly alternative to find",
      "install_id": "fd",
      "license": "[ Apache-2.0, MIT ]",
      "locked_url": "https://github.com/flox/nixpkgs?rev=5b09dc45f24cf32316283e62aec81ffee3c3e376",
      "name": "fd-10.2.0",
      "pname": "fd",
      "rev": "5b09dc45f24cf32316283e62aec81ffee3c3e376",
      "rev_count": 838708,
      "rev_date": "2025-08-03T09:47:33Z",
      "scrape_date": "2025-08-05T00:29:21.132456Z",
      "stabilities": [
        "unstable"
      ],
      "unfree": false,
      "version": "10.2.0",
      "outputs_to_install": [
        "out"
      ],
      "outputs": {
        "out": "/nix/store/40nk6ri500aip6a34x8nnhr9k0ikgl8f-fd-10.2.0"
      },
      "system": "aarch64-darwin",
      "group": "toplevel",
      "priority": 5
    },
    {
      "attr_path": "fd",
      "broken": false,
      "derivation": "/nix/store/v8njmzpwy690zsycspba9wf2r1f6bfc3-fd-10.2.0.drv",
      "description": "Simple, fast and user-friendly alternative to find",
      "install_id": "fd",
      "license": "[ Apache-2.0, MIT ]",
      "locked_url": "https://github.com/flox/nixpkgs?rev=5b09dc45f24cf32316283e62aec81ffee3c3e376",
      "name": "fd-10.2.0",
      "pname": "fd",
      "rev": "5b09dc45f24cf32316283e62aec81ffee3c3e376",
      "rev_count": 838708,
      "rev_date": "2025-08-03T09:47:33Z",
      "scrape_date": "2025-08-05T00:49:15.350032Z",
      "stabilities": [
        "unstable"
      ],
      "unfree": false,
      "version": "10.2.0",
      "outputs_to_install": [
        "out"
      ],
      "outputs": {
        "out": "/nix/store/f0cm3mr35dxk6ziwcarwmk5psnzklg6k-fd-10.2.0"
      },
      "system": "aarch64-linux",
      "group": "toplevel",
      "priority": 5
    },
    {
      "attr_path": "fd",
      "broken": false,
      "derivation": "/nix/store/gcq0s7rz4hl6lphanqff24qmy19law01-fd-10.2.0.drv",
      "description": "Simple, fast and user-friendly alternative to find",
      "install_id": "fd",
      "license": "[ Apache-2.0, MIT ]",
      "locked_url": "https://github.com/flox/nixpkgs?rev=5b09dc45f24cf32316283e62aec81ffee3c3e376",
      "name": "fd-10.2.0",
      "pname": "fd",
      "rev": "5b09dc45f24cf32316283e62aec81ffee3c3e376",
      "rev_count": 838708,
      "rev_date": "2025-08-03T09:47:33Z",
      "scrape_date": "2025-08-05T01:08:49.289108Z",
      "stabilities": [
        "unstable"
      ],
      "unfree": false,
      "version": "10.2.0",
      "outputs_to_install": [
        "out"
      ],
      "outputs": {
        "out": "/nix/store/5vqrgkgb3ishhjrjfvd08401bzj80yhl-fd-10.2.0"
      },
      "system": "x86_64-darwin",
      "group": "toplevel",
      "priority": 5
    },
    {
      "attr_path": "fd",
      "broken": false,
      "derivation": "/nix/store/m8i0zrc7jc4mrydzg17qgqmf1wpvl0j7-fd-10.2.0.drv",
      "description": "Simple, fast and user-friendly alternative to find",
      "install_id": "fd",
      "license": "[ Apache-2.0, MIT ]",
      "locked_url": "https://github.com/flox/nixpkgs?rev=5b09dc45f24cf32316283e62aec81ffee3c3e376",
      "name": "fd-10.2.0",
      "pname": "fd",
      "rev": "5b09dc45f24cf32316283e62aec81ffee3c3e376",
      "rev_count": 838708,
      "rev_date": "2025-08-03T09:47:33Z",
      "scrape_date": "2025-08-05T01:32:58.220058Z",
      "stabilities": [
        "unstable"
      ],
      "unfree": false,
      "version": "10.2.0",
      "outputs_to_install": [
        "out"
      ],
      "outputs": {
        "out": "/nix/store/d8gs5vih8f1nkck5q8jrndzxzdkpsl01-fd-10.2.0"
      },
      "system": "x86_64-linux",
      "group": "toplevel",
      "priority": 5
    },
    {
      "attr_path": "fzf",
      "broken": false,
      "derivation": "/nix/store/il4ipppd7rgym1aiy3pmiax08vjy1ynv-fzf-0.65.0.drv",
      "description": "Command-line fuzzy finder written in Go",
      "install_id": "fzf",
      "license": "MIT",
      "locked_url": "https://github.com/flox/nixpkgs?rev=5b09dc45f24cf32316283e62aec81ffee3c3e376",
      "name": "fzf-0.65.0",
      "pname": "fzf",
      "rev": "5b09dc45f24cf32316283e62aec81ffee3c3e376",
      "rev_count": 838708,
      "rev_date": "2025-08-03T09:47:33Z",
      "scrape_date": "2025-08-05T00:29:21.236344Z",
      "stabilities": [
        "unstable"
      ],
      "unfree": false,
      "version": "0.65.0",
      "outputs_to_install": [
        "man",
        "out"
      ],
      "outputs": {
        "man": "/nix/store/yvqql5yhv99lpmx66b3ka0q0infsvjwb-fzf-0.65.0-man",
        "out": "/nix/store/fd0hyg73c0sc1p490afmm33bp00w4cy8-fzf-0.65.0"
      },
      "system": "aarch64-darwin",
      "group": "toplevel",
      "priority": 5
    },
    {
      "attr_path": "fzf",
      "broken": false,
      "derivation": "/nix/store/6lga650dqamr77hqhjmv14zd36qr0dpp-fzf-0.65.0.drv",
      "description": "Command-line fuzzy finder written in Go",
      "install_id": "fzf",
      "license": "MIT",
      "locked_url": "https://github.com/flox/nixpkgs?rev=5b09dc45f24cf32316283e62aec81ffee3c3e376",
      "name": "fzf-0.65.0",
      "pname": "fzf",
      "rev": "5b09dc45f24cf32316283e62aec81ffee3c3e376",
      "rev_count": 838708,
      "rev_date": "2025-08-03T09:47:33Z",
      "scrape_date": "2025-08-05T00:49:15.539669Z",
      "stabilities": [
        "unstable"
      ],
      "unfree": false,
      "version": "0.65.0",
      "outputs_to_install": [
        "man",
        "out"
      ],
      "outputs": {
        "man": "/nix/store/5r8ramvigmm0z5957bqj4pskvzaysl2s-fzf-0.65.0-man",
        "out": "/nix/store/abrkal8qvywz2ddcnalyni4p164341w9-fzf-0.65.0"
      },
      "system": "aarch64-linux",
      "group": "toplevel",
      "priority": 5
    },
    {
      "attr_path": "fzf",
      "broken": false,
      "derivation": "/nix/store/d7hxbqxi0pjbwvk0a31k0926inn9fccq-fzf-0.65.0.drv",
      "description": "Command-line fuzzy finder written in Go",
      "install_id": "fzf",
      "license": "MIT",
      "locked_url": "https://github.com/flox/nixpkgs?rev=5b09dc45f24cf32316283e62aec81ffee3c3e376",
      "name": "fzf-0.65.0",
      "pname": "fzf",
      "rev": "5b09dc45f24cf32316283e62aec81ffee3c3e376",
      "rev_count": 838708,
      "rev_date": "2025-08-03T09:47:33Z",
      "scrape_date": "2025-08-05T01:08:49.394806Z",
      "stabilities": [
        "unstable"
      ],
      "unfree": false,
      "version": "0.65.0",
      "outputs_to_install": [
        "man",
        "out"
      ],
      "outputs": {
        "man": "/nix/store/ml7bzhx2fin1aqc82hq0nf27dp1w6fzv-fzf-0.65.0-man",
        "out": "/nix/store/11l446aj5mixb097lhg86dk6lbdqpsi5-fzf-0.65.0"
      },
      "system": "x86_64-darwin",
      "group": "toplevel",
      "priority": 5
    },
    {
      "attr_path": "fzf",
      "broken": false,
      "derivation": "/nix/store/9rv22c61agnr6nh2298849hi03jyhw4j-fzf-0.65.0.drv",
      "description": "Command-line fuzzy finder written in Go",
      "install_id": "fzf",
      "license": "MIT",
      "locked_url": "https://github.com/flox/nixpkgs?rev=5b09dc45f24cf32316283e62aec81ffee3c3e376",
      "name": "fzf-0.65.0",
      "pname": "fzf",
      "rev": "5b09dc45f24cf32316283e62aec81ffee3c3e376",
      "rev_count": 838708,
      "rev_date": "2025-08-03T09:47:33Z",
      "scrape_date": "2025-08-05T01:32:58.481954Z",
      "stabilities": [
        "unstable"
      ],
      "unfree": false,
      "version": "0.65.0",
      "outputs_to_install": [
        "man",
        "out"
      ],
      "outputs": {
        "man": "/nix/store/m92g1fvs5xrjllpmvkyvjsk084ma9ywp-fzf-0.65.0-man",
        "out": "/nix/store/zqn0nh2q8c81rf5z7gx3d87cl233yzdw-fzf-0.65.0"
      },
      "system": "x86_64-linux",
      "group": "toplevel",
      "priority": 5
    },
    {
      "attr_path": "lazydocker",
      "broken": false,
      "derivation": "/nix/store/mqr4xbwlygwphk7r6sfy1sbqg6xr037l-lazydocker-0.24.1.drv",
      "description": "Simple terminal UI for both docker and docker-compose",
      "install_id": "lazydocker",
      "license": "MIT",
      "locked_url": "https://github.com/flox/nixpkgs?rev=5b09dc45f24cf32316283e62aec81ffee3c3e376",
      "name": "lazydocker-0.24.1",
      "pname": "lazydocker",
      "rev": "5b09dc45f24cf32316283e62aec81ffee3c3e376",
      "rev_count": 838708,
      "rev_date": "2025-08-03T09:47:33Z",
      "scrape_date": "2025-08-05T00:29:22.126832Z",
      "stabilities": [
        "unstable"
      ],
      "unfree": false,
      "version": "0.24.1",
      "outputs_to_install": [
        "out"
      ],
      "outputs": {
        "out": "/nix/store/1935d20f991yx65aldbzkv6h8a19h4wh-lazydocker-0.24.1"
      },
      "system": "aarch64-darwin",
      "group": "toplevel",
      "priority": 5
    },
    {
      "attr_path": "lazydocker",
      "broken": false,
      "derivation": "/nix/store/9z2rrzmgc29wxdx5kf09n7blca9ffyif-lazydocker-0.24.1.drv",
      "description": "Simple terminal UI for both docker and docker-compose",
      "install_id": "lazydocker",
      "license": "MIT",
      "locked_url": "https://github.com/flox/nixpkgs?rev=5b09dc45f24cf32316283e62aec81ffee3c3e376",
      "name": "lazydocker-0.24.1",
      "pname": "lazydocker",
      "rev": "5b09dc45f24cf32316283e62aec81ffee3c3e376",
      "rev_count": 838708,
      "rev_date": "2025-08-03T09:47:33Z",
      "scrape_date": "2025-08-05T00:49:18.100798Z",
      "stabilities": [
        "unstable"
      ],
      "unfree": false,
      "version": "0.24.1",
      "outputs_to_install": [
        "out"
      ],
      "outputs": {
        "out": "/nix/store/clp4jpwxfc1kaxzp2h9yq299jdfpj558-lazydocker-0.24.1"
      },
      "system": "aarch64-linux",
      "group": "toplevel",
      "priority": 5
    },
    {
      "attr_path": "lazydocker",
      "broken": false,
      "derivation": "/nix/store/wlbhd504mzmj6x8rz8isynjwb48jdp0q-lazydocker-0.24.1.drv",
      "description": "Simple terminal UI for both docker and docker-compose",
      "install_id": "lazydocker",
      "license": "MIT",
      "locked_url": "https://github.com/flox/nixpkgs?rev=5b09dc45f24cf32316283e62aec81ffee3c3e376",
      "name": "lazydocker-0.24.1",
      "pname": "lazydocker",
      "rev": "5b09dc45f24cf32316283e62aec81ffee3c3e376",
      "rev_count": 838708,
      "rev_date": "2025-08-03T09:47:33Z",
      "scrape_date": "2025-08-05T01:08:50.327473Z",
      "stabilities": [
        "unstable"
      ],
      "unfree": false,
      "version": "0.24.1",
      "outputs_to_install": [
        "out"
      ],
      "outputs": {
        "out": "/nix/store/59a19yd1a0al77gvkkiymcqwi8384ahi-lazydocker-0.24.1"
      },
      "system": "x86_64-darwin",
      "group": "toplevel",
      "priority": 5
    },
    {
      "attr_path": "lazydocker",
      "broken": false,
      "derivation": "/nix/store/j1lc5fn9x5slryi1ywb4hqfc0zxb627h-lazydocker-0.24.1.drv",
      "description": "Simple terminal UI for both docker and docker-compose",
      "install_id": "lazydocker",
      "license": "MIT",
      "locked_url": "https://github.com/flox/nixpkgs?rev=5b09dc45f24cf32316283e62aec81ffee3c3e376",
      "name": "lazydocker-0.24.1",
      "pname": "lazydocker",
      "rev": "5b09dc45f24cf32316283e62aec81ffee3c3e376",
      "rev_count": 838708,
      "rev_date": "2025-08-03T09:47:33Z",
      "scrape_date": "2025-08-05T01:33:01.282570Z",
      "stabilities": [
        "unstable"
      ],
      "unfree": false,
      "version": "0.24.1",
      "outputs_to_install": [
        "out"
      ],
      "outputs": {
        "out": "/nix/store/wk89ki4wcyvlmjn35w7l4fmpvk0yqv85-lazydocker-0.24.1"
      },
      "system": "x86_64-linux",
      "group": "toplevel",
      "priority": 5
    },
    {
      "attr_path": "lazygit",
      "broken": false,
      "derivation": "/nix/store/fvd2fnk99cgszaa0v60jnnc6iamgf21z-lazygit-0.54.0.drv",
      "description": "Simple terminal UI for git commands",
      "install_id": "lazygit",
      "license": "MIT",
      "locked_url": "https://github.com/flox/nixpkgs?rev=5b09dc45f24cf32316283e62aec81ffee3c3e376",
      "name": "lazygit-0.54.0",
      "pname": "lazygit",
      "rev": "5b09dc45f24cf32316283e62aec81ffee3c3e376",
      "rev_count": 838708,
      "rev_date": "2025-08-03T09:47:33Z",
      "scrape_date": "2025-08-05T00:29:22.127146Z",
      "stabilities": [
        "unstable"
      ],
      "unfree": false,
      "version": "0.54.0",
      "outputs_to_install": [
        "out"
      ],
      "outputs": {
        "out": "/nix/store/m0ab4f77b16ghzamlfiasf8zwr0m23fn-lazygit-0.54.0"
      },
      "system": "aarch64-darwin",
      "group": "toplevel",
      "priority": 5
    },
    {
      "attr_path": "lazygit",
      "broken": false,
      "derivation": "/nix/store/3cr3x5mrqi4qjvh3a3jmys1vkjbidxqc-lazygit-0.54.0.drv",
      "description": "Simple terminal UI for git commands",
      "install_id": "lazygit",
      "license": "MIT",
      "locked_url": "https://github.com/flox/nixpkgs?rev=5b09dc45f24cf32316283e62aec81ffee3c3e376",
      "name": "lazygit-0.54.0",
      "pname": "lazygit",
      "rev": "5b09dc45f24cf32316283e62aec81ffee3c3e376",
      "rev_count": 838708,
      "rev_date": "2025-08-03T09:47:33Z",
      "scrape_date": "2025-08-05T00:49:18.101273Z",
      "stabilities": [
        "unstable"
      ],
      "unfree": false,
      "version": "0.54.0",
      "outputs_to_install": [
        "out"
      ],
      "outputs": {
        "out": "/nix/store/1c0m2ky9296553nrjnrmyl989zli4r3y-lazygit-0.54.0"
      },
      "system": "aarch64-linux",
      "group": "toplevel",
      "priority": 5
    },
    {
      "attr_path": "lazygit",
      "broken": false,
      "derivation": "/nix/store/5j5c0b27x6rx9c53cr2lsjfxma45dbby-lazygit-0.54.0.drv",
      "description": "Simple terminal UI for git commands",
      "install_id": "lazygit",
      "license": "MIT",
      "locked_url": "https://github.com/flox/nixpkgs?rev=5b09dc45f24cf32316283e62aec81ffee3c3e376",
      "name": "lazygit-0.54.0",
      "pname": "lazygit",
      "rev": "5b09dc45f24cf32316283e62aec81ffee3c3e376",
      "rev_count": 838708,
      "rev_date": "2025-08-03T09:47:33Z",
      "scrape_date": "2025-08-05T01:08:50.327792Z",
      "stabilities": [
        "unstable"
      ],
      "unfree": false,
      "version": "0.54.0",
      "outputs_to_install": [
        "out"
      ],
      "outputs": {
        "out": "/nix/store/7k9zym6sr68n0zpzvkxfl8596j883l34-lazygit-0.54.0"
      },
      "system": "x86_64-darwin",
      "group": "toplevel",
      "priority": 5
    },
    {
      "attr_path": "lazygit",
      "broken": false,
      "derivation": "/nix/store/mrgb0bblc8d4yjnh3iaxiwqq5gn2xazb-lazygit-0.54.0.drv",
      "description": "Simple terminal UI for git commands",
      "install_id": "lazygit",
      "license": "MIT",
      "locked_url": "https://github.com/flox/nixpkgs?rev=5b09dc45f24cf32316283e62aec81ffee3c3e376",
      "name": "lazygit-0.54.0",
      "pname": "lazygit",
      "rev": "5b09dc45f24cf32316283e62aec81ffee3c3e376",
      "rev_count": 838708,
      "rev_date": "2025-08-03T09:47:33Z",
      "scrape_date": "2025-08-05T01:33:01.283083Z",
      "stabilities": [
        "unstable"
      ],
      "unfree": false,
      "version": "0.54.0",
      "outputs_to_install": [
        "out"
      ],
      "outputs": {
        "out": "/nix/store/a92irbhw27y6pagxi9hs4yh78y9c5y0r-lazygit-0.54.0"
      },
      "system": "x86_64-linux",
      "group": "toplevel",
      "priority": 5
    },
    {
      "attr_path": "ripgrep",
      "broken": false,
      "derivation": "/nix/store/grqxqfjd29pd87r5bs3jcdh4v4w0mklg-ripgrep-14.1.1.drv",
      "description": "Utility that combines the usability of The Silver Searcher with the raw speed of grep",
      "install_id": "ripgrep",
      "license": "[ Unlicense, MIT ]",
      "locked_url": "https://github.com/flox/nixpkgs?rev=5b09dc45f24cf32316283e62aec81ffee3c3e376",
      "name": "ripgrep-14.1.1",
      "pname": "ripgrep",
      "rev": "5b09dc45f24cf32316283e62aec81ffee3c3e376",
      "rev_count": 838708,
      "rev_date": "2025-08-03T09:47:33Z",
      "scrape_date": "2025-08-05T00:29:51.526794Z",
      "stabilities": [
        "unstable"
      ],
      "unfree": false,
      "version": "14.1.1",
      "outputs_to_install": [
        "out"
      ],
      "outputs": {
        "out": "/nix/store/md9kfvsz7axcb5b1z2yw2mybi3lhxyha-ripgrep-14.1.1"
      },
      "system": "aarch64-darwin",
      "group": "toplevel",
      "priority": 5
    },
    {
      "attr_path": "ripgrep",
      "broken": false,
      "derivation": "/nix/store/dl7vljk8knpr2j77vvdsxd2lm75jldqx-ripgrep-14.1.1.drv",
      "description": "Utility that combines the usability of The Silver Searcher with the raw speed of grep",
      "install_id": "ripgrep",
      "license": "[ Unlicense, MIT ]",
      "locked_url": "https://github.com/flox/nixpkgs?rev=5b09dc45f24cf32316283e62aec81ffee3c3e376",
      "name": "ripgrep-14.1.1",
      "pname": "ripgrep",
      "rev": "5b09dc45f24cf32316283e62aec81ffee3c3e376",
      "rev_count": 838708,
      "rev_date": "2025-08-03T09:47:33Z",
      "scrape_date": "2025-08-05T00:50:09.390775Z",
      "stabilities": [
        "unstable"
      ],
      "unfree": false,
      "version": "14.1.1",
      "outputs_to_install": [
        "out"
      ],
      "outputs": {
        "out": "/nix/store/slgpwy2f6j68p47hifz503251dgxb075-ripgrep-14.1.1"
      },
      "system": "aarch64-linux",
      "group": "toplevel",
      "priority": 5
    },
    {
      "attr_path": "ripgrep",
      "broken": false,
      "derivation": "/nix/store/v5h911h46g2r8y6am9ls2ycl0zkgava0-ripgrep-14.1.1.drv",
      "description": "Utility that combines the usability of The Silver Searcher with the raw speed of grep",
      "install_id": "ripgrep",
      "license": "[ Unlicense, MIT ]",
      "locked_url": "https://github.com/flox/nixpkgs?rev=5b09dc45f24cf32316283e62aec81ffee3c3e376",
      "name": "ripgrep-14.1.1",
      "pname": "ripgrep",
      "rev": "5b09dc45f24cf32316283e62aec81ffee3c3e376",
      "rev_count": 838708,
      "rev_date": "2025-08-03T09:47:33Z",
      "scrape_date": "2025-08-05T01:09:19.644671Z",
      "stabilities": [
        "unstable"
      ],
      "unfree": false,
      "version": "14.1.1",
      "outputs_to_install": [
        "out"
      ],
      "outputs": {
        "out": "/nix/store/m645jkssqpw05acf1cnz037via2y0j4q-ripgrep-14.1.1"
      },
      "system": "x86_64-darwin",
      "group": "toplevel",
      "priority": 5
    },
    {
      "attr_path": "ripgrep",
      "broken": false,
      "derivation": "/nix/store/fqp1zlda15dsg1rgfbqcl4fbd33s6gwj-ripgrep-14.1.1.drv",
      "description": "Utility that combines the usability of The Silver Searcher with the raw speed of grep",
      "install_id": "ripgrep",
      "license": "[ Unlicense, MIT ]",
      "locked_url": "https://github.com/flox/nixpkgs?rev=5b09dc45f24cf32316283e62aec81ffee3c3e376",
      "name": "ripgrep-14.1.1",
      "pname": "ripgrep",
      "rev": "5b09dc45f24cf32316283e62aec81ffee3c3e376",
      "rev_count": 838708,
      "rev_date": "2025-08-03T09:47:33Z",
      "scrape_date": "2025-08-05T01:33:54.828927Z",
      "stabilities": [
        "unstable"
      ],
      "unfree": false,
      "version": "14.1.1",
      "outputs_to_install": [
        "out"
      ],
      "outputs": {
        "out": "/nix/store/1ijacjhy42pqx7vfi5mnsqrps2k3b8xf-ripgrep-14.1.1"
      },
      "system": "x86_64-linux",
      "group": "toplevel",
      "priority": 5
    },
    {
      "attr_path": "zoxide",
      "broken": false,
      "derivation": "/nix/store/wlcpl3ycrqzd14x22m934hcqfcbhggbp-zoxide-0.9.8.drv",
      "description": "Fast cd command that learns your habits",
      "install_id": "zoxide",
      "license": "[ MIT ]",
      "locked_url": "https://github.com/flox/nixpkgs?rev=5b09dc45f24cf32316283e62aec81ffee3c3e376",
      "name": "zoxide-0.9.8",
      "pname": "zoxide",
      "rev": "5b09dc45f24cf32316283e62aec81ffee3c3e376",
      "rev_count": 838708,
      "rev_date": "2025-08-03T09:47:33Z",
      "scrape_date": "2025-08-05T00:30:28.964348Z",
      "stabilities": [
        "unstable"
      ],
      "unfree": false,
      "version": "0.9.8",
      "outputs_to_install": [
        "out"
      ],
      "outputs": {
        "out": "/nix/store/rll7y39438dqnlyphs8qiwhszhhwl7jw-zoxide-0.9.8"
      },
      "system": "aarch64-darwin",
      "group": "toplevel",
      "priority": 5
    },
    {
      "attr_path": "zoxide",
      "broken": false,
      "derivation": "/nix/store/1fqi2sqrvy22v4gfn9h2ls86s7c81h6x-zoxide-0.9.8.drv",
      "description": "Fast cd command that learns your habits",
      "install_id": "zoxide",
      "license": "[ MIT ]",
      "locked_url": "https://github.com/flox/nixpkgs?rev=5b09dc45f24cf32316283e62aec81ffee3c3e376",
      "name": "zoxide-0.9.8",
      "pname": "zoxide",
      "rev": "5b09dc45f24cf32316283e62aec81ffee3c3e376",
      "rev_count": 838708,
      "rev_date": "2025-08-03T09:47:33Z",
      "scrape_date": "2025-08-05T00:51:00.446660Z",
      "stabilities": [
        "unstable"
      ],
      "unfree": false,
      "version": "0.9.8",
      "outputs_to_install": [
        "out"
      ],
      "outputs": {
        "out": "/nix/store/fhj9a0v821krgbdbw3fwlrp29yywz8l1-zoxide-0.9.8"
      },
      "system": "aarch64-linux",
      "group": "toplevel",
      "priority": 5
    },
    {
      "attr_path": "zoxide",
      "broken": false,
      "derivation": "/nix/store/isrbnh3cjb2alvd37r10ibs2cwl2bsl6-zoxide-0.9.8.drv",
      "description": "Fast cd command that learns your habits",
      "install_id": "zoxide",
      "license": "[ MIT ]",
      "locked_url": "https://github.com/flox/nixpkgs?rev=5b09dc45f24cf32316283e62aec81ffee3c3e376",
      "name": "zoxide-0.9.8",
      "pname": "zoxide",
      "rev": "5b09dc45f24cf32316283e62aec81ffee3c3e376",
      "rev_count": 838708,
      "rev_date": "2025-08-03T09:47:33Z",
      "scrape_date": "2025-08-05T01:09:56.445374Z",
      "stabilities": [
        "unstable"
      ],
      "unfree": false,
      "version": "0.9.8",
      "outputs_to_install": [
        "out"
      ],
      "outputs": {
        "out": "/nix/store/hj7ki3r1xddw75w5azsfhgaf8hiza8wf-zoxide-0.9.8"
      },
      "system": "x86_64-darwin",
      "group": "toplevel",
      "priority": 5
    },
    {
      "attr_path": "zoxide",
      "broken": false,
      "derivation": "/nix/store/9ww65mq02vh5mbysyy8qd6zh38ginh5l-zoxide-0.9.8.drv",
      "description": "Fast cd command that learns your habits",
      "install_id": "zoxide",
      "license": "[ MIT ]",
      "locked_url": "https://github.com/flox/nixpkgs?rev=5b09dc45f24cf32316283e62aec81ffee3c3e376",
      "name": "zoxide-0.9.8",
      "pname": "zoxide",
      "rev": "5b09dc45f24cf32316283e62aec81ffee3c3e376",
      "rev_count": 838708,
      "rev_date": "2025-08-03T09:47:33Z",
      "scrape_date": "2025-08-05T01:34:48.381588Z",
      "stabilities": [
        "unstable"
      ],
      "unfree": false,
      "version": "0.9.8",
      "outputs_to_install": [
        "out"
      ],
      "outputs": {
        "out": "/nix/store/s898g4kh8z7hnyw1b016yqj2ilx18flf-zoxide-0.9.8"
      },
      "system": "x86_64-linux",
      "group": "toplevel",
      "priority": 5
    }
  ]
}