{
  "lockfile-version": 1,
  "manifest": {
    "version": 1,
    "install": {
      "direnv": {
        "pkg-path": "direnv"
      },
      "tmux": {
        "pkg-path": "tmux"
      }
    },
    "hook": {},
    "profile": {},
    "options": {
      "systems": [
        "aarch64-darwin",
        "aarch64-linux",
        "x86_64-darwin",
        "x86_64-linux"
      ]
    }
  },
  "packages": [
    {
      "attr_path": "direnv",
      "broken": false,
      "derivation": "/nix/store/9y2yj5s897iikg4k4pkj7gbpf0wydsi3-direnv-2.36.0.drv",
      "description": "Shell extension that manages your environment",
      "install_id": "direnv",
      "license": "MIT",
      "locked_url": "https://github.com/flox/nixpkgs?rev=96ec055edbe5ee227f28cdbc3f1ddf1df5965102",
      "name": "direnv-2.36.0",
      "pname": "direnv",
      "rev": "96ec055edbe5ee227f28cdbc3f1ddf1df5965102",
      "rev_count": 807377,
      "rev_date": "2025-05-28T19:24:49Z",
      "scrape_date": "2025-05-31T04:22:54.750291Z",
      "stabilities": [
        "unstable"
      ],
      "unfree": false,
      "version": "2.36.0",
      "outputs_to_install": [
        "out"
      ],
      "outputs": {
        "out": "/nix/store/g8hmdwd25ddyrbni7whd255cq7i6kk48-direnv-2.36.0"
      },
      "system": "aarch64-darwin",
      "group": "toplevel",
      "priority": 5
    },
    {
      "attr_path": "direnv",
      "broken": false,
      "derivation": "/nix/store/4l05pyhnj6lak2rbaxypv54kfgv5c1wh-direnv-2.36.0.drv",
      "description": "Shell extension that manages your environment",
      "install_id": "direnv",
      "license": "MIT",
      "locked_url": "https://github.com/flox/nixpkgs?rev=96ec055edbe5ee227f28cdbc3f1ddf1df5965102",
      "name": "direnv-2.36.0",
      "pname": "direnv",
      "rev": "96ec055edbe5ee227f28cdbc3f1ddf1df5965102",
      "rev_count": 807377,
      "rev_date": "2025-05-28T19:24:49Z",
      "scrape_date": "2025-05-31T04:41:01.696119Z",
      "stabilities": [
        "unstable"
      ],
      "unfree": false,
      "version": "2.36.0",
      "outputs_to_install": [
        "out"
      ],
      "outputs": {
        "out": "/nix/store/z3gkhnf30lr0sqylmc6d8cqw694nhvlc-direnv-2.36.0"
      },
      "system": "aarch64-linux",
      "group": "toplevel",
      "priority": 5
    },
    {
      "attr_path": "direnv",
      "broken": false,
      "derivation": "/nix/store/g2j3iwf36fvlc2rr8a0ysa0bivsy2bhh-direnv-2.36.0.drv",
      "description": "Shell extension that manages your environment",
      "install_id": "direnv",
      "license": "MIT",
      "locked_url": "https://github.com/flox/nixpkgs?rev=96ec055edbe5ee227f28cdbc3f1ddf1df5965102",
      "name": "direnv-2.36.0",
      "pname": "direnv",
      "rev": "96ec055edbe5ee227f28cdbc3f1ddf1df5965102",
      "rev_count": 807377,
      "rev_date": "2025-05-28T19:24:49Z",
      "scrape_date": "2025-05-31T04:56:59.179835Z",
      "stabilities": [
        "unstable"
      ],
      "unfree": false,
      "version": "2.36.0",
      "outputs_to_install": [
        "out"
      ],
      "outputs": {
        "out": "/nix/store/b4cqfb1gncazgs7qcj740fs5zfbwijha-direnv-2.36.0"
      },
      "system": "x86_64-darwin",
      "group": "toplevel",
      "priority": 5
    },
    {
      "attr_path": "direnv",
      "broken": false,
      "derivation": "/nix/store/0zmvivpmxf8mamcyz1j1g7k8z31ki0zx-direnv-2.36.0.drv",
      "description": "Shell extension that manages your environment",
      "install_id": "direnv",
      "license": "MIT",
      "locked_url": "https://github.com/flox/nixpkgs?rev=96ec055edbe5ee227f28cdbc3f1ddf1df5965102",
      "name": "direnv-2.36.0",
      "pname": "direnv",
      "rev": "96ec055edbe5ee227f28cdbc3f1ddf1df5965102",
      "rev_count": 807377,
      "rev_date": "2025-05-28T19:24:49Z",
      "scrape_date": "2025-05-31T05:15:56.164529Z",
      "stabilities": [
        "unstable"
      ],
      "unfree": false,
      "version": "2.36.0",
      "outputs_to_install": [
        "out"
      ],
      "outputs": {
        "out": "/nix/store/jn8rvwixndyhk3ilibx8n7sx49fa34hy-direnv-2.36.0"
      },
      "system": "x86_64-linux",
      "group": "toplevel",
      "priority": 5
    },
    {
      "attr_path": "tmux",
      "broken": false,
      "derivation": "/nix/store/5ydmnwmpxvvzi2k6h7q6arvn0n5765dp-tmux-3.5a.drv",
      "description": "Terminal multiplexer",
      "install_id": "tmux",
      "license": "BSD-3-Clause",
      "locked_url": "https://github.com/flox/nixpkgs?rev=96ec055edbe5ee227f28cdbc3f1ddf1df5965102",
      "name": "tmux-3.5a",
      "pname": "tmux",
      "rev": "96ec055edbe5ee227f28cdbc3f1ddf1df5965102",
      "rev_count": 807377,
      "rev_date": "2025-05-28T19:24:49Z",
      "scrape_date": "2025-05-31T04:23:45.579826Z",
      "stabilities": [
        "unstable"
      ],
      "unfree": false,
      "version": "3.5a",
      "outputs_to_install": [
        "man",
        "out"
      ],
      "outputs": {
        "man": "/nix/store/sppflpqfis5pdqiqcnzryg0gad5g4sa3-tmux-3.5a-man",
        "out": "/nix/store/hj4r6y5nd1kh25c6xil1p4vxqvv5r7zk-tmux-3.5a"
      },
      "system": "aarch64-darwin",
      "group": "toplevel",
      "priority": 5
    },
    {
      "attr_path": "tmux",
      "broken": false,
      "derivation": "/nix/store/0fiwpdzr5qhwaah3hpslmvdnqv2hb31x-tmux-3.5a.drv",
      "description": "Terminal multiplexer",
      "install_id": "tmux",
      "license": "BSD-3-Clause",
      "locked_url": "https://github.com/flox/nixpkgs?rev=96ec055edbe5ee227f28cdbc3f1ddf1df5965102",
      "name": "tmux-3.5a",
      "pname": "tmux",
      "rev": "96ec055edbe5ee227f28cdbc3f1ddf1df5965102",
      "rev_count": 807377,
      "rev_date": "2025-05-28T19:24:49Z",
      "scrape_date": "2025-05-31T04:42:25.569211Z",
      "stabilities": [
        "unstable"
      ],
      "unfree": false,
      "version": "3.5a",
      "outputs_to_install": [
        "man",
        "out"
      ],
      "outputs": {
        "man": "/nix/store/gg38wzj54ss6k6057ydxil666d93zk54-tmux-3.5a-man",
        "out": "/nix/store/k8mrr2dyf16k92kapd49sdyhijs8ys33-tmux-3.5a"
      },
      "system": "aarch64-linux",
      "group": "toplevel",
      "priority": 5
    },
    {
      "attr_path": "tmux",
      "broken": false,
      "derivation": "/nix/store/sxshj20n11qhspm4l5fmpxjhffj2zq1v-tmux-3.5a.drv",
      "description": "Terminal multiplexer",
      "install_id": "tmux",
      "license": "BSD-3-Clause",
      "locked_url": "https://github.com/flox/nixpkgs?rev=96ec055edbe5ee227f28cdbc3f1ddf1df5965102",
      "name": "tmux-3.5a",
      "pname": "tmux",
      "rev": "96ec055edbe5ee227f28cdbc3f1ddf1df5965102",
      "rev_count": 807377,
      "rev_date": "2025-05-28T19:24:49Z",
      "scrape_date": "2025-05-31T04:57:51.645630Z",
      "stabilities": [
        "unstable"
      ],
      "unfree": false,
      "version": "3.5a",
      "outputs_to_install": [
        "man",
        "out"
      ],
      "outputs": {
        "man": "/nix/store/nz1m26y533187msgv1331c2p0yyc6aja-tmux-3.5a-man",
        "out": "/nix/store/066kykwz7ys1bc19h53l5s4gs4crn181-tmux-3.5a"
      },
      "system": "x86_64-darwin",
      "group": "toplevel",
      "priority": 5
    },
    {
      "attr_path": "tmux",
      "broken": false,
      "derivation": "/nix/store/jdiv8qwsaka3cynbaxyj75sgbnq0xfv1-tmux-3.5a.drv",
      "description": "Terminal multiplexer",
      "install_id": "tmux",
      "license": "BSD-3-Clause",
      "locked_url": "https://github.com/flox/nixpkgs?rev=96ec055edbe5ee227f28cdbc3f1ddf1df5965102",
      "name": "tmux-3.5a",
      "pname": "tmux",
      "rev": "96ec055edbe5ee227f28cdbc3f1ddf1df5965102",
      "rev_count": 807377,
      "rev_date": "2025-05-28T19:24:49Z",
      "scrape_date": "2025-05-31T05:17:24.924793Z",
      "stabilities": [
        "unstable"
      ],
      "unfree": false,
      "version": "3.5a",
      "outputs_to_install": [
        "man",
        "out"
      ],
      "outputs": {
        "man": "/nix/store/ygnjsj6pyi8ha8j945idvrj0a9ns8ici-tmux-3.5a-man",
        "out": "/nix/store/wx5b4j4xiir3pdccdnh6k2q13k3m8yhy-tmux-3.5a"
      },
      "system": "x86_64-linux",
      "group": "toplevel",
      "priority": 5
    }
  ]
}